# This file was autogenerated by Stack.
# You should not edit this file by hand.
# For more information, please see the documentation at:
#   https://docs.haskellstack.org/en/stable/lock_files

packages: []
snapshots:
- completed:
    sha256: b69efabdef0bfb1631597151c92fb855d5f3ef2fbcc66e3396f76bb4e828a7ab
    size: 677103
    url: https://raw.githubusercontent.com/commercialhaskell/stackage-snapshots/master/nightly/2024/11/6.yaml
  original: nightly-2024-11-06
