# This file was autogenerated by Stack.
# You should not edit this file by hand.
# For more information, please see the documentation at:
#   https://docs.haskellstack.org/en/stable/lock_files

packages:
- completed:
    hackage: ranged-list-0.1.1.1@sha256:f90f058adfc99e8c32fa5b2c242b0e3b092a046d7efdff1d390e7c18a3a86888,2177
    pantry-tree:
      size: 1339
      sha256: f2b676c7ec2f17bb465aa0d67f9e664a353ea8eb0ee142961c1eaab222325642
  original:
    hackage: ranged-list-0.1.1.1
snapshots:
- completed:
    size: 573008
    url: https://raw.githubusercontent.com/commercialhaskell/stackage-snapshots/master/nightly/2022/5/12.yaml
    sha256: 2c73222c0a3fc8fa5a9df5de04038e402351652ea28b48604e15c36b693a168d
  original: nightly-2022-05-12
