# This file was autogenerated by Stack.
# You should not edit this file by hand.
# For more information, please see the documentation at:
#   https://docs.haskellstack.org/en/stable/lock_files

packages:
- completed:
    commit: 23fe63f6d6432d1b772d7d671c3318294506b0f9
    git: https://github.com/YoshikuniJujo/test_haskell
    name: try-gpu-vulkan-khr-surface
    pantry-tree:
      sha256: 1bd3145fccd22a5b5708a109dbb831a8b6442ced8a534760ba9f0f262f1d62a9
      size: 910
    subdir: themes/gui/vulkan/try-gpu-vulkan-khr-surface
    version: 0.1.0.2
  original:
    commit: 23fe63f6d6432d1b772d7d671c3318294506b0f9
    git: https://github.com/YoshikuniJujo/test_haskell
    subdir: themes/gui/vulkan/try-gpu-vulkan-khr-surface
- completed:
    commit: 23fe63f6d6432d1b772d7d671c3318294506b0f9
    git: https://github.com/YoshikuniJujo/test_haskell
    name: try-gpu-vulkan-middle-khr-surface
    pantry-tree:
      sha256: 989a83667d9ac8287271c4abaf11259fabf4539cc6081c798f40da92c3bf55f8
      size: 866
    subdir: themes/gui/vulkan/try-gpu-vulkan-middle-khr-surface
    version: 0.1.0.0
  original:
    commit: 23fe63f6d6432d1b772d7d671c3318294506b0f9
    git: https://github.com/YoshikuniJujo/test_haskell
    subdir: themes/gui/vulkan/try-gpu-vulkan-middle-khr-surface
- completed:
    commit: 23fe63f6d6432d1b772d7d671c3318294506b0f9
    git: https://github.com/YoshikuniJujo/test_haskell
    name: try-gpu-vulkan-middle-khr-swapchain
    pantry-tree:
      sha256: 1558f1e3186fe1ad8ee735a4366244460a011466e28dbf6da4dde259c0547551
      size: 783
    subdir: themes/gui/vulkan/try-gpu-vulkan-middle-khr-swapchain
    version: 0.1.0.0
  original:
    commit: 23fe63f6d6432d1b772d7d671c3318294506b0f9
    git: https://github.com/YoshikuniJujo/test_haskell
    subdir: themes/gui/vulkan/try-gpu-vulkan-middle-khr-swapchain
- completed:
    commit: 23fe63f6d6432d1b772d7d671c3318294506b0f9
    git: https://github.com/YoshikuniJujo/test_haskell
    name: try-gpu-vulkan-core-khr-surface
    pantry-tree:
      sha256: 532b59278492d1a26a25c8250e4507c9c1d9f712ef61f8d33f3d0c4f34772fb6
      size: 700
    subdir: themes/gui/vulkan/try-gpu-vulkan-core-khr-surface
    version: 0.1.0.0
  original:
    commit: 23fe63f6d6432d1b772d7d671c3318294506b0f9
    git: https://github.com/YoshikuniJujo/test_haskell
    subdir: themes/gui/vulkan/try-gpu-vulkan-core-khr-surface
- completed:
    commit: 23fe63f6d6432d1b772d7d671c3318294506b0f9
    git: https://github.com/YoshikuniJujo/test_haskell
    name: try-gpu-vulkan-core-khr-swapchain
    pantry-tree:
      sha256: 3c1d1bcaa8a48bbd204bcd0cc3b210ff580a6c5cf45d3a9286f16e46d401e218
      size: 614
    subdir: themes/gui/vulkan/try-gpu-vulkan-core-khr-swapchain
    version: 0.1.0.0
  original:
    commit: 23fe63f6d6432d1b772d7d671c3318294506b0f9
    git: https://github.com/YoshikuniJujo/test_haskell
    subdir: themes/gui/vulkan/try-gpu-vulkan-core-khr-swapchain
- completed:
    commit: ee00cb894b0d75865fa4571525372c2ced67e4a6
    git: https://github.com/YoshikuniJujo/gpu-vulkan
    name: gpu-vulkan
    pantry-tree:
      sha256: cdcdcfb9c897336196bd66373a8b8828941efd9fa6ab72d019ee6df8c029c6a6
      size: 12585
    version: 0.1.0.164
  original:
    commit: ee00cb894b0d75865fa4571525372c2ced67e4a6
    git: https://github.com/YoshikuniJujo/gpu-vulkan
- completed:
    hackage: gpu-vulkan-middle-0.1.0.70@sha256:3f9cda9ef33b54b7074ebba3aa99109a8527ecfd1635fb3e854e4e08eafe1390,9029
    pantry-tree:
      sha256: c46fa449f7ececdf1c82802e9155428172ce4733078c6708e74485f6fb08435a
      size: 13400
  original:
    hackage: gpu-vulkan-middle-0.1.0.70
- completed:
    hackage: gpu-vulkan-core-0.1.0.20@sha256:c23c2d9d2834c078f6dd1bed9d895bcd0f6655c98e6f70f5c3606dacc4571ec1,3475
    pantry-tree:
      sha256: 9172eb514a5470ebb1801fa6435f7f0d0756d8266ad4be8b3439327a5d683ce4
      size: 5152
  original:
    hackage: gpu-vulkan-core-0.1.0.20
- completed:
    hackage: language-spir-v-0.1.0.1@sha256:856ab0219ee0c2b5ae759ba7c5c8a7421bdc6a8a62f5a6bf05a9171fcfa9c8d0,1991
    pantry-tree:
      sha256: abce419a94c3bceaa50e2a211c1e9de63d47e7b33a2ff8017b04904defd6dcdd
      size: 650
  original:
    hackage: language-spir-v-0.1.0.1
- completed:
    hackage: fixed-generic-0.1.0.2@sha256:5dc353b0a45105cc62a85112b3d961f6ef65af18fc792eb79ca1ac839dc455cb,1847
    pantry-tree:
      sha256: a38217c02894cdc01c4c9c717403d7fa47f2a7b9b62c4bd93ebaa958900c60ea
      size: 373
  original:
    hackage: fixed-generic-0.1.0.2
snapshots:
- completed:
    sha256: d8dc721b84e82edf05bbcccfb474fb206e848743d75e2a3aef7219cbdd0e767b
    size: 611659
    url: https://raw.githubusercontent.com/commercialhaskell/stackage-snapshots/master/nightly/2024/12/15.yaml
  original: nightly-2024-12-15
