# This file was autogenerated by Stack.
# You should not edit this file by hand.
# For more information, please see the documentation at:
#   https://docs.haskellstack.org/en/stable/lock_files

packages:
- completed:
    name: simple-gdk3
    version: 0.1.0.0
    git: https://github.com/YoshikuniJujo/simple-gdk3
    pantry-tree:
      size: 4110
      sha256: f96db025aabe0d4cfba3b567e1b27b5e4f78d13df3a830e630938832f506cf1c
    commit: dcebf67ebfff54f88fe920f0c0585dc3572ddc9b
  original:
    git: https://github.com/YoshikuniJujo/simple-gdk3
    commit: dcebf67ebfff54f88fe920f0c0585dc3572ddc9b
- completed:
    name: simple-cairo
    version: 0.1.0.0
    git: https://github.com/YoshikuniJujo/simple-cairo
    pantry-tree:
      size: 5014
      sha256: 1f93542acd1705e91dad32435e7dcb1f7589cbec89bc84e4151bd1bb4a831c28
    commit: b054b5cedf3f950363ea5823b6d5cf5788787c3f
  original:
    git: https://github.com/YoshikuniJujo/simple-cairo
    commit: b054b5cedf3f950363ea5823b6d5cf5788787c3f
- completed:
    name: cairo-image
    version: 0.1.0.0
    git: https://github.com/YoshikuniJujo/cairo-image
    pantry-tree:
      size: 887
      sha256: 46d3b277fcd23a824bc7d035f7288a16db7a211cef6fa858e85c24f079d1cf8a
    commit: 905c6bf5edf2cee7be806ac5112f53d54012d5ce
  original:
    git: https://github.com/YoshikuniJujo/cairo-image
    commit: 905c6bf5edf2cee7be806ac5112f53d54012d5ce
- completed:
    name: glib-stopgap
    version: 0.1.0.0
    git: https://github.com/YoshikuniJujo/glib-stopgap
    pantry-tree:
      size: 1273
      sha256: c5f5ebe1aa61232c3fc8b6f2fc30e13d4f9195e289de7754d15edc1d8826ab1e
    commit: bdf7631858e7037d7410b4e8fde305d741c6acaa
  original:
    git: https://github.com/YoshikuniJujo/glib-stopgap
    commit: bdf7631858e7037d7410b4e8fde305d741c6acaa
- completed:
    name: simple-pango
    version: 0.1.0.0
    git: https://github.com/YoshikuniJujo/simple-pango
    pantry-tree:
      size: 3680
      sha256: 58d04b84dc0aaccdc6aeb8049b701a8f2ae9e4f956cc370d6cc03e570cd1310c
    commit: 6baf488e637a9bdea4c08db54976bd20fb4e90ad
  original:
    git: https://github.com/YoshikuniJujo/simple-pango
    commit: 6baf488e637a9bdea4c08db54976bd20fb4e90ad
snapshots:
- completed:
    size: 586923
    url: https://raw.githubusercontent.com/commercialhaskell/stackage-snapshots/master/lts/18/9.yaml
    sha256: 9f9fe35c949414146840a985fb228fd397c504d1781b834bfc9ab935f4d27df6
  original: lts-18.9
