# This file was autogenerated by Stack.
# You should not edit this file by hand.
# For more information, please see the documentation at:
#   https://docs.haskellstack.org/en/stable/lock_files

packages:
- completed:
    name: simple-cairo
    version: 0.1.0.0
    git: https://github.com/YoshikuniJujo/simple-cairo
    pantry-tree:
      size: 4744
      sha256: 6cc7ab2beb4f3d399db2b8c15901795b8261e5f617a3876c91816ec62280b8f3
    commit: 02f2ee2f5f888d5378e93ec3ba52e2b78bce0d44
  original:
    git: https://github.com/YoshikuniJujo/simple-cairo
    commit: 02f2ee2f5f888d5378e93ec3ba52e2b78bce0d44
- completed:
    name: cairo-image
    version: 0.1.0.0
    git: https://github.com/YoshikuniJujo/cairo-image
    pantry-tree:
      size: 887
      sha256: 46d3b277fcd23a824bc7d035f7288a16db7a211cef6fa858e85c24f079d1cf8a
    commit: 905c6bf5edf2cee7be806ac5112f53d54012d5ce
  original:
    git: https://github.com/YoshikuniJujo/cairo-image
    commit: 905c6bf5edf2cee7be806ac5112f53d54012d5ce
snapshots:
- completed:
    size: 567037
    url: https://raw.githubusercontent.com/commercialhaskell/stackage-snapshots/master/lts/17/9.yaml
    sha256: d7d8d5106e53d1669964bd8bd2b0f88a5ad192d772f5376384b76738fd992311
  original: lts-17.9
