# This file was autogenerated by Stack.
# You should not edit this file by hand.
# For more information, please see the documentation at:
#   https://docs.haskellstack.org/en/stable/topics/lock_files

packages:
- completed:
    commit: a9d1b49be6f94e754c2bd1a74ddcd5659a00c0b4
    git: https://github.com/YoshikuniJujo/test_haskell
    name: try-yaftee
    pantry-tree:
      sha256: ac19af5db6697aa153b0fd73ca448f1d9dd76b83bbd690b89e949f8a0e01885a
      size: 585
    subdir: themes/freer-effects/yaftee/try-yaftee
    version: 0.1.0.0
  original:
    commit: a9d1b49be6f94e754c2bd1a74ddcd5659a00c0b4
    git: https://github.com/YoshikuniJujo/test_haskell
    subdir: themes/freer-effects/yaftee/try-yaftee
- completed:
    commit: a9d1b49be6f94e754c2bd1a74ddcd5659a00c0b4
    git: https://github.com/YoshikuniJujo/test_haskell
    name: try-yaftee-conduit
    pantry-tree:
      sha256: d14211d8e1bb2532a11b3a1ae2feefdd0f2ce65554b155b6fbcf6011359309f2
      size: 827
    subdir: themes/freer-effects/yaftee/try-yaftee-conduit
    version: 0.1.0.0
  original:
    commit: a9d1b49be6f94e754c2bd1a74ddcd5659a00c0b4
    git: https://github.com/YoshikuniJujo/test_haskell
    subdir: themes/freer-effects/yaftee/try-yaftee-conduit
- completed:
    commit: a9d1b49be6f94e754c2bd1a74ddcd5659a00c0b4
    git: https://github.com/YoshikuniJujo/test_haskell
    name: try-yaftee-conduit-bytestring
    pantry-tree:
      sha256: 42adecb9540ebb7194894cf3c7ca518dc7e8613a5a70507c92ea98a8d5b87c75
      size: 967
    subdir: themes/freer-effects/yaftee/try-yaftee-conduit-bytestring
    version: 0.1.0.0
  original:
    commit: a9d1b49be6f94e754c2bd1a74ddcd5659a00c0b4
    git: https://github.com/YoshikuniJujo/test_haskell
    subdir: themes/freer-effects/yaftee/try-yaftee-conduit-bytestring
- completed:
    commit: a9d1b49be6f94e754c2bd1a74ddcd5659a00c0b4
    git: https://github.com/YoshikuniJujo/test_haskell
    name: try-yaftee-basic-monads
    pantry-tree:
      sha256: 62b81c6b626eda9da0ec571f4719bf328fe38413aac535cc862da8fde462726f
      size: 1308
    subdir: themes/freer-effects/yaftee/try-yaftee-basic-monads
    version: 0.1.0.4
  original:
    commit: a9d1b49be6f94e754c2bd1a74ddcd5659a00c0b4
    git: https://github.com/YoshikuniJujo/test_haskell
    subdir: themes/freer-effects/yaftee/try-yaftee-basic-monads
- completed:
    commit: a9d1b49be6f94e754c2bd1a74ddcd5659a00c0b4
    git: https://github.com/YoshikuniJujo/test_haskell
    name: try-higher-order-freer-monad
    pantry-tree:
      sha256: 57871a225a3d7983b643f131211a7ac9fe18fe990052ad91a8605721460010b3
      size: 604
    subdir: themes/freer-effects/yaftee/try-higher-order-freer-monad
    version: 0.1.0.0
  original:
    commit: a9d1b49be6f94e754c2bd1a74ddcd5659a00c0b4
    git: https://github.com/YoshikuniJujo/test_haskell
    subdir: themes/freer-effects/yaftee/try-higher-order-freer-monad
- completed:
    commit: a9d1b49be6f94e754c2bd1a74ddcd5659a00c0b4
    git: https://github.com/YoshikuniJujo/test_haskell
    name: try-higher-order-open-union
    pantry-tree:
      sha256: 50877f0b4356df5a6e8ceb94e74450892b754d12e80b7f190721bce170410b56
      size: 777
    subdir: themes/freer-effects/yaftee/try-higher-order-open-union
    version: 0.1.0.0
  original:
    commit: a9d1b49be6f94e754c2bd1a74ddcd5659a00c0b4
    git: https://github.com/YoshikuniJujo/test_haskell
    subdir: themes/freer-effects/yaftee/try-higher-order-open-union
- completed:
    commit: a9d1b49be6f94e754c2bd1a74ddcd5659a00c0b4
    git: https://github.com/YoshikuniJujo/test_haskell
    name: try-bitarray-bs
    pantry-tree:
      sha256: dc626965355b89b13da615350e4778d703e17a974477407dc974ddb2d6554695
      size: 656
    subdir: themes/freer-effects/yaftee/try-bitarray-bs
    version: 0.1.0.0
  original:
    commit: a9d1b49be6f94e754c2bd1a74ddcd5659a00c0b4
    git: https://github.com/YoshikuniJujo/test_haskell
    subdir: themes/freer-effects/yaftee/try-bitarray-bs
- completed:
    commit: a9d1b49be6f94e754c2bd1a74ddcd5659a00c0b4
    git: https://github.com/YoshikuniJujo/test_haskell
    name: try-ftcqueue
    pantry-tree:
      sha256: 0635e23bae045124f4ca48666e6e7679cd025c5d9a0d6a5ee96aeba5bb16f4cb
      size: 574
    subdir: themes/freer-effects/common/try-ftcqueue
    version: 0.1.0.0
  original:
    commit: a9d1b49be6f94e754c2bd1a74ddcd5659a00c0b4
    git: https://github.com/YoshikuniJujo/test_haskell
    subdir: themes/freer-effects/common/try-ftcqueue
- completed:
    commit: a9d1b49be6f94e754c2bd1a74ddcd5659a00c0b4
    git: https://github.com/YoshikuniJujo/test_haskell
    name: try-freer-base-classes
    pantry-tree:
      sha256: 837f6c1b1e56efa3935894e0c147dc0648f32ceb7df4542fd0b0d59872288f08
      size: 675
    subdir: themes/freer-effects/common/try-freer-base-classes
    version: 0.1.0.0
  original:
    commit: a9d1b49be6f94e754c2bd1a74ddcd5659a00c0b4
    git: https://github.com/YoshikuniJujo/test_haskell
    subdir: themes/freer-effects/common/try-freer-base-classes
- completed:
    hackage: tools-yj-0.1.0.28@sha256:cc4cfa1a7f6bea3ff7e1a04f90cfd9cd3344b5f66d245450151299d147956954,2308
    pantry-tree:
      sha256: 238a9c1ff6bf21e316ab33867b9109bf42f0d45163f81dd326a35b562bb97d52
      size: 1302
  original:
    hackage: tools-yj-0.1.0.28
snapshots:
- completed:
    sha256: 458d8bcc3436f368bcbafe7dc239b54576fdad0501a118f3930b131e1506d5c4
    size: 712235
    url: https://raw.githubusercontent.com/commercialhaskell/stackage-snapshots/master/nightly/2025/5/24.yaml
  original: nightly-2025-05-24
