# This file was autogenerated by Stack.
# You should not edit this file by hand.
# For more information, please see the documentation at:
#   https://docs.haskellstack.org/en/stable/topics/lock_files

packages:
- completed:
    hackage: tools-yj-0.1.0.24@sha256:be7a3efd92f34355edba57c2aaf11942037b7d1285b77aa57af74c1397da9402,2238
    pantry-tree:
      sha256: e2b06ae17454bbef84b0f710199b59d6400d67e562140c42c6bc2e4630d0be18
      size: 1231
  original:
    hackage: tools-yj-0.1.0.24
- completed:
    commit: e8ba19f30cc8cedc216bb4c8ba0c5a7ad365e0ad
    git: https://github.com/YoshikuniJujo/test_haskell
    name: try-yaftee
    pantry-tree:
      sha256: ad3ec4721a0b6182d93ef44f4e24d6b2d7b515d0c7c4c5e6f3b91dfed6373187
      size: 585
    subdir: themes/freer-effects/yaftee/try-yaftee
    version: 0.1.0.0
  original:
    commit: e8ba19f30cc8cedc216bb4c8ba0c5a7ad365e0ad
    git: https://github.com/YoshikuniJujo/test_haskell
    subdir: themes/freer-effects/yaftee/try-yaftee
- completed:
    commit: e8ba19f30cc8cedc216bb4c8ba0c5a7ad365e0ad
    git: https://github.com/YoshikuniJujo/test_haskell
    name: try-yaftee-conduit
    pantry-tree:
      sha256: a4873264066b3ead9e8923b977af6143cb4b5a6f0a4251396ac61423e624d048
      size: 827
    subdir: themes/freer-effects/yaftee/try-yaftee-conduit
    version: 0.1.0.0
  original:
    commit: e8ba19f30cc8cedc216bb4c8ba0c5a7ad365e0ad
    git: https://github.com/YoshikuniJujo/test_haskell
    subdir: themes/freer-effects/yaftee/try-yaftee-conduit
- completed:
    commit: e8ba19f30cc8cedc216bb4c8ba0c5a7ad365e0ad
    git: https://github.com/YoshikuniJujo/test_haskell
    name: try-yaftee-conduit-bytestring
    pantry-tree:
      sha256: 8b69433d536ceecd86dc2b55fcfca29818705d70dc140a05f7740b91888300cf
      size: 875
    subdir: themes/freer-effects/yaftee/try-yaftee-conduit-bytestring
    version: 0.1.0.0
  original:
    commit: e8ba19f30cc8cedc216bb4c8ba0c5a7ad365e0ad
    git: https://github.com/YoshikuniJujo/test_haskell
    subdir: themes/freer-effects/yaftee/try-yaftee-conduit-bytestring
- completed:
    commit: e8ba19f30cc8cedc216bb4c8ba0c5a7ad365e0ad
    git: https://github.com/YoshikuniJujo/test_haskell
    name: try-yaftee-basic-monads
    pantry-tree:
      sha256: 201cc4668fb7b77091297a8dffbba77548379404378040e2889ff5578c7b6a71
      size: 1247
    subdir: themes/freer-effects/yaftee/try-yaftee-basic-monads
    version: 0.1.0.0
  original:
    commit: e8ba19f30cc8cedc216bb4c8ba0c5a7ad365e0ad
    git: https://github.com/YoshikuniJujo/test_haskell
    subdir: themes/freer-effects/yaftee/try-yaftee-basic-monads
- completed:
    commit: e8ba19f30cc8cedc216bb4c8ba0c5a7ad365e0ad
    git: https://github.com/YoshikuniJujo/test_haskell
    name: try-higher-order-freer-monad
    pantry-tree:
      sha256: 3d39a6f04d8bb2cd6efecbdbea0ef35e5a45521d34b2a4fd8810b70688570465
      size: 604
    subdir: themes/freer-effects/yaftee/try-higher-order-freer-monad
    version: 0.1.0.0
  original:
    commit: e8ba19f30cc8cedc216bb4c8ba0c5a7ad365e0ad
    git: https://github.com/YoshikuniJujo/test_haskell
    subdir: themes/freer-effects/yaftee/try-higher-order-freer-monad
- completed:
    commit: e8ba19f30cc8cedc216bb4c8ba0c5a7ad365e0ad
    git: https://github.com/YoshikuniJujo/test_haskell
    name: try-higher-order-open-union
    pantry-tree:
      sha256: fb29ce26094050c0e7bb37d3c0de751ed2bb494f9f99116e8d6da48a84aa93e2
      size: 777
    subdir: themes/freer-effects/yaftee/try-higher-order-open-union
    version: 0.1.0.0
  original:
    commit: e8ba19f30cc8cedc216bb4c8ba0c5a7ad365e0ad
    git: https://github.com/YoshikuniJujo/test_haskell
    subdir: themes/freer-effects/yaftee/try-higher-order-open-union
- completed:
    commit: e8ba19f30cc8cedc216bb4c8ba0c5a7ad365e0ad
    git: https://github.com/YoshikuniJujo/test_haskell
    name: try-bitarray-bs
    pantry-tree:
      sha256: 61a13df2d05df6291125011647df9f94e782fc7c467b63ad50dde32648b10130
      size: 656
    subdir: themes/freer-effects/yaftee/try-bitarray-bs
    version: 0.1.0.0
  original:
    commit: e8ba19f30cc8cedc216bb4c8ba0c5a7ad365e0ad
    git: https://github.com/YoshikuniJujo/test_haskell
    subdir: themes/freer-effects/yaftee/try-bitarray-bs
- completed:
    commit: e8ba19f30cc8cedc216bb4c8ba0c5a7ad365e0ad
    git: https://github.com/YoshikuniJujo/test_haskell
    name: try-ftcqueue
    pantry-tree:
      sha256: 0635e23bae045124f4ca48666e6e7679cd025c5d9a0d6a5ee96aeba5bb16f4cb
      size: 574
    subdir: themes/freer-effects/common/try-ftcqueue
    version: 0.1.0.0
  original:
    commit: e8ba19f30cc8cedc216bb4c8ba0c5a7ad365e0ad
    git: https://github.com/YoshikuniJujo/test_haskell
    subdir: themes/freer-effects/common/try-ftcqueue
- completed:
    commit: e8ba19f30cc8cedc216bb4c8ba0c5a7ad365e0ad
    git: https://github.com/YoshikuniJujo/test_haskell
    name: try-freer-base-classes
    pantry-tree:
      sha256: 837f6c1b1e56efa3935894e0c147dc0648f32ceb7df4542fd0b0d59872288f08
      size: 675
    subdir: themes/freer-effects/common/try-freer-base-classes
    version: 0.1.0.0
  original:
    commit: e8ba19f30cc8cedc216bb4c8ba0c5a7ad365e0ad
    git: https://github.com/YoshikuniJujo/test_haskell
    subdir: themes/freer-effects/common/try-freer-base-classes
snapshots:
- completed:
    sha256: bbd49f3f6980c15149b69fd364c212e7b17452c795594a937377eaaa24434f63
    size: 678583
    url: https://raw.githubusercontent.com/commercialhaskell/stackage-snapshots/master/nightly/2025/5/13.yaml
  original: nightly-2025-05-13
