# This file was autogenerated by Stack.
# You should not edit this file by hand.
# For more information, please see the documentation at:
#   https://docs.haskellstack.org/en/stable/topics/lock_files

packages:
- completed:
    commit: 9492d0604a463b9e62572e38dfa565ca6c5c249d
    git: https://github.com/YoshikuniJujo/test_haskell
    name: try-yaftee
    pantry-tree:
      sha256: ad3ec4721a0b6182d93ef44f4e24d6b2d7b515d0c7c4c5e6f3b91dfed6373187
      size: 585
    subdir: themes/freer-effects/yaftee/try-yaftee
    version: 0.1.0.0
  original:
    commit: 9492d0604a463b9e62572e38dfa565ca6c5c249d
    git: https://github.com/YoshikuniJujo/test_haskell
    subdir: themes/freer-effects/yaftee/try-yaftee
- completed:
    commit: 9492d0604a463b9e62572e38dfa565ca6c5c249d
    git: https://github.com/YoshikuniJujo/test_haskell
    name: try-yaftee-conduit
    pantry-tree:
      sha256: 8d153089a6016c988915a8e23ff9e1e0f36a333fb8007a147013c3cca9ddb5a3
      size: 826
    subdir: themes/freer-effects/yaftee/try-yaftee-conduit
    version: 0.1.0.0
  original:
    commit: 9492d0604a463b9e62572e38dfa565ca6c5c249d
    git: https://github.com/YoshikuniJujo/test_haskell
    subdir: themes/freer-effects/yaftee/try-yaftee-conduit
- completed:
    commit: 9492d0604a463b9e62572e38dfa565ca6c5c249d
    git: https://github.com/YoshikuniJujo/test_haskell
    name: try-yaftee-conduit-bytestring
    pantry-tree:
      sha256: 3e024b0f6de170a8eebccd0124eccbb947dbef2cfcc6e80731d29ad60fe88ce1
      size: 615
    subdir: themes/freer-effects/yaftee/try-yaftee-conduit-bytestring
    version: 0.1.0.0
  original:
    commit: 9492d0604a463b9e62572e38dfa565ca6c5c249d
    git: https://github.com/YoshikuniJujo/test_haskell
    subdir: themes/freer-effects/yaftee/try-yaftee-conduit-bytestring
- completed:
    commit: 9492d0604a463b9e62572e38dfa565ca6c5c249d
    git: https://github.com/YoshikuniJujo/test_haskell
    name: try-yaftee-basic-monads
    pantry-tree:
      sha256: c497816f683ebc4305d98b2c4ed40986715ba4352aa975137ee31b3855c22c5c
      size: 1247
    subdir: themes/freer-effects/yaftee/try-yaftee-basic-monads
    version: 0.1.0.0
  original:
    commit: 9492d0604a463b9e62572e38dfa565ca6c5c249d
    git: https://github.com/YoshikuniJujo/test_haskell
    subdir: themes/freer-effects/yaftee/try-yaftee-basic-monads
- completed:
    commit: 9492d0604a463b9e62572e38dfa565ca6c5c249d
    git: https://github.com/YoshikuniJujo/test_haskell
    name: try-higher-order-freer-monad
    pantry-tree:
      sha256: 3d39a6f04d8bb2cd6efecbdbea0ef35e5a45521d34b2a4fd8810b70688570465
      size: 604
    subdir: themes/freer-effects/yaftee/try-higher-order-freer-monad
    version: 0.1.0.0
  original:
    commit: 9492d0604a463b9e62572e38dfa565ca6c5c249d
    git: https://github.com/YoshikuniJujo/test_haskell
    subdir: themes/freer-effects/yaftee/try-higher-order-freer-monad
- completed:
    commit: 9492d0604a463b9e62572e38dfa565ca6c5c249d
    git: https://github.com/YoshikuniJujo/test_haskell
    name: try-higher-order-open-union
    pantry-tree:
      sha256: fb29ce26094050c0e7bb37d3c0de751ed2bb494f9f99116e8d6da48a84aa93e2
      size: 777
    subdir: themes/freer-effects/yaftee/try-higher-order-open-union
    version: 0.1.0.0
  original:
    commit: 9492d0604a463b9e62572e38dfa565ca6c5c249d
    git: https://github.com/YoshikuniJujo/test_haskell
    subdir: themes/freer-effects/yaftee/try-higher-order-open-union
- completed:
    commit: 9492d0604a463b9e62572e38dfa565ca6c5c249d
    git: https://github.com/YoshikuniJujo/test_haskell
    name: try-ftcqueue
    pantry-tree:
      sha256: 0635e23bae045124f4ca48666e6e7679cd025c5d9a0d6a5ee96aeba5bb16f4cb
      size: 574
    subdir: themes/freer-effects/common/try-ftcqueue
    version: 0.1.0.0
  original:
    commit: 9492d0604a463b9e62572e38dfa565ca6c5c249d
    git: https://github.com/YoshikuniJujo/test_haskell
    subdir: themes/freer-effects/common/try-ftcqueue
- completed:
    commit: 9492d0604a463b9e62572e38dfa565ca6c5c249d
    git: https://github.com/YoshikuniJujo/test_haskell
    name: try-freer-base-classes
    pantry-tree:
      sha256: 837f6c1b1e56efa3935894e0c147dc0648f32ceb7df4542fd0b0d59872288f08
      size: 675
    subdir: themes/freer-effects/common/try-freer-base-classes
    version: 0.1.0.0
  original:
    commit: 9492d0604a463b9e62572e38dfa565ca6c5c249d
    git: https://github.com/YoshikuniJujo/test_haskell
    subdir: themes/freer-effects/common/try-freer-base-classes
snapshots:
- completed:
    sha256: f592ccae88c5efa69a260bd28753475c1d076d0d3d301ecada7c38f0df363e54
    size: 685947
    url: https://raw.githubusercontent.com/commercialhaskell/stackage-snapshots/master/nightly/2025/5/1.yaml
  original: nightly-2025-05-01
