# This file was autogenerated by Stack.
# You should not edit this file by hand.
# For more information, please see the documentation at:
#   https://docs.haskellstack.org/en/stable/lock_files

packages: []
snapshots:
- completed:
    sha256: f9ac29d4f7a49deed9960d9f8ce5bd2eba68d19ec04cfebf4295a381f1ed0546
    size: 671543
    url: https://raw.githubusercontent.com/commercialhaskell/stackage-snapshots/master/nightly/2024/10/29.yaml
  original: nightly-2024-10-29
