# This file was autogenerated by Stack.
# You should not edit this file by hand.
# For more information, please see the documentation at:
#   https://docs.haskellstack.org/en/stable/topics/lock_files

packages:
- completed:
    commit: c1bdfd48d411a6690bd5a8866041f9be3e5da7f5
    git: https://github.com/YoshikuniJujo/test_haskell
    name: try-yaftee
    pantry-tree:
      sha256: ac19af5db6697aa153b0fd73ca448f1d9dd76b83bbd690b89e949f8a0e01885a
      size: 585
    subdir: themes/freer-effects/yaftee/try-yaftee
    version: 0.1.0.0
  original:
    commit: c1bdfd48d411a6690bd5a8866041f9be3e5da7f5
    git: https://github.com/YoshikuniJujo/test_haskell
    subdir: themes/freer-effects/yaftee/try-yaftee
- completed:
    commit: c1bdfd48d411a6690bd5a8866041f9be3e5da7f5
    git: https://github.com/YoshikuniJujo/test_haskell
    name: try-higher-order-freer-monad
    pantry-tree:
      sha256: 57871a225a3d7983b643f131211a7ac9fe18fe990052ad91a8605721460010b3
      size: 604
    subdir: themes/freer-effects/yaftee/try-higher-order-freer-monad
    version: 0.1.0.0
  original:
    commit: c1bdfd48d411a6690bd5a8866041f9be3e5da7f5
    git: https://github.com/YoshikuniJujo/test_haskell
    subdir: themes/freer-effects/yaftee/try-higher-order-freer-monad
- completed:
    commit: c1bdfd48d411a6690bd5a8866041f9be3e5da7f5
    git: https://github.com/YoshikuniJujo/test_haskell
    name: try-higher-order-open-union
    pantry-tree:
      sha256: 239b57577f77480efedd1963d951c22dbdae4da9bb117745ba4cb06f948affb3
      size: 777
    subdir: themes/freer-effects/yaftee/try-higher-order-open-union
    version: 0.1.0.1
  original:
    commit: c1bdfd48d411a6690bd5a8866041f9be3e5da7f5
    git: https://github.com/YoshikuniJujo/test_haskell
    subdir: themes/freer-effects/yaftee/try-higher-order-open-union
- completed:
    commit: c1bdfd48d411a6690bd5a8866041f9be3e5da7f5
    git: https://github.com/YoshikuniJujo/test_haskell
    name: try-ftcqueue
    pantry-tree:
      sha256: 0696950b00b57082a55be1cbfb806ce14fe1f2e5cf7776cd0b085ab7b769929b
      size: 574
    subdir: themes/freer-effects/common/try-ftcqueue
    version: 0.1.0.0
  original:
    commit: c1bdfd48d411a6690bd5a8866041f9be3e5da7f5
    git: https://github.com/YoshikuniJujo/test_haskell
    subdir: themes/freer-effects/common/try-ftcqueue
- completed:
    commit: c1bdfd48d411a6690bd5a8866041f9be3e5da7f5
    git: https://github.com/YoshikuniJujo/test_haskell
    name: try-freer-base-classes
    pantry-tree:
      sha256: 837f6c1b1e56efa3935894e0c147dc0648f32ceb7df4542fd0b0d59872288f08
      size: 675
    subdir: themes/freer-effects/common/try-freer-base-classes
    version: 0.1.0.0
  original:
    commit: c1bdfd48d411a6690bd5a8866041f9be3e5da7f5
    git: https://github.com/YoshikuniJujo/test_haskell
    subdir: themes/freer-effects/common/try-freer-base-classes
snapshots:
- completed:
    sha256: 1d717c11709307ca8566cc3c9c96f9273a9dbf022dca25a16db6e30f5201d5bb
    size: 687325
    url: https://raw.githubusercontent.com/commercialhaskell/stackage-snapshots/master/nightly/2025/8/14.yaml
  original: nightly-2025-08-14
