# This file was autogenerated by Stack.
# You should not edit this file by hand.
# For more information, please see the documentation at:
#   https://docs.haskellstack.org/en/stable/topics/lock_files

packages:
- completed:
    commit: 96cb683591635b21a8a883d8f554a4d5c12b3b2e
    git: https://github.com/YoshikuniJujo/test_haskell
    name: try-yaftee
    pantry-tree:
      sha256: cf154e7254c06dff427257fabdc27720f31dcc548966d0babee135f3a07cf8e9
      size: 585
    subdir: themes/freer-effects/yaftee/try-yaftee
    version: 0.1.0.0
  original:
    commit: 96cb683591635b21a8a883d8f554a4d5c12b3b2e
    git: https://github.com/YoshikuniJujo/test_haskell
    subdir: themes/freer-effects/yaftee/try-yaftee
- completed:
    commit: 96cb683591635b21a8a883d8f554a4d5c12b3b2e
    git: https://github.com/YoshikuniJujo/test_haskell
    name: try-higher-order-freer-monad
    pantry-tree:
      sha256: 57871a225a3d7983b643f131211a7ac9fe18fe990052ad91a8605721460010b3
      size: 604
    subdir: themes/freer-effects/yaftee/try-higher-order-freer-monad
    version: 0.1.0.0
  original:
    commit: 96cb683591635b21a8a883d8f554a4d5c12b3b2e
    git: https://github.com/YoshikuniJujo/test_haskell
    subdir: themes/freer-effects/yaftee/try-higher-order-freer-monad
- completed:
    commit: 96cb683591635b21a8a883d8f554a4d5c12b3b2e
    git: https://github.com/YoshikuniJujo/test_haskell
    name: try-higher-order-open-union
    pantry-tree:
      sha256: 239b57577f77480efedd1963d951c22dbdae4da9bb117745ba4cb06f948affb3
      size: 777
    subdir: themes/freer-effects/yaftee/try-higher-order-open-union
    version: 0.1.0.1
  original:
    commit: 96cb683591635b21a8a883d8f554a4d5c12b3b2e
    git: https://github.com/YoshikuniJujo/test_haskell
    subdir: themes/freer-effects/yaftee/try-higher-order-open-union
- completed:
    commit: 96cb683591635b21a8a883d8f554a4d5c12b3b2e
    git: https://github.com/YoshikuniJujo/test_haskell
    name: try-ftcqueue
    pantry-tree:
      sha256: 0696950b00b57082a55be1cbfb806ce14fe1f2e5cf7776cd0b085ab7b769929b
      size: 574
    subdir: themes/freer-effects/common/try-ftcqueue
    version: 0.1.0.0
  original:
    commit: 96cb683591635b21a8a883d8f554a4d5c12b3b2e
    git: https://github.com/YoshikuniJujo/test_haskell
    subdir: themes/freer-effects/common/try-ftcqueue
- completed:
    commit: 96cb683591635b21a8a883d8f554a4d5c12b3b2e
    git: https://github.com/YoshikuniJujo/test_haskell
    name: try-freer-base-classes
    pantry-tree:
      sha256: 837f6c1b1e56efa3935894e0c147dc0648f32ceb7df4542fd0b0d59872288f08
      size: 675
    subdir: themes/freer-effects/common/try-freer-base-classes
    version: 0.1.0.0
  original:
    commit: 96cb683591635b21a8a883d8f554a4d5c12b3b2e
    git: https://github.com/YoshikuniJujo/test_haskell
    subdir: themes/freer-effects/common/try-freer-base-classes
snapshots:
- completed:
    sha256: 15e067940227eb5945012319422f44cb3ce74420954e4e24b4cffe8262d19533
    size: 702537
    url: https://raw.githubusercontent.com/commercialhaskell/stackage-snapshots/master/nightly/2025/10/20.yaml
  original: nightly-2025-10-20
