# This file was autogenerated by Stack.
# You should not edit this file by hand.
# For more information, please see the documentation at:
#   https://docs.haskellstack.org/en/stable/lock_files

packages:
- completed:
    commit: adb052e49d5e55d8e4757f2f7afda3238db9b057
    git: https://github.com/YoshikuniJujo/test_haskell
    name: try-monads-tf-misc-yj
    pantry-tree:
      sha256: 31fe6ef86486d1b8144eaaadbff5e5b140c0bc842c4eebb5dba1e9ff8fc99228
      size: 593
    subdir: themes/monad/try-monads-tf-misc-yj
    version: 0.1.0.0
  original:
    commit: adb052e49d5e55d8e4757f2f7afda3238db9b057
    git: https://github.com/YoshikuniJujo/test_haskell
    subdir: themes/monad/try-monads-tf-misc-yj
- completed:
    commit: adb052e49d5e55d8e4757f2f7afda3238db9b057
    git: https://github.com/YoshikuniJujo/test_haskell
    name: try-text-misc-yj
    pantry-tree:
      sha256: 22dd3ba805050a37c61265a44fd20c7cf594e9a42bdb489aff0824facbe30511
      size: 589
    subdir: themes/string/try-text-misc-yj
    version: 0.1.0.0
  original:
    commit: adb052e49d5e55d8e4757f2f7afda3238db9b057
    git: https://github.com/YoshikuniJujo/test_haskell
    subdir: themes/string/try-text-misc-yj
- completed:
    commit: adb052e49d5e55d8e4757f2f7afda3238db9b057
    git: https://github.com/YoshikuniJujo/test_haskell
    name: try-gpu-vulkan
    pantry-tree:
      sha256: 73ecca440a2242d5f591928f0db1c303b678a4c7836643732baead694a7da837
      size: 11850
    subdir: themes/gui/vulkan/try-gpu-vulkan
    version: 0.1.0.60
  original:
    commit: adb052e49d5e55d8e4757f2f7afda3238db9b057
    git: https://github.com/YoshikuniJujo/test_haskell
    subdir: themes/gui/vulkan/try-gpu-vulkan
- completed:
    commit: adb052e49d5e55d8e4757f2f7afda3238db9b057
    git: https://github.com/YoshikuniJujo/test_haskell
    name: try-gpu-vulkan-khr
    pantry-tree:
      sha256: 29d47115ad571dead517ef675f3928f8a42602608302a8dd88cbd049b8d4e859
      size: 1099
    subdir: themes/gui/vulkan/try-gpu-vulkan-khr
    version: 0.1.0.7
  original:
    commit: adb052e49d5e55d8e4757f2f7afda3238db9b057
    git: https://github.com/YoshikuniJujo/test_haskell
    subdir: themes/gui/vulkan/try-gpu-vulkan-khr
- completed:
    commit: adb052e49d5e55d8e4757f2f7afda3238db9b057
    git: https://github.com/YoshikuniJujo/test_haskell
    name: try-gpu-vulkan-ext-debug-utils
    pantry-tree:
      sha256: b7bb03c13ee62dcf76b326af807ff99b75511042fc6359f05c8a5d751c69452f
      size: 765
    subdir: themes/gui/vulkan/try-gpu-vulkan-ext-debug-utils
    version: 0.1.0.5
  original:
    commit: adb052e49d5e55d8e4757f2f7afda3238db9b057
    git: https://github.com/YoshikuniJujo/test_haskell
    subdir: themes/gui/vulkan/try-gpu-vulkan-ext-debug-utils
- completed:
    commit: adb052e49d5e55d8e4757f2f7afda3238db9b057
    git: https://github.com/YoshikuniJujo/test_haskell
    name: try-vulkan-middle
    pantry-tree:
      sha256: fcedf6f1f611728afa658d6f3b5095fbb2327c42f3ef93d1c94149639d843e79
      size: 14687
    subdir: themes/gui/vulkan/try-vulkan-middle
    version: 0.1.0.40
  original:
    commit: adb052e49d5e55d8e4757f2f7afda3238db9b057
    git: https://github.com/YoshikuniJujo/test_haskell
    subdir: themes/gui/vulkan/try-vulkan-middle
- completed:
    commit: adb052e49d5e55d8e4757f2f7afda3238db9b057
    git: https://github.com/YoshikuniJujo/test_haskell
    name: try-vulkan-middle-khr
    pantry-tree:
      sha256: 880687ca857f15094cc9a7c189da6a0afcaea6d56e565e39b474db94eade883c
      size: 1553
    subdir: themes/gui/vulkan/try-vulkan-middle-khr
    version: 0.1.0.0
  original:
    commit: adb052e49d5e55d8e4757f2f7afda3238db9b057
    git: https://github.com/YoshikuniJujo/test_haskell
    subdir: themes/gui/vulkan/try-vulkan-middle-khr
- completed:
    commit: adb052e49d5e55d8e4757f2f7afda3238db9b057
    git: https://github.com/YoshikuniJujo/test_haskell
    name: try-vulkan-middle-ext-debug-utils
    pantry-tree:
      sha256: 8dd107d19c1860f014978ff48e808fc8e78b85dcfa9ee457ccd19e9a3d3c446e
      size: 1068
    subdir: themes/gui/vulkan/try-vulkan-middle-ext-debug-utils
    version: 0.1.0.3
  original:
    commit: adb052e49d5e55d8e4757f2f7afda3238db9b057
    git: https://github.com/YoshikuniJujo/test_haskell
    subdir: themes/gui/vulkan/try-vulkan-middle-ext-debug-utils
- completed:
    commit: adb052e49d5e55d8e4757f2f7afda3238db9b057
    git: https://github.com/YoshikuniJujo/test_haskell
    name: try-vulkan-core
    pantry-tree:
      sha256: 95cd7e3b9b9c67ad295861493fdf91e4101b23dfd4afc47ed713405efca56f8a
      size: 5179
    subdir: themes/gui/vulkan/try-vulkan-core
    version: 0.1.0.5
  original:
    commit: adb052e49d5e55d8e4757f2f7afda3238db9b057
    git: https://github.com/YoshikuniJujo/test_haskell
    subdir: themes/gui/vulkan/try-vulkan-core
- completed:
    commit: adb052e49d5e55d8e4757f2f7afda3238db9b057
    git: https://github.com/YoshikuniJujo/test_haskell
    name: try-vulkan-core-khr
    pantry-tree:
      sha256: 9f431530e867afe056b86c0868b312133cb4ab213b4c6fd8b7d8d720ddcef89f
      size: 884
    subdir: themes/gui/vulkan/try-vulkan-core-khr
    version: 0.1.0.0
  original:
    commit: adb052e49d5e55d8e4757f2f7afda3238db9b057
    git: https://github.com/YoshikuniJujo/test_haskell
    subdir: themes/gui/vulkan/try-vulkan-core-khr
- completed:
    commit: adb052e49d5e55d8e4757f2f7afda3238db9b057
    git: https://github.com/YoshikuniJujo/test_haskell
    name: try-vulkan-core-ext-debug-utils
    pantry-tree:
      sha256: 1edaaec238e311ce6b6837f9e15866878a5f06bb111f537594aa74a05793ed5c
      size: 751
    subdir: themes/gui/vulkan/try-vulkan-core-ext-debug-utils
    version: 0.1.0.0
  original:
    commit: adb052e49d5e55d8e4757f2f7afda3238db9b057
    git: https://github.com/YoshikuniJujo/test_haskell
    subdir: themes/gui/vulkan/try-vulkan-core-ext-debug-utils
- completed:
    commit: adb052e49d5e55d8e4757f2f7afda3238db9b057
    git: https://github.com/YoshikuniJujo/test_haskell
    name: try-language-spir-v
    pantry-tree:
      sha256: 5802e5028c2943c7bbdad7f643ab5e76f112cbfa07f6acf90f19711d9b3cbd16
      size: 933
    subdir: themes/gui/vulkan/try-language-spir-v
    version: 0.1.0.0
  original:
    commit: adb052e49d5e55d8e4757f2f7afda3238db9b057
    git: https://github.com/YoshikuniJujo/test_haskell
    subdir: themes/gui/vulkan/try-language-spir-v
- completed:
    commit: adb052e49d5e55d8e4757f2f7afda3238db9b057
    git: https://github.com/YoshikuniJujo/test_haskell
    name: try-shaderc
    pantry-tree:
      sha256: 95f00a43f40b16423638301615db0e139e41b10773fb32f47d28e1679cd91d29
      size: 1736
    subdir: themes/gui/vulkan/try-shaderc
    version: 0.1.0.4
  original:
    commit: adb052e49d5e55d8e4757f2f7afda3238db9b057
    git: https://github.com/YoshikuniJujo/test_haskell
    subdir: themes/gui/vulkan/try-shaderc
- completed:
    commit: adb052e49d5e55d8e4757f2f7afda3238db9b057
    git: https://github.com/YoshikuniJujo/test_haskell
    name: try-hetero-parameter-list
    pantry-tree:
      sha256: 435a063ad92c3488ed2f13cf561330d03cb1c815f0ff3a9787cce16e30d0b55f
      size: 594
    subdir: themes/hetero-list/try-hetero-parameter-list
    version: 0.1.0.6
  original:
    commit: adb052e49d5e55d8e4757f2f7afda3238db9b057
    git: https://github.com/YoshikuniJujo/test_haskell
    subdir: themes/hetero-list/try-hetero-parameter-list
- completed:
    commit: adb052e49d5e55d8e4757f2f7afda3238db9b057
    git: https://github.com/YoshikuniJujo/test_haskell
    name: try-hetero-parameter-list-with-typelevel-tools
    pantry-tree:
      sha256: a12919fc98d9a371caa3aa3fb7661f74510227ca64ef78598b6331d089f9dc0c
      size: 695
    subdir: themes/hetero-list/try-hetero-parameter-list-with-typelevel-tools
    version: 0.1.0.0
  original:
    commit: adb052e49d5e55d8e4757f2f7afda3238db9b057
    git: https://github.com/YoshikuniJujo/test_haskell
    subdir: themes/hetero-list/try-hetero-parameter-list-with-typelevel-tools
- completed:
    commit: adb052e49d5e55d8e4757f2f7afda3238db9b057
    git: https://github.com/YoshikuniJujo/test_haskell
    name: try-storable-peek-poke
    pantry-tree:
      sha256: 3a416a40e213f6625ef04c4f632c9d6f9faea20262deca26e98342129cfe86a5
      size: 678
    subdir: features/ffi/pointer/try-storable-peek-poke
    version: 0.1.0.1
  original:
    commit: adb052e49d5e55d8e4757f2f7afda3238db9b057
    git: https://github.com/YoshikuniJujo/test_haskell
    subdir: features/ffi/pointer/try-storable-peek-poke
- completed:
    commit: adb052e49d5e55d8e4757f2f7afda3238db9b057
    git: https://github.com/YoshikuniJujo/test_haskell
    name: try-storable-hetero-list
    pantry-tree:
      sha256: 3e934ded210efaa78a7bb727bc53be594570b9ff00148a2fe4178437bc90f592
      size: 602
    subdir: features/ffi/pointer/try-storable-hetero-list
    version: 0.1.0.4
  original:
    commit: adb052e49d5e55d8e4757f2f7afda3238db9b057
    git: https://github.com/YoshikuniJujo/test_haskell
    subdir: features/ffi/pointer/try-storable-hetero-list
- completed:
    commit: adb052e49d5e55d8e4757f2f7afda3238db9b057
    git: https://github.com/YoshikuniJujo/test_haskell
    name: typelevel-tools
    pantry-tree:
      sha256: c9f34816c8f5e1adfdb6956ff81846527d731a2a63d3b60748001688aa3af5a2
      size: 1599
    subdir: themes/type_level/typelevel-tools
    version: 0.1.0.5
  original:
    commit: adb052e49d5e55d8e4757f2f7afda3238db9b057
    git: https://github.com/YoshikuniJujo/test_haskell
    subdir: themes/type_level/typelevel-tools
- completed:
    commit: adb052e49d5e55d8e4757f2f7afda3238db9b057
    git: https://github.com/YoshikuniJujo/test_haskell
    name: try-storable-generic
    pantry-tree:
      sha256: 99349c4ca842ed6cbae1e4fc4ea97fee18d0387727c5d38b2e4c786719d7d2b4
      size: 749
    subdir: features/ffi/pointer/try-storable-generic
    version: 0.1.0.0
  original:
    commit: adb052e49d5e55d8e4757f2f7afda3238db9b057
    git: https://github.com/YoshikuniJujo/test_haskell
    subdir: features/ffi/pointer/try-storable-generic
- completed:
    commit: adb052e49d5e55d8e4757f2f7afda3238db9b057
    git: https://github.com/YoshikuniJujo/test_haskell
    name: try-codec-wavefront-obj
    pantry-tree:
      sha256: 8a7684cb8340297fd96d9204089d4f20bcac273badc8e2c9796b230f83cb115e
      size: 678
    subdir: themes/codec/try-codec-wavefront-obj
    version: 0.1.0.0
  original:
    commit: adb052e49d5e55d8e4757f2f7afda3238db9b057
    git: https://github.com/YoshikuniJujo/test_haskell
    subdir: themes/codec/try-codec-wavefront-obj
- completed:
    commit: adb052e49d5e55d8e4757f2f7afda3238db9b057
    git: https://github.com/YoshikuniJujo/test_haskell
    name: try-gpu-vulkan-khr-glfw
    pantry-tree:
      sha256: da700efc9f982e8b702695fb646c287cd9828725daee9b9dd5787a8d1b7ed6bc
      size: 601
    subdir: themes/gui/vulkan/try-gpu-vulkan-khr-glfw
    version: 0.1.0.0
  original:
    commit: adb052e49d5e55d8e4757f2f7afda3238db9b057
    git: https://github.com/YoshikuniJujo/test_haskell
    subdir: themes/gui/vulkan/try-gpu-vulkan-khr-glfw
- completed:
    commit: adb052e49d5e55d8e4757f2f7afda3238db9b057
    git: https://github.com/YoshikuniJujo/test_haskell
    name: try-gpu-vulkan-middle-khr-glfw
    pantry-tree:
      sha256: 9075a10a99b7a2d2a3be9f2a699006caddca3db335851acb9eed195a3bf7f66a
      size: 663
    subdir: themes/gui/vulkan/try-gpu-vulkan-middle-khr-glfw
    version: 0.1.0.0
  original:
    commit: adb052e49d5e55d8e4757f2f7afda3238db9b057
    git: https://github.com/YoshikuniJujo/test_haskell
    subdir: themes/gui/vulkan/try-gpu-vulkan-middle-khr-glfw
- completed:
    commit: adb052e49d5e55d8e4757f2f7afda3238db9b057
    git: https://github.com/YoshikuniJujo/test_haskell
    name: try-gpu-vulkan-cglm
    pantry-tree:
      sha256: c689d07d5e63cac6696f0d73f87d3d3ef450f16b4581fb4fa47712eac4de1ecd
      size: 724
    subdir: themes/gui/vulkan/try-gpu-vulkan-cglm
    version: 0.1.0.1
  original:
    commit: adb052e49d5e55d8e4757f2f7afda3238db9b057
    git: https://github.com/YoshikuniJujo/test_haskell
    subdir: themes/gui/vulkan/try-gpu-vulkan-cglm
- completed:
    commit: 93dfe34c125b2b4548c6c9ba53336fec59940a0c
    git: https://github.com/YoshikuniJujo/size-alignment-list.git
    name: size-alignment-list
    pantry-tree:
      sha256: 9860e322138da1107f8cc2c39aba1b62b83ad321d6252642cd2b8c6d091d8f66
      size: 965
    version: 0.1.0.1
  original:
    commit: 93dfe34c125b2b4548c6c9ba53336fec59940a0c
    git: https://github.com/YoshikuniJujo/size-alignment-list.git
- completed:
    hackage: union-color-0.1.2.0@sha256:e98fd15e216d2729465fefb4a980a41fcf4b5ba022a40b2a8fbc5d6e7f6dadf8,1326
    pantry-tree:
      sha256: f675b5871b146343c41469c3702b4ffcdb40dab215f2e3bf80333fda44013850
      size: 429
  original:
    hackage: union-color-0.1.2.0
- completed:
    hackage: optparse-declarative-0.4.2@sha256:2054a1489442744f1c93b7994a9d5600fc51a513290d9c27631aef24ffbddf21,1003
    pantry-tree:
      sha256: 48c3be228ed334034ed82a3257daadc40a55d5964b9db5cc34fceb9dbb04c9d1
      size: 631
  original:
    hackage: optparse-declarative-0.4.2
snapshots:
- completed:
    sha256: 2fc12a405ab6f7eac73eb11a0ca5ccca0e956bd2848db780c140b7406ff9ebb5
    size: 640035
    url: https://raw.githubusercontent.com/commercialhaskell/stackage-snapshots/master/lts/21/9.yaml
  original: lts-21.9
