# This file was autogenerated by Stack.
# You should not edit this file by hand.
# For more information, please see the documentation at:
#   https://docs.haskellstack.org/en/stable/lock_files

packages:
- completed:
    commit: 6b03f88747ad4a98a90307942be10154483b26ce
    git: https://github.com/YoshikuniJujo/test_haskell
    name: try-monads-tf-misc-yj
    pantry-tree:
      sha256: 2036db01167fbf3a3ba3a29ecf569b314b01c17dfe3fddee312a42e6c7a801e8
      size: 593
    subdir: themes/monad/try-monads-tf-misc-yj
    version: 0.1.0.1
  original:
    commit: 6b03f88747ad4a98a90307942be10154483b26ce
    git: https://github.com/YoshikuniJujo/test_haskell
    subdir: themes/monad/try-monads-tf-misc-yj
- completed:
    commit: 6b03f88747ad4a98a90307942be10154483b26ce
    git: https://github.com/YoshikuniJujo/test_haskell
    name: try-text-misc-yj
    pantry-tree:
      sha256: 22dd3ba805050a37c61265a44fd20c7cf594e9a42bdb489aff0824facbe30511
      size: 589
    subdir: themes/string/try-text-misc-yj
    version: 0.1.0.0
  original:
    commit: 6b03f88747ad4a98a90307942be10154483b26ce
    git: https://github.com/YoshikuniJujo/test_haskell
    subdir: themes/string/try-text-misc-yj
- completed:
    commit: 6b03f88747ad4a98a90307942be10154483b26ce
    git: https://github.com/YoshikuniJujo/test_haskell
    name: try-gpu-vulkan
    pantry-tree:
      sha256: e9799a0b74f7bcd49e870f6216402ba11b2e939c4e064c925a942578c05ffb3b
      size: 11804
    subdir: themes/gui/vulkan/try-gpu-vulkan
    version: 0.1.0.135
  original:
    commit: 6b03f88747ad4a98a90307942be10154483b26ce
    git: https://github.com/YoshikuniJujo/test_haskell
    subdir: themes/gui/vulkan/try-gpu-vulkan
- completed:
    commit: 6b03f88747ad4a98a90307942be10154483b26ce
    git: https://github.com/YoshikuniJujo/test_haskell
    name: try-gpu-vulkan-khr-swapchain
    pantry-tree:
      sha256: 4883d51eb7abd68064a8cadc3919562ba714f95172fee024d0d9163668f3ff89
      size: 679
    subdir: themes/gui/vulkan/try-gpu-vulkan-khr-swapchain
    version: 0.1.0.0
  original:
    commit: 6b03f88747ad4a98a90307942be10154483b26ce
    git: https://github.com/YoshikuniJujo/test_haskell
    subdir: themes/gui/vulkan/try-gpu-vulkan-khr-swapchain
- completed:
    commit: 6b03f88747ad4a98a90307942be10154483b26ce
    git: https://github.com/YoshikuniJujo/test_haskell
    name: try-gpu-vulkan-khr-surface
    pantry-tree:
      sha256: 9dfabe7c1ff96cabf08d52ac155ff8485ef1fb12ab65a61c7783d4aad8063b7a
      size: 910
    subdir: themes/gui/vulkan/try-gpu-vulkan-khr-surface
    version: 0.1.0.1
  original:
    commit: 6b03f88747ad4a98a90307942be10154483b26ce
    git: https://github.com/YoshikuniJujo/test_haskell
    subdir: themes/gui/vulkan/try-gpu-vulkan-khr-surface
- completed:
    commit: 6b03f88747ad4a98a90307942be10154483b26ce
    git: https://github.com/YoshikuniJujo/test_haskell
    name: try-gpu-vulkan-ext-debug-utils
    pantry-tree:
      sha256: ec3071ff5eac54aa81bd898dfa3801a901bd183966f9de78ed5e256f1840c966
      size: 765
    subdir: themes/gui/vulkan/try-gpu-vulkan-ext-debug-utils
    version: 0.1.0.8
  original:
    commit: 6b03f88747ad4a98a90307942be10154483b26ce
    git: https://github.com/YoshikuniJujo/test_haskell
    subdir: themes/gui/vulkan/try-gpu-vulkan-ext-debug-utils
- completed:
    commit: 6b03f88747ad4a98a90307942be10154483b26ce
    git: https://github.com/YoshikuniJujo/test_haskell
    name: try-vulkan-middle
    pantry-tree:
      sha256: 006402367a0ba26a50f94d44563605634c1c55bd0a593cf249294a290fb1933a
      size: 14906
    subdir: themes/gui/vulkan/try-vulkan-middle
    version: 0.1.0.54
  original:
    commit: 6b03f88747ad4a98a90307942be10154483b26ce
    git: https://github.com/YoshikuniJujo/test_haskell
    subdir: themes/gui/vulkan/try-vulkan-middle
- completed:
    commit: 6b03f88747ad4a98a90307942be10154483b26ce
    git: https://github.com/YoshikuniJujo/test_haskell
    name: try-gpu-vulkan-middle-khr-swapchain
    pantry-tree:
      sha256: ff56977edb102326435e3fe6d7a8d27ab92367e31fa5fdc2a852fc2ea21e1d31
      size: 783
    subdir: themes/gui/vulkan/try-gpu-vulkan-middle-khr-swapchain
    version: 0.1.0.0
  original:
    commit: 6b03f88747ad4a98a90307942be10154483b26ce
    git: https://github.com/YoshikuniJujo/test_haskell
    subdir: themes/gui/vulkan/try-gpu-vulkan-middle-khr-swapchain
- completed:
    commit: 6b03f88747ad4a98a90307942be10154483b26ce
    git: https://github.com/YoshikuniJujo/test_haskell
    name: try-gpu-vulkan-middle-khr-surface
    pantry-tree:
      sha256: c7e16c9d117489e2510f7258a1d526602e170cb67fe5a9492eeaaa686151dbba
      size: 866
    subdir: themes/gui/vulkan/try-gpu-vulkan-middle-khr-surface
    version: 0.1.0.0
  original:
    commit: 6b03f88747ad4a98a90307942be10154483b26ce
    git: https://github.com/YoshikuniJujo/test_haskell
    subdir: themes/gui/vulkan/try-gpu-vulkan-middle-khr-surface
- completed:
    commit: 6b03f88747ad4a98a90307942be10154483b26ce
    git: https://github.com/YoshikuniJujo/test_haskell
    name: try-vulkan-middle-ext-debug-utils
    pantry-tree:
      sha256: cdaf8fd9c0f54302e9dc4b8bad974ee0f10ee62426c660f59ed4f7014f92c164
      size: 1068
    subdir: themes/gui/vulkan/try-vulkan-middle-ext-debug-utils
    version: 0.1.0.4
  original:
    commit: 6b03f88747ad4a98a90307942be10154483b26ce
    git: https://github.com/YoshikuniJujo/test_haskell
    subdir: themes/gui/vulkan/try-vulkan-middle-ext-debug-utils
- completed:
    commit: 6b03f88747ad4a98a90307942be10154483b26ce
    git: https://github.com/YoshikuniJujo/test_haskell
    name: try-vulkan-core
    pantry-tree:
      sha256: ff65bc4e505d139c134eec152a06fb6d7196ac24aeba5ce8919f2a9edec7593f
      size: 5179
    subdir: themes/gui/vulkan/try-vulkan-core
    version: 0.1.0.7
  original:
    commit: 6b03f88747ad4a98a90307942be10154483b26ce
    git: https://github.com/YoshikuniJujo/test_haskell
    subdir: themes/gui/vulkan/try-vulkan-core
- completed:
    commit: 6b03f88747ad4a98a90307942be10154483b26ce
    git: https://github.com/YoshikuniJujo/test_haskell
    name: try-gpu-vulkan-core-khr-swapchain
    pantry-tree:
      sha256: b76a834cfc61eb830352da129d72a734fedd185693d133d6a40082dd97d6f715
      size: 614
    subdir: themes/gui/vulkan/try-gpu-vulkan-core-khr-swapchain
    version: 0.1.0.0
  original:
    commit: 6b03f88747ad4a98a90307942be10154483b26ce
    git: https://github.com/YoshikuniJujo/test_haskell
    subdir: themes/gui/vulkan/try-gpu-vulkan-core-khr-swapchain
- completed:
    commit: 6b03f88747ad4a98a90307942be10154483b26ce
    git: https://github.com/YoshikuniJujo/test_haskell
    name: try-gpu-vulkan-core-khr-surface
    pantry-tree:
      sha256: b602d9bbd2a732cb85c5f9718b574c6c494ca2f089163a441904e012162cc7ad
      size: 700
    subdir: themes/gui/vulkan/try-gpu-vulkan-core-khr-surface
    version: 0.1.0.0
  original:
    commit: 6b03f88747ad4a98a90307942be10154483b26ce
    git: https://github.com/YoshikuniJujo/test_haskell
    subdir: themes/gui/vulkan/try-gpu-vulkan-core-khr-surface
- completed:
    commit: 6b03f88747ad4a98a90307942be10154483b26ce
    git: https://github.com/YoshikuniJujo/test_haskell
    name: try-vulkan-core-ext-debug-utils
    pantry-tree:
      sha256: 1edaaec238e311ce6b6837f9e15866878a5f06bb111f537594aa74a05793ed5c
      size: 751
    subdir: themes/gui/vulkan/try-vulkan-core-ext-debug-utils
    version: 0.1.0.0
  original:
    commit: 6b03f88747ad4a98a90307942be10154483b26ce
    git: https://github.com/YoshikuniJujo/test_haskell
    subdir: themes/gui/vulkan/try-vulkan-core-ext-debug-utils
- completed:
    commit: 6b03f88747ad4a98a90307942be10154483b26ce
    git: https://github.com/YoshikuniJujo/test_haskell
    name: try-language-spir-v
    pantry-tree:
      sha256: 5802e5028c2943c7bbdad7f643ab5e76f112cbfa07f6acf90f19711d9b3cbd16
      size: 933
    subdir: themes/gui/vulkan/try-language-spir-v
    version: 0.1.0.0
  original:
    commit: 6b03f88747ad4a98a90307942be10154483b26ce
    git: https://github.com/YoshikuniJujo/test_haskell
    subdir: themes/gui/vulkan/try-language-spir-v
- completed:
    commit: 6b03f88747ad4a98a90307942be10154483b26ce
    git: https://github.com/YoshikuniJujo/test_haskell
    name: try-shaderc
    pantry-tree:
      sha256: f4bad0460042fd93581a267690ce90dcfeee6e248708d06f24bacce24143fa44
      size: 1736
    subdir: themes/gui/vulkan/try-shaderc
    version: 0.1.0.5
  original:
    commit: 6b03f88747ad4a98a90307942be10154483b26ce
    git: https://github.com/YoshikuniJujo/test_haskell
    subdir: themes/gui/vulkan/try-shaderc
- completed:
    commit: 6b03f88747ad4a98a90307942be10154483b26ce
    git: https://github.com/YoshikuniJujo/test_haskell
    name: try-hetero-parameter-list
    pantry-tree:
      sha256: 6a38249f5b893b0155a746bc5f43994c213a79f3f03d9995099b4108e65d0d27
      size: 671
    subdir: themes/hetero-list/try-hetero-parameter-list
    version: 0.1.0.15
  original:
    commit: 6b03f88747ad4a98a90307942be10154483b26ce
    git: https://github.com/YoshikuniJujo/test_haskell
    subdir: themes/hetero-list/try-hetero-parameter-list
- completed:
    commit: 6b03f88747ad4a98a90307942be10154483b26ce
    git: https://github.com/YoshikuniJujo/test_haskell
    name: try-hetero-parameter-list-with-typelevel-tools
    pantry-tree:
      sha256: a12919fc98d9a371caa3aa3fb7661f74510227ca64ef78598b6331d089f9dc0c
      size: 695
    subdir: themes/hetero-list/try-hetero-parameter-list-with-typelevel-tools
    version: 0.1.0.0
  original:
    commit: 6b03f88747ad4a98a90307942be10154483b26ce
    git: https://github.com/YoshikuniJujo/test_haskell
    subdir: themes/hetero-list/try-hetero-parameter-list-with-typelevel-tools
- completed:
    commit: 6b03f88747ad4a98a90307942be10154483b26ce
    git: https://github.com/YoshikuniJujo/test_haskell
    name: try-storable-peek-poke
    pantry-tree:
      sha256: 3a416a40e213f6625ef04c4f632c9d6f9faea20262deca26e98342129cfe86a5
      size: 678
    subdir: features/ffi/pointer/try-storable-peek-poke
    version: 0.1.0.1
  original:
    commit: 6b03f88747ad4a98a90307942be10154483b26ce
    git: https://github.com/YoshikuniJujo/test_haskell
    subdir: features/ffi/pointer/try-storable-peek-poke
- completed:
    commit: 6b03f88747ad4a98a90307942be10154483b26ce
    git: https://github.com/YoshikuniJujo/test_haskell
    name: try-storable-hetero-list
    pantry-tree:
      sha256: 3e934ded210efaa78a7bb727bc53be594570b9ff00148a2fe4178437bc90f592
      size: 602
    subdir: features/ffi/pointer/try-storable-hetero-list
    version: 0.1.0.4
  original:
    commit: 6b03f88747ad4a98a90307942be10154483b26ce
    git: https://github.com/YoshikuniJujo/test_haskell
    subdir: features/ffi/pointer/try-storable-hetero-list
- completed:
    commit: 6b03f88747ad4a98a90307942be10154483b26ce
    git: https://github.com/YoshikuniJujo/test_haskell
    name: typelevel-tools
    pantry-tree:
      sha256: f5e810814d8c934022c856d218b45098c4ae3cfe3e94a4c76a907d07abb49903
      size: 1600
    subdir: themes/type_level/typelevel-tools
    version: 0.1.0.6
  original:
    commit: 6b03f88747ad4a98a90307942be10154483b26ce
    git: https://github.com/YoshikuniJujo/test_haskell
    subdir: themes/type_level/typelevel-tools
- completed:
    commit: 6b03f88747ad4a98a90307942be10154483b26ce
    git: https://github.com/YoshikuniJujo/test_haskell
    name: try-storable-generic
    pantry-tree:
      sha256: 0330e15d7a236f6d70249aef7f65a273d6cee7d1265c3c7067365767271bd950
      size: 749
    subdir: features/ffi/pointer/try-storable-generic
    version: 0.1.0.5
  original:
    commit: 6b03f88747ad4a98a90307942be10154483b26ce
    git: https://github.com/YoshikuniJujo/test_haskell
    subdir: features/ffi/pointer/try-storable-generic
- completed:
    commit: 6b03f88747ad4a98a90307942be10154483b26ce
    git: https://github.com/YoshikuniJujo/test_haskell
    name: try-codec-wavefront-obj
    pantry-tree:
      sha256: 952b91a6423d1a68b3f54dc6d58575a246cec167fa8246260641c0955c4c8c90
      size: 678
    subdir: themes/codec/try-codec-wavefront-obj
    version: 0.1.0.2
  original:
    commit: 6b03f88747ad4a98a90307942be10154483b26ce
    git: https://github.com/YoshikuniJujo/test_haskell
    subdir: themes/codec/try-codec-wavefront-obj
- completed:
    commit: 6b03f88747ad4a98a90307942be10154483b26ce
    git: https://github.com/YoshikuniJujo/test_haskell
    name: try-glfw-group
    pantry-tree:
      sha256: 0a15879a7e228abb64b3f09fdf10e7cf7bf7b2f8ae5a3d1cddc0fbd8d1b1136c
      size: 1012
    subdir: themes/gui/vulkan/try-glfw-group
    version: 0.1.0.11
  original:
    commit: 6b03f88747ad4a98a90307942be10154483b26ce
    git: https://github.com/YoshikuniJujo/test_haskell
    subdir: themes/gui/vulkan/try-glfw-group
- completed:
    commit: 6b03f88747ad4a98a90307942be10154483b26ce
    git: https://github.com/YoshikuniJujo/test_haskell
    name: try-gpu-vulkan-khr-surface-glfw
    pantry-tree:
      sha256: 48c66708e3ca1a0e7df145c035f68f228e3ef15620d3bebd2b224c53c9679df8
      size: 691
    subdir: themes/gui/vulkan/try-gpu-vulkan-khr-surface-glfw
    version: 0.1.0.1
  original:
    commit: 6b03f88747ad4a98a90307942be10154483b26ce
    git: https://github.com/YoshikuniJujo/test_haskell
    subdir: themes/gui/vulkan/try-gpu-vulkan-khr-surface-glfw
- completed:
    commit: 6b03f88747ad4a98a90307942be10154483b26ce
    git: https://github.com/YoshikuniJujo/test_haskell
    name: try-gpu-vulkan-middle-khr-surface-glfw
    pantry-tree:
      sha256: 82652e0bb851086f4a4195fcefd38dc498f11777278147723ea8ffdb4161e1e1
      size: 622
    subdir: themes/gui/vulkan/try-gpu-vulkan-middle-khr-surface-glfw
    version: 0.1.0.0
  original:
    commit: 6b03f88747ad4a98a90307942be10154483b26ce
    git: https://github.com/YoshikuniJujo/test_haskell
    subdir: themes/gui/vulkan/try-gpu-vulkan-middle-khr-surface-glfw
- completed:
    commit: 6b03f88747ad4a98a90307942be10154483b26ce
    git: https://github.com/YoshikuniJujo/test_haskell
    name: try-gpu-vulkan-cglm
    pantry-tree:
      sha256: 04f50de9fa53c048944522a91677fc8d820b3a0ce252f75bc644faacdf9d288d
      size: 724
    subdir: themes/gui/vulkan/try-gpu-vulkan-cglm
    version: 0.1.0.7
  original:
    commit: 6b03f88747ad4a98a90307942be10154483b26ce
    git: https://github.com/YoshikuniJujo/test_haskell
    subdir: themes/gui/vulkan/try-gpu-vulkan-cglm
- completed:
    commit: 6b03f88747ad4a98a90307942be10154483b26ce
    git: https://github.com/YoshikuniJujo/test_haskell
    name: try-tools-yj
    pantry-tree:
      sha256: 101d0db6753beb208dabbf349d19bae1db5f4b617ea98be5949947e73b043d8b
      size: 1309
    subdir: packages/try-tools-yj
    version: 0.1.0.17
  original:
    commit: 6b03f88747ad4a98a90307942be10154483b26ce
    git: https://github.com/YoshikuniJujo/test_haskell
    subdir: packages/try-tools-yj
- completed:
    commit: d3193db7979f391f1a307849236b870fd8933709
    git: https://github.com/tanakh/optparse-declarative
    name: optparse-declarative
    pantry-tree:
      sha256: fb9e8378d1025a1615f77e3411c098253031b0381cc8ff04c71eb595bcb79ec0
      size: 1291
    version: 0.4.2
  original:
    commit: d3193db7979f391f1a307849236b870fd8933709
    git: https://github.com/tanakh/optparse-declarative
snapshots:
- completed:
    sha256: f9ac29d4f7a49deed9960d9f8ce5bd2eba68d19ec04cfebf4295a381f1ed0546
    size: 671543
    url: https://raw.githubusercontent.com/commercialhaskell/stackage-snapshots/master/nightly/2024/10/29.yaml
  original: nightly-2024-10-29
