# This file was autogenerated by Stack.
# You should not edit this file by hand.
# For more information, please see the documentation at:
#   https://docs.haskellstack.org/en/stable/topics/lock_files

packages:
- completed:
    commit: e6793db9527885bc3dfa309ea079968cacb7abf0
    git: https://github.com/YoshikuniJujo/test_haskell
    name: try-gpu-vulkan-ext-debug-utils
    pantry-tree:
      sha256: 8fb59e4915b7e87c5602ea9ecbba9ddf9bcbe403e1e38ec92b21464dd9cc8bc9
      size: 765
    subdir: themes/gui/vulkan/try-gpu-vulkan-ext-debug-utils
    version: 0.1.0.8
  original:
    commit: e6793db9527885bc3dfa309ea079968cacb7abf0
    git: https://github.com/YoshikuniJujo/test_haskell
    subdir: themes/gui/vulkan/try-gpu-vulkan-ext-debug-utils
- completed:
    commit: e6793db9527885bc3dfa309ea079968cacb7abf0
    git: https://github.com/YoshikuniJujo/test_haskell
    name: try-vulkan-middle-ext-debug-utils
    pantry-tree:
      sha256: 9614116cb5ca9bdb90efabd246d82472b7b32c912370f5df5c0560cb2395f773
      size: 1068
    subdir: themes/gui/vulkan/try-vulkan-middle-ext-debug-utils
    version: 0.1.0.4
  original:
    commit: e6793db9527885bc3dfa309ea079968cacb7abf0
    git: https://github.com/YoshikuniJujo/test_haskell
    subdir: themes/gui/vulkan/try-vulkan-middle-ext-debug-utils
- completed:
    commit: e6793db9527885bc3dfa309ea079968cacb7abf0
    git: https://github.com/YoshikuniJujo/test_haskell
    name: try-vulkan-core-ext-debug-utils
    pantry-tree:
      sha256: a7fcfb1a738c70886255b19d03ea79a026994c349e0a7e1e48835fa5301d0915
      size: 751
    subdir: themes/gui/vulkan/try-vulkan-core-ext-debug-utils
    version: 0.1.0.0
  original:
    commit: e6793db9527885bc3dfa309ea079968cacb7abf0
    git: https://github.com/YoshikuniJujo/test_haskell
    subdir: themes/gui/vulkan/try-vulkan-core-ext-debug-utils
- completed:
    commit: e6793db9527885bc3dfa309ea079968cacb7abf0
    git: https://github.com/YoshikuniJujo/test_haskell
    name: try-gpu-vulkan-cglm
    pantry-tree:
      sha256: 736c03db8f1ffe4c348b95a7c9b01f99b638645c52e24417b708eff3d21f2ed8
      size: 724
    subdir: themes/gui/vulkan/try-gpu-vulkan-cglm
    version: 0.1.0.7
  original:
    commit: e6793db9527885bc3dfa309ea079968cacb7abf0
    git: https://github.com/YoshikuniJujo/test_haskell
    subdir: themes/gui/vulkan/try-gpu-vulkan-cglm
- completed:
    commit: d3193db7979f391f1a307849236b870fd8933709
    git: https://github.com/tanakh/optparse-declarative
    name: optparse-declarative
    pantry-tree:
      sha256: fb9e8378d1025a1615f77e3411c098253031b0381cc8ff04c71eb595bcb79ec0
      size: 1291
    version: 0.4.2
  original:
    commit: d3193db7979f391f1a307849236b870fd8933709
    git: https://github.com/tanakh/optparse-declarative
- completed:
    commit: c209d0fb8b03234c6730cfbcd7ae9e9ae47ad95c
    git: https://github.com/YoshikuniJujo/gpu-vulkan
    name: gpu-vulkan
    pantry-tree:
      sha256: cf869b0daa148b2d87a9e6035695ce2be00a0ec978e5cc9b969e6695b09118a6
      size: 12890
    version: 0.1.0.170
  original:
    commit: c209d0fb8b03234c6730cfbcd7ae9e9ae47ad95c
    git: https://github.com/YoshikuniJujo/gpu-vulkan
- completed:
    commit: 6027d2978b5f59faac474d1e6c06ad195ecb863f
    git: https://github.com/YoshikuniJujo/gpu-vulkan-middle
    name: gpu-vulkan-middle
    pantry-tree:
      sha256: 91d97b9720aff318aa5f0c79639d08e4debc56485ae424947933f58317e4d1ef
      size: 16297
    version: 0.1.0.75
  original:
    commit: 6027d2978b5f59faac474d1e6c06ad195ecb863f
    git: https://github.com/YoshikuniJujo/gpu-vulkan-middle
- completed:
    commit: 56ecd08161569ac267bb8ce5f1582285974ea783
    git: https://github.com/YoshikuniJujo/gpu-vulkan-core
    name: gpu-vulkan-core
    pantry-tree:
      sha256: d027df77506fd892f9ce99e3ed1597dcf4f137627cbb50bcaee505b62d2e8c85
      size: 5711
    version: 0.1.0.22
  original:
    commit: 56ecd08161569ac267bb8ce5f1582285974ea783
    git: https://github.com/YoshikuniJujo/gpu-vulkan-core
- completed:
    hackage: gpu-vulkan-khr-swapchain-0.1.0.1@sha256:35aee842273436d0cc121c67f5bbddf824f72fc12111e05918951b9e55dce7c4,2425
    pantry-tree:
      sha256: 71dc2832d704821a0d24ae144b909ec9bf4ca0feecf82bc3a31f994dad0b2c33
      size: 466
  original:
    hackage: gpu-vulkan-khr-swapchain-0.1.0.1
- completed:
    hackage: gpu-vulkan-khr-surface-0.1.0.0@sha256:789237cd35f877c94be45b163624106f4df4d62a0577da211daaa880fd98515d,2333
    pantry-tree:
      sha256: e6ec9329b1672a354617209e05eae540cd0072991992b48ed9112cbb89b51636
      size: 697
  original:
    hackage: gpu-vulkan-khr-surface-0.1.0.0
- completed:
    hackage: gpu-vulkan-khr-surface-glfw-0.1.0.0@sha256:d65ec83bf851581dae363c1dfed5029529fd3143f97cf43e35f8dfd04d35e574,2371
    pantry-tree:
      sha256: b3f297fe1bf9d2a859d2249920c68a2df3f2d10b6701352c1d1bca41b303b955
      size: 403
  original:
    hackage: gpu-vulkan-khr-surface-glfw-0.1.0.0
- completed:
    hackage: gpu-vulkan-middle-khr-swapchain-0.1.0.0@sha256:a15bb45401cfe86eda6d6c9086dbc7aa65c1049a4c32ab7cbf340f2a74db8a8f,2569
    pantry-tree:
      sha256: 59bdb510afc819826a71b162be91e1dd1c6dc3193dc6837648e859b1540f2ddf
      size: 570
  original:
    hackage: gpu-vulkan-middle-khr-swapchain-0.1.0.0
- completed:
    hackage: gpu-vulkan-middle-khr-surface-0.1.0.0@sha256:872ba2b7b1fb437a7dfd301e95089f5896b7a76e95960cda9d71140b1fa437bc,2480
    pantry-tree:
      sha256: 79b1e9d345dae7b8924c5aaee92edfce2e90a8f915180282fe4aa8c130b70205
      size: 653
  original:
    hackage: gpu-vulkan-middle-khr-surface-0.1.0.0
- completed:
    hackage: gpu-vulkan-middle-khr-surface-glfw-0.1.0.1@sha256:b6c7949b9e81df033e427a665527851b4a871404143f1378f688f44510d122b1,2253
    pantry-tree:
      sha256: da7853c774f298089337c9b8691e111752b2bdd1d4131ffa813bc886aac72b13
      size: 409
  original:
    hackage: gpu-vulkan-middle-khr-surface-glfw-0.1.0.1
- completed:
    hackage: gpu-vulkan-core-khr-swapchain-0.1.0.0@sha256:c13766a52c18385b9d26550e44ed95818bef72f5dd8c5b88f0973e11182eb45c,2144
    pantry-tree:
      sha256: 1554b984498653af9d07d8733aeb6105a70670de0996801753b466431ac04332
      size: 401
  original:
    hackage: gpu-vulkan-core-khr-swapchain-0.1.0.0
- completed:
    hackage: gpu-vulkan-core-khr-surface-0.1.0.0@sha256:2cabbd97eb7749e44ff7ec874fd9a7c8aa9160803a97aad6aeb8e7848eacfac0,2093
    pantry-tree:
      sha256: 265d61fdbf68037c5c1063821699d496dcbd8e62c64695a51e6a26426bb4b2cf
      size: 488
  original:
    hackage: gpu-vulkan-core-khr-surface-0.1.0.0
- completed:
    hackage: shaderc-0.1.0.7@sha256:559d1ae01a39e1232cfbdde4a5bbb35ce6b481c864cd642939d7ae5ba6064798,2241
    pantry-tree:
      sha256: 51c6bf8342313b5997f05004a55eb369a36594c72e99db0220b883112bed55aa
      size: 1402
  original:
    hackage: shaderc-0.1.0.7
- completed:
    hackage: language-spir-v-0.1.0.3@sha256:c07d92777e2b0e4ac9bd3ef0902e50c046d42edf1a1a98d17e78d039d60d1351,2079
    pantry-tree:
      sha256: 070eec1689892418ff45135d972b3464fc884e102bbbbbf43f99e934d77db5e8
      size: 650
  original:
    hackage: language-spir-v-0.1.0.3
- completed:
    hackage: hetero-parameter-list-0.1.0.21@sha256:760e06a21d69c4df8875bceab67af9181e7a75b3071efc1503cc47ea1e4886a1,1876
    pantry-tree:
      sha256: 2de8bbb07cf9e5ee702f99eaf874158d213e21efa50273eb85995f15b12b4319
      size: 459
  original:
    hackage: hetero-parameter-list-0.1.0.21
- completed:
    hackage: typelevel-tools-yj-0.1.0.8@sha256:c2377d1d8de835af9d248bf6d10e096761f976123671ae43f3d8c6686e781230,2205
    pantry-tree:
      sha256: 3f9b2c8ddeccfb8382e7f171110251adeba36029aa31566e9ac04c8b7e700333
      size: 1395
  original:
    hackage: typelevel-tools-yj-0.1.0.8
snapshots:
- completed:
    sha256: 7ec0e288e359b586f3e98bfdc35152922d9b7f2f97346a2e7b4c1b85833e4521
    size: 654479
    url: https://raw.githubusercontent.com/commercialhaskell/stackage-snapshots/master/nightly/2025/2/27.yaml
  original: nightly-2025-02-27
