# This file was autogenerated by Stack.
# You should not edit this file by hand.
# For more information, please see the documentation at:
#   https://docs.haskellstack.org/en/stable/lock_files

packages:
- completed:
    commit: 98f2fe125b9e1fea1df53bd6a7e3300b607173df
    git: https://github.com/YoshikuniJujo/test_haskell
    name: try-gpu-vulkan-khr-swapchain
    pantry-tree:
      sha256: 1a59dbc47a5d747366bb9ec5ad5e60dbc29d39f98d2d1c14377942fc132fc4e3
      size: 679
    subdir: themes/gui/vulkan/try-gpu-vulkan-khr-swapchain
    version: 0.1.0.0
  original:
    commit: 98f2fe125b9e1fea1df53bd6a7e3300b607173df
    git: https://github.com/YoshikuniJujo/test_haskell
    subdir: themes/gui/vulkan/try-gpu-vulkan-khr-swapchain
- completed:
    commit: 98f2fe125b9e1fea1df53bd6a7e3300b607173df
    git: https://github.com/YoshikuniJujo/test_haskell
    name: try-gpu-vulkan-khr-surface
    pantry-tree:
      sha256: 1bd3145fccd22a5b5708a109dbb831a8b6442ced8a534760ba9f0f262f1d62a9
      size: 910
    subdir: themes/gui/vulkan/try-gpu-vulkan-khr-surface
    version: 0.1.0.2
  original:
    commit: 98f2fe125b9e1fea1df53bd6a7e3300b607173df
    git: https://github.com/YoshikuniJujo/test_haskell
    subdir: themes/gui/vulkan/try-gpu-vulkan-khr-surface
- completed:
    commit: 98f2fe125b9e1fea1df53bd6a7e3300b607173df
    git: https://github.com/YoshikuniJujo/test_haskell
    name: try-gpu-vulkan-khr-surface-glfw
    pantry-tree:
      sha256: 3887059d896260f08af7cfceaea58865260fc8c629f22c1456b294cb8f12e6e2
      size: 691
    subdir: themes/gui/vulkan/try-gpu-vulkan-khr-surface-glfw
    version: 0.1.0.1
  original:
    commit: 98f2fe125b9e1fea1df53bd6a7e3300b607173df
    git: https://github.com/YoshikuniJujo/test_haskell
    subdir: themes/gui/vulkan/try-gpu-vulkan-khr-surface-glfw
- completed:
    commit: 98f2fe125b9e1fea1df53bd6a7e3300b607173df
    git: https://github.com/YoshikuniJujo/test_haskell
    name: try-gpu-vulkan-ext-debug-utils
    pantry-tree:
      sha256: 8fb59e4915b7e87c5602ea9ecbba9ddf9bcbe403e1e38ec92b21464dd9cc8bc9
      size: 765
    subdir: themes/gui/vulkan/try-gpu-vulkan-ext-debug-utils
    version: 0.1.0.8
  original:
    commit: 98f2fe125b9e1fea1df53bd6a7e3300b607173df
    git: https://github.com/YoshikuniJujo/test_haskell
    subdir: themes/gui/vulkan/try-gpu-vulkan-ext-debug-utils
- completed:
    commit: 98f2fe125b9e1fea1df53bd6a7e3300b607173df
    git: https://github.com/YoshikuniJujo/test_haskell
    name: try-gpu-vulkan-cglm
    pantry-tree:
      sha256: 736c03db8f1ffe4c348b95a7c9b01f99b638645c52e24417b708eff3d21f2ed8
      size: 724
    subdir: themes/gui/vulkan/try-gpu-vulkan-cglm
    version: 0.1.0.7
  original:
    commit: 98f2fe125b9e1fea1df53bd6a7e3300b607173df
    git: https://github.com/YoshikuniJujo/test_haskell
    subdir: themes/gui/vulkan/try-gpu-vulkan-cglm
- completed:
    commit: 98f2fe125b9e1fea1df53bd6a7e3300b607173df
    git: https://github.com/YoshikuniJujo/test_haskell
    name: try-gpu-vulkan-middle-khr-swapchain
    pantry-tree:
      sha256: 1558f1e3186fe1ad8ee735a4366244460a011466e28dbf6da4dde259c0547551
      size: 783
    subdir: themes/gui/vulkan/try-gpu-vulkan-middle-khr-swapchain
    version: 0.1.0.0
  original:
    commit: 98f2fe125b9e1fea1df53bd6a7e3300b607173df
    git: https://github.com/YoshikuniJujo/test_haskell
    subdir: themes/gui/vulkan/try-gpu-vulkan-middle-khr-swapchain
- completed:
    commit: 98f2fe125b9e1fea1df53bd6a7e3300b607173df
    git: https://github.com/YoshikuniJujo/test_haskell
    name: try-gpu-vulkan-middle-khr-surface
    pantry-tree:
      sha256: 989a83667d9ac8287271c4abaf11259fabf4539cc6081c798f40da92c3bf55f8
      size: 866
    subdir: themes/gui/vulkan/try-gpu-vulkan-middle-khr-surface
    version: 0.1.0.0
  original:
    commit: 98f2fe125b9e1fea1df53bd6a7e3300b607173df
    git: https://github.com/YoshikuniJujo/test_haskell
    subdir: themes/gui/vulkan/try-gpu-vulkan-middle-khr-surface
- completed:
    commit: 98f2fe125b9e1fea1df53bd6a7e3300b607173df
    git: https://github.com/YoshikuniJujo/test_haskell
    name: try-gpu-vulkan-middle-khr-surface-glfw
    pantry-tree:
      sha256: 181607f25c5aead7c0028e9e243d77d88bd2afd7751d2dcbb7cc6f6f053ec718
      size: 622
    subdir: themes/gui/vulkan/try-gpu-vulkan-middle-khr-surface-glfw
    version: 0.1.0.0
  original:
    commit: 98f2fe125b9e1fea1df53bd6a7e3300b607173df
    git: https://github.com/YoshikuniJujo/test_haskell
    subdir: themes/gui/vulkan/try-gpu-vulkan-middle-khr-surface-glfw
- completed:
    commit: 98f2fe125b9e1fea1df53bd6a7e3300b607173df
    git: https://github.com/YoshikuniJujo/test_haskell
    name: try-vulkan-middle-ext-debug-utils
    pantry-tree:
      sha256: 9614116cb5ca9bdb90efabd246d82472b7b32c912370f5df5c0560cb2395f773
      size: 1068
    subdir: themes/gui/vulkan/try-vulkan-middle-ext-debug-utils
    version: 0.1.0.4
  original:
    commit: 98f2fe125b9e1fea1df53bd6a7e3300b607173df
    git: https://github.com/YoshikuniJujo/test_haskell
    subdir: themes/gui/vulkan/try-vulkan-middle-ext-debug-utils
- completed:
    commit: 98f2fe125b9e1fea1df53bd6a7e3300b607173df
    git: https://github.com/YoshikuniJujo/test_haskell
    name: try-gpu-vulkan-core-khr-swapchain
    pantry-tree:
      sha256: 3c1d1bcaa8a48bbd204bcd0cc3b210ff580a6c5cf45d3a9286f16e46d401e218
      size: 614
    subdir: themes/gui/vulkan/try-gpu-vulkan-core-khr-swapchain
    version: 0.1.0.0
  original:
    commit: 98f2fe125b9e1fea1df53bd6a7e3300b607173df
    git: https://github.com/YoshikuniJujo/test_haskell
    subdir: themes/gui/vulkan/try-gpu-vulkan-core-khr-swapchain
- completed:
    commit: 98f2fe125b9e1fea1df53bd6a7e3300b607173df
    git: https://github.com/YoshikuniJujo/test_haskell
    name: try-gpu-vulkan-core-khr-surface
    pantry-tree:
      sha256: 532b59278492d1a26a25c8250e4507c9c1d9f712ef61f8d33f3d0c4f34772fb6
      size: 700
    subdir: themes/gui/vulkan/try-gpu-vulkan-core-khr-surface
    version: 0.1.0.0
  original:
    commit: 98f2fe125b9e1fea1df53bd6a7e3300b607173df
    git: https://github.com/YoshikuniJujo/test_haskell
    subdir: themes/gui/vulkan/try-gpu-vulkan-core-khr-surface
- completed:
    commit: 98f2fe125b9e1fea1df53bd6a7e3300b607173df
    git: https://github.com/YoshikuniJujo/test_haskell
    name: try-vulkan-core-ext-debug-utils
    pantry-tree:
      sha256: a7fcfb1a738c70886255b19d03ea79a026994c349e0a7e1e48835fa5301d0915
      size: 751
    subdir: themes/gui/vulkan/try-vulkan-core-ext-debug-utils
    version: 0.1.0.0
  original:
    commit: 98f2fe125b9e1fea1df53bd6a7e3300b607173df
    git: https://github.com/YoshikuniJujo/test_haskell
    subdir: themes/gui/vulkan/try-vulkan-core-ext-debug-utils
- completed:
    commit: 98f2fe125b9e1fea1df53bd6a7e3300b607173df
    git: https://github.com/YoshikuniJujo/test_haskell
    name: try-glfw-group
    pantry-tree:
      sha256: e4bcbebe087b13a318912c3e16dd1d391cdd701ba9a7952e5b7c65779c3ef7d1
      size: 1012
    subdir: themes/gui/vulkan/try-glfw-group
    version: 0.1.0.11
  original:
    commit: 98f2fe125b9e1fea1df53bd6a7e3300b607173df
    git: https://github.com/YoshikuniJujo/test_haskell
    subdir: themes/gui/vulkan/try-glfw-group
- completed:
    commit: d3193db7979f391f1a307849236b870fd8933709
    git: https://github.com/tanakh/optparse-declarative
    name: optparse-declarative
    pantry-tree:
      sha256: fb9e8378d1025a1615f77e3411c098253031b0381cc8ff04c71eb595bcb79ec0
      size: 1291
    version: 0.4.2
  original:
    commit: d3193db7979f391f1a307849236b870fd8933709
    git: https://github.com/tanakh/optparse-declarative
- completed:
    hackage: gpu-vulkan-0.1.0.168@sha256:d930671fb5b638720231f5183f1e58fc7d291bedf3ab53d981ce8994e1799cb6,8054
    pantry-tree:
      sha256: 915d9bb72d7ec461e9a86cc0731096354477e3d2ddd9995b03fb55b0ac1e06b7
      size: 12064
  original:
    hackage: gpu-vulkan-0.1.0.168
- completed:
    hackage: gpu-vulkan-middle-0.1.0.74@sha256:ef19ae89eb542e2905395b47cad930156faf010cb83739a856543b9c958bf750,9124
    pantry-tree:
      sha256: 40a266489b01c5a75cb98320961383fbdbf6b0bc0e901c95ba4fff4253c3cb31
      size: 13576
  original:
    hackage: gpu-vulkan-middle-0.1.0.74
- completed:
    hackage: gpu-vulkan-core-0.1.0.21@sha256:347fcc9b982033e2162d1106e891f6d57ee251a79bdd8f9398f5ca918f3c9e91,3516
    pantry-tree:
      sha256: 65e73d0f6ffe0bfbd8545b31671d21ef2fa69553644474d181917fef1a4a0625
      size: 5235
  original:
    hackage: gpu-vulkan-core-0.1.0.21
- completed:
    hackage: language-spir-v-0.1.0.3@sha256:c07d92777e2b0e4ac9bd3ef0902e50c046d42edf1a1a98d17e78d039d60d1351,2079
    pantry-tree:
      sha256: 070eec1689892418ff45135d972b3464fc884e102bbbbbf43f99e934d77db5e8
      size: 650
  original:
    hackage: language-spir-v-0.1.0.3
- completed:
    hackage: shaderc-0.1.0.7@sha256:559d1ae01a39e1232cfbdde4a5bbb35ce6b481c864cd642939d7ae5ba6064798,2241
    pantry-tree:
      sha256: 51c6bf8342313b5997f05004a55eb369a36594c72e99db0220b883112bed55aa
      size: 1402
  original:
    hackage: shaderc-0.1.0.7
- completed:
    hackage: fixed-generic-0.1.0.2@sha256:5dc353b0a45105cc62a85112b3d961f6ef65af18fc792eb79ca1ac839dc455cb,1847
    pantry-tree:
      sha256: a38217c02894cdc01c4c9c717403d7fa47f2a7b9b62c4bd93ebaa958900c60ea
      size: 373
  original:
    hackage: fixed-generic-0.1.0.2
snapshots:
- completed:
    sha256: a78e714c277d6350509d252bef5bff664bb5971d78c5cc53aeea438c2255cafe
    size: 637508
    url: https://raw.githubusercontent.com/commercialhaskell/stackage-snapshots/master/nightly/2025/1/30.yaml
  original: nightly-2025-01-30
