# This file was autogenerated by Stack.
# You should not edit this file by hand.
# For more information, please see the documentation at:
#   https://docs.haskellstack.org/en/stable/topics/lock_files

packages: []
snapshots:
- completed:
    sha256: 6ab04790fe1d2dd963616b09570e2ccab42d0b798576f7e2e89aa8f2a7ab4d8e
    size: 724084
    url: https://raw.githubusercontent.com/commercialhaskell/stackage-snapshots/master/nightly/2025/7/11.yaml
  original: nightly-2025-07-11
