# This file was autogenerated by Stack.
# You should not edit this file by hand.
# For more information, please see the documentation at:
#   https://docs.haskellstack.org/en/stable/topics/lock_files

packages: []
snapshots:
- completed:
    sha256: d7298f063488cee81798b1fad30d9cf529aeb76f637f462546b8f9f8d93f724e
    size: 696614
    url: https://raw.githubusercontent.com/commercialhaskell/stackage-snapshots/master/nightly/2025/10/2.yaml
  original: nightly-2025-10-02
