# This file was autogenerated by Stack.
# You should not edit this file by hand.
# For more information, please see the documentation at:
#   https://docs.haskellstack.org/en/stable/topics/lock_files

packages: []
snapshots:
- completed:
    sha256: 3663975f32f2fa77943458f357a73cd283ed2cf99b91386a5a6ffc25ded282ab
    size: 687326
    url: https://raw.githubusercontent.com/commercialhaskell/stackage-snapshots/master/nightly/2025/8/15.yaml
  original: nightly-2025-08-15
