# This file was autogenerated by Stack.
# You should not edit this file by hand.
# For more information, please see the documentation at:
#   https://docs.haskellstack.org/en/stable/lock_files

packages:
- completed:
    commit: 197c7990217e976fe6bf73e0275c0f68c0d659a5
    git: https://github.com/YoshikuniJujo/test_haskell
    name: try-moffy-with-gtk3
    pantry-tree:
      sha256: 0408da6eb52fe77a95c00f347ae98ba8a5dbe5fe98bc67b6e63e4bacbf09e49e
      size: 7651
    subdir: themes/mfrp/try-moffy-with-gtk3
    version: 0.1.0.5
  original:
    commit: 197c7990217e976fe6bf73e0275c0f68c0d659a5
    git: https://github.com/YoshikuniJujo/test_haskell
    subdir: themes/mfrp/try-moffy-with-gtk3
- completed:
    commit: 197c7990217e976fe6bf73e0275c0f68c0d659a5
    git: https://github.com/YoshikuniJujo/test_haskell
    name: try-glfw-group
    pantry-tree:
      sha256: 0a15879a7e228abb64b3f09fdf10e7cf7bf7b2f8ae5a3d1cddc0fbd8d1b1136c
      size: 1012
    subdir: themes/gui/vulkan/try-glfw-group
    version: 0.1.0.11
  original:
    commit: 197c7990217e976fe6bf73e0275c0f68c0d659a5
    git: https://github.com/YoshikuniJujo/test_haskell
    subdir: themes/gui/vulkan/try-glfw-group
- completed:
    commit: 197c7990217e976fe6bf73e0275c0f68c0d659a5
    git: https://github.com/YoshikuniJujo/test_haskell
    name: try-gpu-vulkan-khr-swapchain
    pantry-tree:
      sha256: 3245cf5442de451dacffc387334cd9e0f1da823b314d5c183167b4cdbf6ab83f
      size: 679
    subdir: themes/gui/vulkan/try-gpu-vulkan-khr-swapchain
    version: 0.1.0.0
  original:
    commit: 197c7990217e976fe6bf73e0275c0f68c0d659a5
    git: https://github.com/YoshikuniJujo/test_haskell
    subdir: themes/gui/vulkan/try-gpu-vulkan-khr-swapchain
- completed:
    commit: 197c7990217e976fe6bf73e0275c0f68c0d659a5
    git: https://github.com/YoshikuniJujo/test_haskell
    name: try-gpu-vulkan-khr-surface
    pantry-tree:
      sha256: 1bd3145fccd22a5b5708a109dbb831a8b6442ced8a534760ba9f0f262f1d62a9
      size: 910
    subdir: themes/gui/vulkan/try-gpu-vulkan-khr-surface
    version: 0.1.0.2
  original:
    commit: 197c7990217e976fe6bf73e0275c0f68c0d659a5
    git: https://github.com/YoshikuniJujo/test_haskell
    subdir: themes/gui/vulkan/try-gpu-vulkan-khr-surface
- completed:
    commit: 197c7990217e976fe6bf73e0275c0f68c0d659a5
    git: https://github.com/YoshikuniJujo/test_haskell
    name: try-gpu-vulkan-khr-surface-glfw
    pantry-tree:
      sha256: 3887059d896260f08af7cfceaea58865260fc8c629f22c1456b294cb8f12e6e2
      size: 691
    subdir: themes/gui/vulkan/try-gpu-vulkan-khr-surface-glfw
    version: 0.1.0.1
  original:
    commit: 197c7990217e976fe6bf73e0275c0f68c0d659a5
    git: https://github.com/YoshikuniJujo/test_haskell
    subdir: themes/gui/vulkan/try-gpu-vulkan-khr-surface-glfw
- completed:
    commit: 197c7990217e976fe6bf73e0275c0f68c0d659a5
    git: https://github.com/YoshikuniJujo/test_haskell
    name: try-gpu-vulkan-ext-debug-utils
    pantry-tree:
      sha256: 8fb59e4915b7e87c5602ea9ecbba9ddf9bcbe403e1e38ec92b21464dd9cc8bc9
      size: 765
    subdir: themes/gui/vulkan/try-gpu-vulkan-ext-debug-utils
    version: 0.1.0.8
  original:
    commit: 197c7990217e976fe6bf73e0275c0f68c0d659a5
    git: https://github.com/YoshikuniJujo/test_haskell
    subdir: themes/gui/vulkan/try-gpu-vulkan-ext-debug-utils
- completed:
    commit: 197c7990217e976fe6bf73e0275c0f68c0d659a5
    git: https://github.com/YoshikuniJujo/test_haskell
    name: try-gpu-vulkan-cglm
    pantry-tree:
      sha256: 736c03db8f1ffe4c348b95a7c9b01f99b638645c52e24417b708eff3d21f2ed8
      size: 724
    subdir: themes/gui/vulkan/try-gpu-vulkan-cglm
    version: 0.1.0.7
  original:
    commit: 197c7990217e976fe6bf73e0275c0f68c0d659a5
    git: https://github.com/YoshikuniJujo/test_haskell
    subdir: themes/gui/vulkan/try-gpu-vulkan-cglm
- completed:
    commit: 197c7990217e976fe6bf73e0275c0f68c0d659a5
    git: https://github.com/YoshikuniJujo/test_haskell
    name: try-gpu-vulkan-middle-khr-swapchain
    pantry-tree:
      sha256: 1558f1e3186fe1ad8ee735a4366244460a011466e28dbf6da4dde259c0547551
      size: 783
    subdir: themes/gui/vulkan/try-gpu-vulkan-middle-khr-swapchain
    version: 0.1.0.0
  original:
    commit: 197c7990217e976fe6bf73e0275c0f68c0d659a5
    git: https://github.com/YoshikuniJujo/test_haskell
    subdir: themes/gui/vulkan/try-gpu-vulkan-middle-khr-swapchain
- completed:
    commit: 197c7990217e976fe6bf73e0275c0f68c0d659a5
    git: https://github.com/YoshikuniJujo/test_haskell
    name: try-gpu-vulkan-middle-khr-surface
    pantry-tree:
      sha256: 989a83667d9ac8287271c4abaf11259fabf4539cc6081c798f40da92c3bf55f8
      size: 866
    subdir: themes/gui/vulkan/try-gpu-vulkan-middle-khr-surface
    version: 0.1.0.0
  original:
    commit: 197c7990217e976fe6bf73e0275c0f68c0d659a5
    git: https://github.com/YoshikuniJujo/test_haskell
    subdir: themes/gui/vulkan/try-gpu-vulkan-middle-khr-surface
- completed:
    commit: 197c7990217e976fe6bf73e0275c0f68c0d659a5
    git: https://github.com/YoshikuniJujo/test_haskell
    name: try-gpu-vulkan-middle-khr-surface-glfw
    pantry-tree:
      sha256: 181607f25c5aead7c0028e9e243d77d88bd2afd7751d2dcbb7cc6f6f053ec718
      size: 622
    subdir: themes/gui/vulkan/try-gpu-vulkan-middle-khr-surface-glfw
    version: 0.1.0.0
  original:
    commit: 197c7990217e976fe6bf73e0275c0f68c0d659a5
    git: https://github.com/YoshikuniJujo/test_haskell
    subdir: themes/gui/vulkan/try-gpu-vulkan-middle-khr-surface-glfw
- completed:
    commit: 197c7990217e976fe6bf73e0275c0f68c0d659a5
    git: https://github.com/YoshikuniJujo/test_haskell
    name: try-vulkan-middle-ext-debug-utils
    pantry-tree:
      sha256: 9614116cb5ca9bdb90efabd246d82472b7b32c912370f5df5c0560cb2395f773
      size: 1068
    subdir: themes/gui/vulkan/try-vulkan-middle-ext-debug-utils
    version: 0.1.0.4
  original:
    commit: 197c7990217e976fe6bf73e0275c0f68c0d659a5
    git: https://github.com/YoshikuniJujo/test_haskell
    subdir: themes/gui/vulkan/try-vulkan-middle-ext-debug-utils
- completed:
    commit: 197c7990217e976fe6bf73e0275c0f68c0d659a5
    git: https://github.com/YoshikuniJujo/test_haskell
    name: try-gpu-vulkan-core-khr-swapchain
    pantry-tree:
      sha256: 3c1d1bcaa8a48bbd204bcd0cc3b210ff580a6c5cf45d3a9286f16e46d401e218
      size: 614
    subdir: themes/gui/vulkan/try-gpu-vulkan-core-khr-swapchain
    version: 0.1.0.0
  original:
    commit: 197c7990217e976fe6bf73e0275c0f68c0d659a5
    git: https://github.com/YoshikuniJujo/test_haskell
    subdir: themes/gui/vulkan/try-gpu-vulkan-core-khr-swapchain
- completed:
    commit: 197c7990217e976fe6bf73e0275c0f68c0d659a5
    git: https://github.com/YoshikuniJujo/test_haskell
    name: try-gpu-vulkan-core-khr-surface
    pantry-tree:
      sha256: 532b59278492d1a26a25c8250e4507c9c1d9f712ef61f8d33f3d0c4f34772fb6
      size: 700
    subdir: themes/gui/vulkan/try-gpu-vulkan-core-khr-surface
    version: 0.1.0.0
  original:
    commit: 197c7990217e976fe6bf73e0275c0f68c0d659a5
    git: https://github.com/YoshikuniJujo/test_haskell
    subdir: themes/gui/vulkan/try-gpu-vulkan-core-khr-surface
- completed:
    commit: 197c7990217e976fe6bf73e0275c0f68c0d659a5
    git: https://github.com/YoshikuniJujo/test_haskell
    name: try-vulkan-core-ext-debug-utils
    pantry-tree:
      sha256: a7fcfb1a738c70886255b19d03ea79a026994c349e0a7e1e48835fa5301d0915
      size: 751
    subdir: themes/gui/vulkan/try-vulkan-core-ext-debug-utils
    version: 0.1.0.0
  original:
    commit: 197c7990217e976fe6bf73e0275c0f68c0d659a5
    git: https://github.com/YoshikuniJujo/test_haskell
    subdir: themes/gui/vulkan/try-vulkan-core-ext-debug-utils
- completed:
    commit: 197c7990217e976fe6bf73e0275c0f68c0d659a5
    git: https://github.com/YoshikuniJujo/test_haskell
    name: try-cairo-image-samples
    pantry-tree:
      sha256: ca16d48b431d0335d48bd849dae8ac381b80d2860e49af7739c08ec4a59d86fc
      size: 639
    subdir: themes/gui/cairo/try-cairo-image-samples
    version: 0.1.0.10
  original:
    commit: 197c7990217e976fe6bf73e0275c0f68c0d659a5
    git: https://github.com/YoshikuniJujo/test_haskell
    subdir: themes/gui/cairo/try-cairo-image-samples
- completed:
    commit: 67d8121c976e018f0ee33ff08c801cd88e3a11b7
    git: https://github.com/YoshikuniJujo/simple-field.git
    name: simple-field
    pantry-tree:
      sha256: 369eaccc216dd5ca74eea119d28f74ca66182a6d9f2f50f4088b67d62d49170f
      size: 788
    version: 0.1.0.0
  original:
    commit: 67d8121c976e018f0ee33ff08c801cd88e3a11b7
    git: https://github.com/YoshikuniJujo/simple-field.git
- completed:
    commit: b5efabfd256a7bea9ed865b76fb83990476932f9
    git: https://github.com/YoshikuniJujo/simple-gdk3
    name: simple-gdk3
    pantry-tree:
      sha256: edebfef20cccfee49ca1baefaa9edd0d963dbe872f7efb129c4858b2589a8ee9
      size: 4020
    version: 0.1.0.0
  original:
    commit: b5efabfd256a7bea9ed865b76fb83990476932f9
    git: https://github.com/YoshikuniJujo/simple-gdk3
- completed:
    commit: e5e069590dbea7038540b66d9545df33b185e9bf
    git: https://github.com/YoshikuniJujo/x-keysym
    name: x-keysym
    pantry-tree:
      sha256: 7d7bf5e414a57950bc89937197aefe0d38cee0c7dcff41d2846a9b94f6b3d223
      size: 754
    version: 0.1.0.0
  original:
    commit: e5e069590dbea7038540b66d9545df33b185e9bf
    git: https://github.com/YoshikuniJujo/x-keysym
- completed:
    commit: d3193db7979f391f1a307849236b870fd8933709
    git: https://github.com/tanakh/optparse-declarative
    name: optparse-declarative
    pantry-tree:
      sha256: fb9e8378d1025a1615f77e3411c098253031b0381cc8ff04c71eb595bcb79ec0
      size: 1291
    version: 0.4.2
  original:
    commit: d3193db7979f391f1a307849236b870fd8933709
    git: https://github.com/tanakh/optparse-declarative
- completed:
    hackage: gpu-vulkan-0.1.0.155@sha256:61f14fb2627884673077ae49ced49359eaf37206ff2aa0a63220049d0a5e6b13,7887
    pantry-tree:
      sha256: b1968e593a41387ac7803690ee81cd17bb210227dfa1b47e199cfd2d0bd80a0a
      size: 11743
  original:
    hackage: gpu-vulkan-0.1.0.155
- completed:
    hackage: gpu-vulkan-middle-0.1.0.60@sha256:2819b5f160074554ce5c5325dc9fbec3d67fe506731f283be8a21e4bdb2c02c3,8941
    pantry-tree:
      sha256: 5225c5e4fc38c40db9d19bfcff1bbc4109b8e296a44643b045b402a1279e4b61
      size: 13155
  original:
    hackage: gpu-vulkan-middle-0.1.0.60
- completed:
    hackage: gpu-vulkan-core-0.1.0.11@sha256:c50caacbb1468fd351dc9d43ab2322b4b010c454b2e157e36933354cb71d56bb,3475
    pantry-tree:
      sha256: 3c8395e7785847313b67ea646d076950b08e0582212f8566f29fb573d3034951
      size: 5004
  original:
    hackage: gpu-vulkan-core-0.1.0.11
- completed:
    hackage: language-spir-v-0.1.0.1@sha256:856ab0219ee0c2b5ae759ba7c5c8a7421bdc6a8a62f5a6bf05a9171fcfa9c8d0,1991
    pantry-tree:
      sha256: abce419a94c3bceaa50e2a211c1e9de63d47e7b33a2ff8017b04904defd6dcdd
      size: 650
  original:
    hackage: language-spir-v-0.1.0.1
- completed:
    hackage: shaderc-0.1.0.5@sha256:abd04455e790464abf492d2f679a50c11ba9d9fbde034279c7cb9615bd8e563a,2241
    pantry-tree:
      sha256: 21170a1c6843f2555cf2313c3d842ece6a330f007a7f7f78de709bc1578aa5e7
      size: 1402
  original:
    hackage: shaderc-0.1.0.5
- completed:
    hackage: X11-1.10.3@sha256:e0b9a48aab0a963a4b5015287fe3aaf93181697931770a2c8477befe88a9e775,3759
    pantry-tree:
      sha256: 2e0fb5c5f856ed823a359ca92a0f32f7e24cc1f07576f5e63776820a334cd22c
      size: 2861
  original:
    hackage: X11-1.10.3
- completed:
    hackage: X11-xft-0.3.4@sha256:e08bd69d24c40f1a33e6c87964f200656da77ad6a1fbdf6a4073dcb967e65599,1380
    pantry-tree:
      sha256: 0dad74fea9135433d0f4ca7a65dba6c8ac99136bb6cacf901d2ddf795846d0f1
      size: 330
  original:
    hackage: X11-xft-0.3.4
- completed:
    hackage: data-default-class-0.1.2.2@sha256:51400ed341ec87e86a4acf83301c6890e1fc67708e2d0ac519d48e0a14f54c15,1309
    pantry-tree:
      sha256: b9c5a48d3097caa28ec1e1a562e57cc3d0ad8802798430a216e575bf8b9b0ec8
      size: 225
  original:
    hackage: data-default-class-0.1.2.2
snapshots:
- completed:
    sha256: 7fddb148e37575dd57eeba8b6bad5e8d38a0d478bbdeb0a84b40d8d0b1a8755b
    size: 618102
    url: https://raw.githubusercontent.com/commercialhaskell/stackage-snapshots/master/nightly/2024/12/18.yaml
  original: nightly-2024-12-18
