# This file was autogenerated by Stack.
# You should not edit this file by hand.
# For more information, please see the documentation at:
#   https://docs.haskellstack.org/en/stable/lock_files

packages:
- completed:
    commit: 792c7c643100104e7cd5c3cb42c5bd86665c7ee9
    git: https://github.com/YoshikuniJujo/test_haskell
    name: gpu-vulkan-middle
    pantry-tree:
      sha256: 1c3e5ea25c0a4bd151b3bbd8502d37953b04ef5cef1661f1679962194e1d9904
      size: 14906
    subdir: themes/gui/vulkan/gpu-vulkan-middle
    version: 0.1.0.54
  original:
    commit: 792c7c643100104e7cd5c3cb42c5bd86665c7ee9
    git: https://github.com/YoshikuniJujo/test_haskell
    subdir: themes/gui/vulkan/gpu-vulkan-middle
- completed:
    commit: 792c7c643100104e7cd5c3cb42c5bd86665c7ee9
    git: https://github.com/YoshikuniJujo/test_haskell
    name: gpu-vulkan-core
    pantry-tree:
      sha256: a0a4eb359e74c381304a372a321d0f381c53131e59e3c2d3ed50baa956dfde39
      size: 5179
    subdir: themes/gui/vulkan/gpu-vulkan-core
    version: 0.1.0.7
  original:
    commit: 792c7c643100104e7cd5c3cb42c5bd86665c7ee9
    git: https://github.com/YoshikuniJujo/test_haskell
    subdir: themes/gui/vulkan/gpu-vulkan-core
- completed:
    commit: 792c7c643100104e7cd5c3cb42c5bd86665c7ee9
    git: https://github.com/YoshikuniJujo/test_haskell
    name: try-gpu-vulkan-core-khr-surface
    pantry-tree:
      sha256: 532b59278492d1a26a25c8250e4507c9c1d9f712ef61f8d33f3d0c4f34772fb6
      size: 700
    subdir: themes/gui/vulkan/try-gpu-vulkan-core-khr-surface
    version: 0.1.0.0
  original:
    commit: 792c7c643100104e7cd5c3cb42c5bd86665c7ee9
    git: https://github.com/YoshikuniJujo/test_haskell
    subdir: themes/gui/vulkan/try-gpu-vulkan-core-khr-surface
- completed:
    commit: 792c7c643100104e7cd5c3cb42c5bd86665c7ee9
    git: https://github.com/YoshikuniJujo/test_haskell
    name: try-language-spir-v
    pantry-tree:
      sha256: 5802e5028c2943c7bbdad7f643ab5e76f112cbfa07f6acf90f19711d9b3cbd16
      size: 933
    subdir: themes/gui/vulkan/try-language-spir-v
    version: 0.1.0.0
  original:
    commit: 792c7c643100104e7cd5c3cb42c5bd86665c7ee9
    git: https://github.com/YoshikuniJujo/test_haskell
    subdir: themes/gui/vulkan/try-language-spir-v
- completed:
    commit: 792c7c643100104e7cd5c3cb42c5bd86665c7ee9
    git: https://github.com/YoshikuniJujo/test_haskell
    name: try-hetero-parameter-list
    pantry-tree:
      sha256: 039bfb68687ffecc262f6062752d135ce0afc8a555bb0a1b2a62ce62fa3366ba
      size: 671
    subdir: themes/hetero-list/try-hetero-parameter-list
    version: 0.1.0.17
  original:
    commit: 792c7c643100104e7cd5c3cb42c5bd86665c7ee9
    git: https://github.com/YoshikuniJujo/test_haskell
    subdir: themes/hetero-list/try-hetero-parameter-list
- completed:
    commit: 792c7c643100104e7cd5c3cb42c5bd86665c7ee9
    git: https://github.com/YoshikuniJujo/test_haskell
    name: try-storable-peek-poke
    pantry-tree:
      sha256: e20a39bc4ffcaca9313132ebd83c223df065fb338a5735c604dbc65b45b39f9e
      size: 678
    subdir: features/ffi/pointer/try-storable-peek-poke
    version: 0.1.0.1
  original:
    commit: 792c7c643100104e7cd5c3cb42c5bd86665c7ee9
    git: https://github.com/YoshikuniJujo/test_haskell
    subdir: features/ffi/pointer/try-storable-peek-poke
- completed:
    commit: 792c7c643100104e7cd5c3cb42c5bd86665c7ee9
    git: https://github.com/YoshikuniJujo/test_haskell
    name: try-storable-hetero-list
    pantry-tree:
      sha256: 3e934ded210efaa78a7bb727bc53be594570b9ff00148a2fe4178437bc90f592
      size: 602
    subdir: features/ffi/pointer/try-storable-hetero-list
    version: 0.1.0.4
  original:
    commit: 792c7c643100104e7cd5c3cb42c5bd86665c7ee9
    git: https://github.com/YoshikuniJujo/test_haskell
    subdir: features/ffi/pointer/try-storable-hetero-list
- completed:
    hackage: mtl-misc-yj-0.1.0.2@sha256:a7cefb8b63b5406d6ab29dddd2c3913d73e83f3cb902fad931dd59f948192aaf,1768
    pantry-tree:
      sha256: cde0b60f446a4f36bf32642deee33927d57eb35d8323d35723de824093b3dc5a
      size: 377
  original:
    hackage: mtl-misc-yj-0.1.0.2
- completed:
    hackage: text-misc-yj-0.1.0.1@sha256:753f14d0a7a9e343a420b6621b6b14ee46a576af1b9e81774d6395552d45c42c,1757
    pantry-tree:
      sha256: 2320eafbf3e506d2a37652b4d4db400af2486b89838e0744ac3e388aeea38103
      size: 379
  original:
    hackage: text-misc-yj-0.1.0.1
- completed:
    hackage: typelevel-tools-yj-0.1.0.6@sha256:33f336a1cea83dda17d6e1be1b184d7696c988fe7ee056b3b7e0be33a416eefe,2187
    pantry-tree:
      sha256: faccce94148b87b2b39a1d5e8c24c41356e48fac6fceda56075967f66e9a182f
      size: 1395
  original:
    hackage: typelevel-tools-yj-0.1.0.6
snapshots:
- completed:
    sha256: 0c65cc459d037697e6238a11dc0bbdc958a82ac9eb24907f486e33626117ae5e
    size: 672822
    url: https://raw.githubusercontent.com/commercialhaskell/stackage-snapshots/master/nightly/2024/10/30.yaml
  original: nightly-2024-10-30
