# This file was autogenerated by Stack.
# You should not edit this file by hand.
# For more information, please see the documentation at:
#   https://docs.haskellstack.org/en/stable/topics/lock_files

packages:
- completed:
    commit: 141bbbeee447da42396a623ebad6b39f25533866
    git: https://github.com/YoshikuniJujo/test_haskell
    name: try-freer-base-classes
    pantry-tree:
      sha256: fd94dff762dac4f139a9a176d9c4db2c7a519592391df06eec8ec4ce3fef0490
      size: 774
    subdir: themes/freer-effects/yafee/try-freer-base-classes
    version: 0.1.0.0
  original:
    commit: 141bbbeee447da42396a623ebad6b39f25533866
    git: https://github.com/YoshikuniJujo/test_haskell
    subdir: themes/freer-effects/yafee/try-freer-base-classes
snapshots:
- completed:
    sha256: d011ff7706c1dab9ac0357249eca31a081cfadd4f735623b3b08caea1c732672
    size: 674748
    url: https://raw.githubusercontent.com/commercialhaskell/stackage-snapshots/master/nightly/2025/4/4.yaml
  original: nightly-2025-04-04
