# This file was autogenerated by Stack.
# You should not edit this file by hand.
# For more information, please see the documentation at:
#   https://docs.haskellstack.org/en/stable/lock_files

packages:
- completed:
    commit: 33ba848b565dde38a8689fa5b2bdf9d60bd9dbc1
    git: https://github.com/YoshikuniJujo/test_haskell
    name: typelevel-tools
    pantry-tree:
      sha256: 25c007e8734effd1635c1df39a4d549de6c6fac8298cf517b166b4ca4883c7c5
      size: 683
    subdir: themes/type_level/typelevel-tools
    version: 0.1.0.0
  original:
    commit: 33ba848b565dde38a8689fa5b2bdf9d60bd9dbc1
    git: https://github.com/YoshikuniJujo/test_haskell
    subdir: themes/type_level/typelevel-tools
snapshots:
- completed:
    sha256: 1d25e3e0e2edb856951e8903821e0199a1112ab48b76c83f814e4f7596961e89
    size: 598120
    url: https://raw.githubusercontent.com/commercialhaskell/stackage-snapshots/master/nightly/2023/2/14.yaml
  original: nightly-2023-02-14
