# This file was autogenerated by Stack.
# You should not edit this file by hand.
# For more information, please see the documentation at:
#   https://docs.haskellstack.org/en/stable/lock_files

packages:
- completed:
    cabal-file:
      size: 1981
      sha256: 6d9dae5293dd9391dfb9a8986abc6578965a57832b2e1c4851ee0a554f4ef5c3
    name: hello-plugin
    version: 0.1.0.0
    git: https://github.com/YoshikuniJujo/hello-plugin
    pantry-tree:
      size: 1482
      sha256: 87d5513f2179cb23122803ab1224e2f97ce7b391769b8654b24bec5e328c2cbc
    commit: 53c6ee4d0d8c6d5fadff663a27bf4ff4838ef6cd
  original:
    git: https://github.com/YoshikuniJujo/hello-plugin
    commit: 53c6ee4d0d8c6d5fadff663a27bf4ff4838ef6cd
snapshots:
- completed:
    size: 397477
    url: https://raw.githubusercontent.com/commercialhaskell/stackage-snapshots/master/nightly/2019/10/10.yaml
    sha256: a9ecedf3b5394aad33313da80bd0eba6276498685c5dae28da24e77859b8de73
  original: nightly-2019-10-10
