# This file was autogenerated by Stack.
# You should not edit this file by hand.
# For more information, please see the documentation at:
#   https://docs.haskellstack.org/en/stable/lock_files

packages:
- completed:
    commit: 90468c89f06e06c97cf3ba945da6e42a67b7f790
    git: https://github.com/YoshikuniJujo/test_haskell
    name: try-swizzle-set
    pantry-tree:
      sha256: e845d918400f8245390ac4c4c947a2c68f4fb6dd6204abc8773a4f00c3080b64
      size: 1622
    subdir: themes/swizzle/try-swizzle-set
    version: 0.2.0.0
  original:
    commit: 90468c89f06e06c97cf3ba945da6e42a67b7f790
    git: https://github.com/YoshikuniJujo/test_haskell
    subdir: themes/swizzle/try-swizzle-set
snapshots:
- completed:
    sha256: dd421f7a9f444e0c96f381d28fc0adbbd71a1280c9bdc94ebab0be3ce5458bb1
    size: 631516
    url: https://raw.githubusercontent.com/commercialhaskell/stackage-snapshots/master/nightly/2025/1/21.yaml
  original: nightly-2025-01-21
