# This file was autogenerated by Stack.
# You should not edit this file by hand.
# For more information, please see the documentation at:
#   https://docs.haskellstack.org/en/stable/lock_files

packages:
- completed:
    commit: 4263f7a4c387c5c97240232662bd5283764f5c0f
    git: https://github.com/YoshikuniJujo/test_haskell
    name: try-swizzle-set
    pantry-tree:
      sha256: a77bd1f61897bc3c11c5168039dcf516f9967faf8aa17d981aaee5a8f33fbd42
      size: 1479
    subdir: themes/swizzle/try-swizzle-set
    version: 0.1.0.0
  original:
    commit: 4263f7a4c387c5c97240232662bd5283764f5c0f
    git: https://github.com/YoshikuniJujo/test_haskell
    subdir: themes/swizzle/try-swizzle-set
snapshots:
- completed:
    sha256: 3ce900e74d0890ae59692705e21c0dc1312acae79850f64a3b9e339e14612854
    size: 631308
    url: https://raw.githubusercontent.com/commercialhaskell/stackage-snapshots/master/nightly/2025/1/20.yaml
  original: nightly-2025-01-20
