# This file was autogenerated by Stack.
# You should not edit this file by hand.
# For more information, please see the documentation at:
#   https://docs.haskellstack.org/en/stable/lock_files

packages:
- completed:
    commit: 14867e0aa7bcf80d20cd1509472e7e1c059ed9dd
    git: https://github.com/YoshikuniJujo/test_haskell
    name: try-gpu-vulkan-khr-swapchain
    pantry-tree:
      sha256: 1a59dbc47a5d747366bb9ec5ad5e60dbc29d39f98d2d1c14377942fc132fc4e3
      size: 679
    subdir: themes/gui/vulkan/try-gpu-vulkan-khr-swapchain
    version: 0.1.0.0
  original:
    commit: 14867e0aa7bcf80d20cd1509472e7e1c059ed9dd
    git: https://github.com/YoshikuniJujo/test_haskell
    subdir: themes/gui/vulkan/try-gpu-vulkan-khr-swapchain
- completed:
    commit: 14867e0aa7bcf80d20cd1509472e7e1c059ed9dd
    git: https://github.com/YoshikuniJujo/test_haskell
    name: try-gpu-vulkan-khr-surface
    pantry-tree:
      sha256: 1bd3145fccd22a5b5708a109dbb831a8b6442ced8a534760ba9f0f262f1d62a9
      size: 910
    subdir: themes/gui/vulkan/try-gpu-vulkan-khr-surface
    version: 0.1.0.2
  original:
    commit: 14867e0aa7bcf80d20cd1509472e7e1c059ed9dd
    git: https://github.com/YoshikuniJujo/test_haskell
    subdir: themes/gui/vulkan/try-gpu-vulkan-khr-surface
- completed:
    commit: 14867e0aa7bcf80d20cd1509472e7e1c059ed9dd
    git: https://github.com/YoshikuniJujo/test_haskell
    name: try-gpu-vulkan-khr-surface-glfw
    pantry-tree:
      sha256: 93a3a729e6a8b7814a1f4b0ec951878fa338e51f841b0637ec8df9fbb71e4378
      size: 691
    subdir: themes/gui/vulkan/try-gpu-vulkan-khr-surface-glfw
    version: 0.1.0.1
  original:
    commit: 14867e0aa7bcf80d20cd1509472e7e1c059ed9dd
    git: https://github.com/YoshikuniJujo/test_haskell
    subdir: themes/gui/vulkan/try-gpu-vulkan-khr-surface-glfw
- completed:
    commit: 14867e0aa7bcf80d20cd1509472e7e1c059ed9dd
    git: https://github.com/YoshikuniJujo/test_haskell
    name: try-gpu-vulkan-middle-khr-swapchain
    pantry-tree:
      sha256: 1558f1e3186fe1ad8ee735a4366244460a011466e28dbf6da4dde259c0547551
      size: 783
    subdir: themes/gui/vulkan/try-gpu-vulkan-middle-khr-swapchain
    version: 0.1.0.0
  original:
    commit: 14867e0aa7bcf80d20cd1509472e7e1c059ed9dd
    git: https://github.com/YoshikuniJujo/test_haskell
    subdir: themes/gui/vulkan/try-gpu-vulkan-middle-khr-swapchain
- completed:
    commit: 14867e0aa7bcf80d20cd1509472e7e1c059ed9dd
    git: https://github.com/YoshikuniJujo/test_haskell
    name: try-gpu-vulkan-middle-khr-surface
    pantry-tree:
      sha256: 989a83667d9ac8287271c4abaf11259fabf4539cc6081c798f40da92c3bf55f8
      size: 866
    subdir: themes/gui/vulkan/try-gpu-vulkan-middle-khr-surface
    version: 0.1.0.0
  original:
    commit: 14867e0aa7bcf80d20cd1509472e7e1c059ed9dd
    git: https://github.com/YoshikuniJujo/test_haskell
    subdir: themes/gui/vulkan/try-gpu-vulkan-middle-khr-surface
- completed:
    commit: 14867e0aa7bcf80d20cd1509472e7e1c059ed9dd
    git: https://github.com/YoshikuniJujo/test_haskell
    name: try-gpu-vulkan-middle-khr-surface-glfw
    pantry-tree:
      sha256: 181607f25c5aead7c0028e9e243d77d88bd2afd7751d2dcbb7cc6f6f053ec718
      size: 622
    subdir: themes/gui/vulkan/try-gpu-vulkan-middle-khr-surface-glfw
    version: 0.1.0.0
  original:
    commit: 14867e0aa7bcf80d20cd1509472e7e1c059ed9dd
    git: https://github.com/YoshikuniJujo/test_haskell
    subdir: themes/gui/vulkan/try-gpu-vulkan-middle-khr-surface-glfw
- completed:
    commit: 14867e0aa7bcf80d20cd1509472e7e1c059ed9dd
    git: https://github.com/YoshikuniJujo/test_haskell
    name: try-gpu-vulkan-core-khr-swapchain
    pantry-tree:
      sha256: 3c1d1bcaa8a48bbd204bcd0cc3b210ff580a6c5cf45d3a9286f16e46d401e218
      size: 614
    subdir: themes/gui/vulkan/try-gpu-vulkan-core-khr-swapchain
    version: 0.1.0.0
  original:
    commit: 14867e0aa7bcf80d20cd1509472e7e1c059ed9dd
    git: https://github.com/YoshikuniJujo/test_haskell
    subdir: themes/gui/vulkan/try-gpu-vulkan-core-khr-swapchain
- completed:
    commit: 14867e0aa7bcf80d20cd1509472e7e1c059ed9dd
    git: https://github.com/YoshikuniJujo/test_haskell
    name: try-gpu-vulkan-core-khr-surface
    pantry-tree:
      sha256: 532b59278492d1a26a25c8250e4507c9c1d9f712ef61f8d33f3d0c4f34772fb6
      size: 700
    subdir: themes/gui/vulkan/try-gpu-vulkan-core-khr-surface
    version: 0.1.0.0
  original:
    commit: 14867e0aa7bcf80d20cd1509472e7e1c059ed9dd
    git: https://github.com/YoshikuniJujo/test_haskell
    subdir: themes/gui/vulkan/try-gpu-vulkan-core-khr-surface
- completed:
    commit: f621b1d5bf7e1c86434fe3b95d77ba0f040b143a
    git: https://github.com/YoshikuniJujo/glfw-group
    name: glfw-group
    pantry-tree:
      sha256: 4b10f6a797be616688573f55c39a70e39a96e49fb287e94bc114d7912610794b
      size: 1107
    version: 0.1.0.0
  original:
    commit: f621b1d5bf7e1c86434fe3b95d77ba0f040b143a
    git: https://github.com/YoshikuniJujo/glfw-group
- completed:
    hackage: gpu-vulkan-0.1.0.169@sha256:ea38002d03b78499cb3b93ae45db3e2eaec0874f30786e10a3ad77c8b9ec6e87,8054
    pantry-tree:
      sha256: fdf7ea235e9a189c56a47e810d190bc03a6093e9811e2cc5f23bbdb7e77ade2a
      size: 12064
  original:
    hackage: gpu-vulkan-0.1.0.169
- completed:
    hackage: gpu-vulkan-middle-0.1.0.74@sha256:ef19ae89eb542e2905395b47cad930156faf010cb83739a856543b9c958bf750,9124
    pantry-tree:
      sha256: 40a266489b01c5a75cb98320961383fbdbf6b0bc0e901c95ba4fff4253c3cb31
      size: 13576
  original:
    hackage: gpu-vulkan-middle-0.1.0.74
- completed:
    hackage: gpu-vulkan-core-0.1.0.21@sha256:347fcc9b982033e2162d1106e891f6d57ee251a79bdd8f9398f5ca918f3c9e91,3516
    pantry-tree:
      sha256: 65e73d0f6ffe0bfbd8545b31671d21ef2fa69553644474d181917fef1a4a0625
      size: 5235
  original:
    hackage: gpu-vulkan-core-0.1.0.21
- completed:
    hackage: shaderc-0.1.0.7@sha256:559d1ae01a39e1232cfbdde4a5bbb35ce6b481c864cd642939d7ae5ba6064798,2241
    pantry-tree:
      sha256: 51c6bf8342313b5997f05004a55eb369a36594c72e99db0220b883112bed55aa
      size: 1402
  original:
    hackage: shaderc-0.1.0.7
- completed:
    hackage: language-spir-v-0.1.0.3@sha256:c07d92777e2b0e4ac9bd3ef0902e50c046d42edf1a1a98d17e78d039d60d1351,2079
    pantry-tree:
      sha256: 070eec1689892418ff45135d972b3464fc884e102bbbbbf43f99e934d77db5e8
      size: 650
  original:
    hackage: language-spir-v-0.1.0.3
snapshots:
- completed:
    sha256: 0045719743bc3f7e7d7f01733865cf1b6ec1d021be96553570ffb4b68db013d4
    size: 653396
    url: https://raw.githubusercontent.com/commercialhaskell/stackage-snapshots/master/nightly/2025/2/13.yaml
  original: nightly-2025-02-13
