# This file was autogenerated by Stack.
# You should not edit this file by hand.
# For more information, please see the documentation at:
#   https://docs.haskellstack.org/en/stable/lock_files

packages:
- completed:
    commit: c7762f30fe24fd8f23352e145f5298dd79cf1d19
    git: https://github.com/YoshikuniJujo/test_haskell
    name: try-storable-peek-poke
    pantry-tree:
      sha256: 6c0215a46fa947f661ab27b76ad2325fc8d8d4050178cd38dac66855bb4ace68
      size: 678
    subdir: features/ffi/pointer/try-storable-peek-poke
    version: 0.1.0.1
  original:
    commit: c7762f30fe24fd8f23352e145f5298dd79cf1d19
    git: https://github.com/YoshikuniJujo/test_haskell
    subdir: features/ffi/pointer/try-storable-peek-poke
- completed:
    commit: c7762f30fe24fd8f23352e145f5298dd79cf1d19
    git: https://github.com/YoshikuniJujo/test_haskell
    name: try-storable-hetero-list
    pantry-tree:
      sha256: 7fed19bca9a6e9090b47f4874ea101afa1106bfca31e9f4c01cdc34b44f422ea
      size: 602
    subdir: features/ffi/pointer/try-storable-hetero-list
    version: 0.1.0.1
  original:
    commit: c7762f30fe24fd8f23352e145f5298dd79cf1d19
    git: https://github.com/YoshikuniJujo/test_haskell
    subdir: features/ffi/pointer/try-storable-hetero-list
- completed:
    commit: c7762f30fe24fd8f23352e145f5298dd79cf1d19
    git: https://github.com/YoshikuniJujo/test_haskell
    name: try-hetero-parameter-list
    pantry-tree:
      sha256: 7a95da7231123ef81349c86c119512f6274d6410277d7a83f97f0f124c3fd641
      size: 803
    subdir: themes/hetero-list/try-hetero-parameter-list
    version: 0.1.0.0
  original:
    commit: c7762f30fe24fd8f23352e145f5298dd79cf1d19
    git: https://github.com/YoshikuniJujo/test_haskell
    subdir: themes/hetero-list/try-hetero-parameter-list
- completed:
    commit: c7762f30fe24fd8f23352e145f5298dd79cf1d19
    git: https://github.com/YoshikuniJujo/test_haskell
    name: try-vulkan-core
    pantry-tree:
      sha256: 1e135f9b330569ccb8ef1c28601ede00d452c27dbdd61f0d1387e3512ba1289d
      size: 5127
    subdir: themes/gui/vulkan/try-vulkan-core
    version: 0.1.0.1
  original:
    commit: c7762f30fe24fd8f23352e145f5298dd79cf1d19
    git: https://github.com/YoshikuniJujo/test_haskell
    subdir: themes/gui/vulkan/try-vulkan-core
- completed:
    commit: c7762f30fe24fd8f23352e145f5298dd79cf1d19
    git: https://github.com/YoshikuniJujo/test_haskell
    name: try-shaderc
    pantry-tree:
      sha256: 0ca24aacf8c5c6a4e22c54c3749373ac019bfbd42bce36df52919024ab1da3e6
      size: 1612
    subdir: themes/gui/vulkan/try-shaderc
    version: 0.1.0.0
  original:
    commit: c7762f30fe24fd8f23352e145f5298dd79cf1d19
    git: https://github.com/YoshikuniJujo/test_haskell
    subdir: themes/gui/vulkan/try-shaderc
- completed:
    commit: c7762f30fe24fd8f23352e145f5298dd79cf1d19
    git: https://github.com/YoshikuniJujo/test_haskell
    name: typelevel-tools
    pantry-tree:
      sha256: 440a894147110c5ea17be7b28ee6fef29776401a977f7940dc115288c5f21935
      size: 820
    subdir: themes/type_level/typelevel-tools
    version: 0.1.0.1
  original:
    commit: c7762f30fe24fd8f23352e145f5298dd79cf1d19
    git: https://github.com/YoshikuniJujo/test_haskell
    subdir: themes/type_level/typelevel-tools
- completed:
    hackage: union-color-0.1.2.0@sha256:e98fd15e216d2729465fefb4a980a41fcf4b5ba022a40b2a8fbc5d6e7f6dadf8,1326
    pantry-tree:
      sha256: f675b5871b146343c41469c3702b4ffcdb40dab215f2e3bf80333fda44013850
      size: 429
  original:
    hackage: union-color-0.1.2.0
- completed:
    hackage: c-struct-0.1.1.3@sha256:ccba847f44d8c81b1fb3c50e573d0e12d7cb2888f4e524cb316bbb7fde3c7fe9,1445
    pantry-tree:
      sha256: 9b27ad5c171f26eb71a4ed9b0a5b8f4d33259c68036018720d14885f32b9e26c
      size: 506
  original:
    hackage: c-struct-0.1.1.3
snapshots:
- completed:
    sha256: 859c14182cd0c4d1f9b0f7ff8baaefb15c778278fb0ea2fa90cfea326bb4e62c
    size: 598563
    url: https://raw.githubusercontent.com/commercialhaskell/stackage-snapshots/master/nightly/2023/2/27.yaml
  original: nightly-2023-02-27
