# This file was autogenerated by Stack.
# You should not edit this file by hand.
# For more information, please see the documentation at:
#   https://docs.haskellstack.org/en/stable/topics/lock_files

packages:
- completed:
    commit: 149cd71bef84c9e1ba7f847a5a9b893db0ad46fc
    git: https://github.com/YoshikuniJujo/test_haskell
    name: try-yafee-conduit
    pantry-tree:
      sha256: b8f6e79fe629bf9ecd21c918faea3f182b54550a86b74fb14df72b584c940a91
      size: 824
    subdir: themes/freer-effects/yafee/try-yafee-conduit
    version: 0.1.0.0
  original:
    commit: 149cd71bef84c9e1ba7f847a5a9b893db0ad46fc
    git: https://github.com/YoshikuniJujo/test_haskell
    subdir: themes/freer-effects/yafee/try-yafee-conduit
- completed:
    commit: 149cd71bef84c9e1ba7f847a5a9b893db0ad46fc
    git: https://github.com/YoshikuniJujo/test_haskell
    name: try-yafee-conduit-bytestring
    pantry-tree:
      sha256: 3db80bdcf327a3aa159b8b6c42de902d9403c1929b416b8bb8914dde55d1e1d3
      size: 613
    subdir: themes/freer-effects/yafee/try-yafee-conduit-bytestring
    version: 0.1.0.0
  original:
    commit: 149cd71bef84c9e1ba7f847a5a9b893db0ad46fc
    git: https://github.com/YoshikuniJujo/test_haskell
    subdir: themes/freer-effects/yafee/try-yafee-conduit-bytestring
- completed:
    commit: 149cd71bef84c9e1ba7f847a5a9b893db0ad46fc
    git: https://github.com/YoshikuniJujo/test_haskell
    name: try-yafee-rwseft
    pantry-tree:
      sha256: fc96c237d46423ce54008afd8b97d3d47d5b7ab8edb99f5128122e3ac9d1aa33
      size: 1095
    subdir: themes/freer-effects/yafee/try-yafee-rwseft
    version: 0.1.0.0
  original:
    commit: 149cd71bef84c9e1ba7f847a5a9b893db0ad46fc
    git: https://github.com/YoshikuniJujo/test_haskell
    subdir: themes/freer-effects/yafee/try-yafee-rwseft
- completed:
    commit: 149cd71bef84c9e1ba7f847a5a9b893db0ad46fc
    git: https://github.com/YoshikuniJujo/test_haskell
    name: try-yafee
    pantry-tree:
      sha256: c06b9959c388fdb0c50ae0bcd73fa62cd3aaccad50769fb2133f80acad2acf24
      size: 583
    subdir: themes/freer-effects/yafee/try-yafee
    version: 0.1.0.0
  original:
    commit: 149cd71bef84c9e1ba7f847a5a9b893db0ad46fc
    git: https://github.com/YoshikuniJujo/test_haskell
    subdir: themes/freer-effects/yafee/try-yafee
- completed:
    commit: 149cd71bef84c9e1ba7f847a5a9b893db0ad46fc
    git: https://github.com/YoshikuniJujo/test_haskell
    name: freer-monad
    pantry-tree:
      sha256: 8aca93776af95381e97cb197c84cd63f1ce0b2d9df161723c249ce2352ec3bcb
      size: 641
    subdir: themes/freer-effects/yafee/freer-monad
    version: 0.1.0.0
  original:
    commit: 149cd71bef84c9e1ba7f847a5a9b893db0ad46fc
    git: https://github.com/YoshikuniJujo/test_haskell
    subdir: themes/freer-effects/yafee/freer-monad
- completed:
    commit: 149cd71bef84c9e1ba7f847a5a9b893db0ad46fc
    git: https://github.com/YoshikuniJujo/test_haskell
    name: try-control-open-union
    pantry-tree:
      sha256: 6ae6bae5a59c18d774c0c1e35449f4cb9013e84db734bba8b4464f1f58fd1314
      size: 590
    subdir: themes/freer-effects/yafee/try-control-open-union
    version: 0.1.0.0
  original:
    commit: 149cd71bef84c9e1ba7f847a5a9b893db0ad46fc
    git: https://github.com/YoshikuniJujo/test_haskell
    subdir: themes/freer-effects/yafee/try-control-open-union
- completed:
    commit: 149cd71bef84c9e1ba7f847a5a9b893db0ad46fc
    git: https://github.com/YoshikuniJujo/test_haskell
    name: try-freer-base-classes
    pantry-tree:
      sha256: fd94dff762dac4f139a9a176d9c4db2c7a519592391df06eec8ec4ce3fef0490
      size: 774
    subdir: themes/freer-effects/yafee/try-freer-base-classes
    version: 0.1.0.0
  original:
    commit: 149cd71bef84c9e1ba7f847a5a9b893db0ad46fc
    git: https://github.com/YoshikuniJujo/test_haskell
    subdir: themes/freer-effects/yafee/try-freer-base-classes
- completed:
    commit: d3193db7979f391f1a307849236b870fd8933709
    git: https://github.com/tanakh/optparse-declarative
    name: optparse-declarative
    pantry-tree:
      sha256: fb9e8378d1025a1615f77e3411c098253031b0381cc8ff04c71eb595bcb79ec0
      size: 1291
    version: 0.4.2
  original:
    commit: d3193db7979f391f1a307849236b870fd8933709
    git: https://github.com/tanakh/optparse-declarative
snapshots:
- completed:
    sha256: e0744d0b4139228e98a3b6d64bcffdfb61bd01a1083a053d2c9cac039733cfd8
    size: 681591
    url: https://raw.githubusercontent.com/commercialhaskell/stackage-snapshots/master/nightly/2025/4/15.yaml
  original: nightly-2025-04-15
