# This file was autogenerated by Stack.
# You should not edit this file by hand.
# For more information, please see the documentation at:
#   https://docs.haskellstack.org/en/stable/lock_files

packages: []
snapshots:
- completed:
    sha256: 7f37f52e94e7251236071b1c469edfd5dcee0cb0fba74e2f3f9b37e53a134de8
    size: 662269
    url: https://raw.githubusercontent.com/commercialhaskell/stackage-snapshots/master/nightly/2024/9/13.yaml
  original: nightly-2024-09-13
