# This file was autogenerated by Stack.
# You should not edit this file by hand.
# For more information, please see the documentation at:
#   https://docs.haskellstack.org/en/stable/lock_files

packages: []
snapshots:
- completed:
    sha256: ce8a380780db783b9ae69f782659f0b6a6d3e0deed624999ddbe520c3dcd5948
    size: 668755
    url: https://raw.githubusercontent.com/commercialhaskell/stackage-snapshots/master/nightly/2024/10/25.yaml
  original: nightly-2024-10-25
