# This file was autogenerated by Stack.
# You should not edit this file by hand.
# For more information, please see the documentation at:
#   https://docs.haskellstack.org/en/stable/topics/lock_files

packages:
- completed:
    commit: 540d99adbd5b14ee81700ef81be76418e10b0da2
    git: https://github.com/YoshikuniJujo/test_haskell
    name: try-nostr-event-ng
    pantry-tree:
      sha256: 6ed6755f536b909f589aa5d1f72ba56f9d9c53958432bafaad9ce58e56efde8a
      size: 1164
    subdir: themes/sns/nostr/try-nostr-event-ng
    version: 0.1.0.3
  original:
    commit: 540d99adbd5b14ee81700ef81be76418e10b0da2
    git: https://github.com/YoshikuniJujo/test_haskell
    subdir: themes/sns/nostr/try-nostr-event-ng
snapshots:
- completed:
    sha256: f98e8d2cba89b7795d4107f0885b327ab09365f3a24539c850987a11b959dbc1
    size: 771156
    url: https://raw.githubusercontent.com/commercialhaskell/stackage-snapshots/master/nightly/2026/8/13.yaml
  original: nightly-2026-08-13
