# This file was autogenerated by Stack.
# You should not edit this file by hand.
# For more information, please see the documentation at:
#   https://docs.haskellstack.org/en/stable/topics/lock_files

packages:
- completed:
    hackage: ppad-secp256k1-0.5.3@sha256:635e3509b1da5b700fc4285222f7f93406554fcbcdbf7081bee65f9f44f7dc7e,2340
    pantry-tree:
      sha256: 42df9a87eec607bc4f8ff0e5ebf8309d9f0fb2f43996d8568eff26fae76baa41
      size: 626
  original:
    hackage: ppad-secp256k1-0.5.3
- completed:
    hackage: ppad-fixed-0.1.3@sha256:d3ab648469db8bdd95c0fab7a2f6e6d6a04aaec97e405d8f83c921a1c4a14304,2263
    pantry-tree:
      sha256: 55606da1f81eec5d36c3e1b504ce29c57d539f1a35cd736b18e1d91fe2dba3a7
      size: 1025
  original:
    hackage: ppad-fixed-0.1.3
- completed:
    hackage: ppad-hmac-drbg-0.2.1@sha256:75f0ed1883ad8a7f71dbbc3f35a32eed0e76f2f975fc680ace565468227bc8d0,1708
    pantry-tree:
      sha256: ff2bd1294da860d0cda76e847f09b91af60cfdee82f80f28be926ac3b5f87c96
      size: 331
  original:
    hackage: ppad-hmac-drbg-0.2.1
- completed:
    hackage: ppad-sha256-0.3.1@sha256:f2720751bf7c820f452608df02cf5376036d1854d213f5067afd95d3000b5a0b,2201
    pantry-tree:
      sha256: b9c7b2142868472a37769eaaa3590233d5e4b9a8d673f06d366fafdf3b8daae6
      size: 779
  original:
    hackage: ppad-sha256-0.3.1
- completed:
    commit: 97f405f539b6f923debc033263eb15005bd17d86
    git: https://github.com/YoshikuniJujo/test_haskell
    name: try-nostr-event
    pantry-tree:
      sha256: 2c0a3700294160e71939c750a87fa77e80bd36a2eedf8bf7ae42ae6b3f86757b
      size: 862
    subdir: themes/sns/nostr/try-nostr-event
    version: 0.1.0.0
  original:
    commit: 97f405f539b6f923debc033263eb15005bd17d86
    git: https://github.com/YoshikuniJujo/test_haskell
    subdir: themes/sns/nostr/try-nostr-event
snapshots:
- completed:
    sha256: 72cdd5851794184138551f43f0897c28f1a5acdda303b266aa9e910461103b3c
    size: 726784
    url: https://raw.githubusercontent.com/commercialhaskell/stackage-snapshots/master/lts/24/28.yaml
  original:
    url: https://raw.githubusercontent.com/commercialhaskell/stackage-snapshots/master/lts/24/28.yaml
