# This file was autogenerated by Stack.
# You should not edit this file by hand.
# For more information, please see the documentation at:
#   https://docs.haskellstack.org/en/stable/topics/lock_files

packages:
- completed:
    commit: 63e03e863edd16caec568da54ac65fdfc96e29bf
    git: https://github.com/YoshikuniJujo/test_haskell
    name: try-nostr-event-ng
    pantry-tree:
      sha256: e8e984d6f3bdea0c09627eeb5f5db596190628d02bff517492b39f8654bdcc42
      size: 1100
    subdir: themes/sns/nostr/try-nostr-event-ng
    version: 0.1.0.0
  original:
    commit: 63e03e863edd16caec568da54ac65fdfc96e29bf
    git: https://github.com/YoshikuniJujo/test_haskell
    subdir: themes/sns/nostr/try-nostr-event-ng
snapshots:
- completed:
    sha256: 4b2c2cdefd5a75a7a22b0b4929680a42606dae74352ec5e4fa2a08956c8f5c9e
    size: 733110
    url: https://raw.githubusercontent.com/commercialhaskell/stackage-snapshots/master/nightly/2026/3/9.yaml
  original: nightly-2026-03-09
