# This file was autogenerated by Stack.
# You should not edit this file by hand.
# For more information, please see the documentation at:
#   https://docs.haskellstack.org/en/stable/lock_files

packages:
- completed:
    name: c-struct
    version: 0.1.1.1
    git: https://github.com/YoshikuniJujo/c-struct
    pantry-tree:
      size: 692
      sha256: 7f1d6268acfefb31f0dd3fecd8c6b69a882c69e3f9100ca93c3619a4b2b63068
    commit: e3df1cf96e34a265eac055b77289eeb4690502bf
  original:
    git: https://github.com/YoshikuniJujo/c-struct
    commit: e3df1cf96e34a265eac055b77289eeb4690502bf
snapshots:
- completed:
    size: 567669
    url: https://raw.githubusercontent.com/commercialhaskell/stackage-snapshots/master/lts/17/12.yaml
    sha256: facf6cac73b22a83ca955b580a98a7a09ed71f8f974c7a55d28e608c23e689a9
  original: lts-17.12
