# This file was autogenerated by Stack.
# You should not edit this file by hand.
# For more information, please see the documentation at:
#   https://docs.haskellstack.org/en/stable/topics/lock_files

packages: []
snapshots:
- completed:
    sha256: cd7c0bda539e01dd990b90e13f3c82169c16e65052557cf49fdd93590c5a7931
    size: 692684
    url: https://raw.githubusercontent.com/commercialhaskell/stackage-snapshots/master/nightly/2025/9/16.yaml
  original: nightly-2025-09-16
