# This file was autogenerated by Stack.
# You should not edit this file by hand.
# For more information, please see the documentation at:
#   https://docs.haskellstack.org/en/stable/topics/lock_files

packages:
- completed:
    commit: 39f9c719b79e8d415696bae60aac20b30e9f202e
    git: https://github.com/YoshikuniJujo/test_haskell
    name: try-yaftee
    pantry-tree:
      sha256: ac19af5db6697aa153b0fd73ca448f1d9dd76b83bbd690b89e949f8a0e01885a
      size: 585
    subdir: themes/freer-effects/yaftee/try-yaftee
    version: 0.1.0.0
  original:
    commit: 39f9c719b79e8d415696bae60aac20b30e9f202e
    git: https://github.com/YoshikuniJujo/test_haskell
    subdir: themes/freer-effects/yaftee/try-yaftee
- completed:
    commit: 39f9c719b79e8d415696bae60aac20b30e9f202e
    git: https://github.com/YoshikuniJujo/test_haskell
    name: try-yaftee-conduit
    pantry-tree:
      sha256: ffad95ccf337af05ca453553cc178daec3e939afb491430ab635557ce2ae4bd2
      size: 827
    subdir: themes/freer-effects/yaftee/try-yaftee-conduit
    version: 0.1.0.0
  original:
    commit: 39f9c719b79e8d415696bae60aac20b30e9f202e
    git: https://github.com/YoshikuniJujo/test_haskell
    subdir: themes/freer-effects/yaftee/try-yaftee-conduit
- completed:
    commit: 39f9c719b79e8d415696bae60aac20b30e9f202e
    git: https://github.com/YoshikuniJujo/test_haskell
    name: try-yaftee-conduit-mono-traversable
    pantry-tree:
      sha256: 9ff4ee9455397181a57f11d252201148d3ce38d02ec070ac2325fb2246ec2331
      size: 722
    subdir: themes/freer-effects/yaftee/try-yaftee-conduit-mono-traversable
    version: 0.1.0.0
  original:
    commit: 39f9c719b79e8d415696bae60aac20b30e9f202e
    git: https://github.com/YoshikuniJujo/test_haskell
    subdir: themes/freer-effects/yaftee/try-yaftee-conduit-mono-traversable
- completed:
    commit: 39f9c719b79e8d415696bae60aac20b30e9f202e
    git: https://github.com/YoshikuniJujo/test_haskell
    name: try-yaftee-conduit-bytestring
    pantry-tree:
      sha256: 06120181da43ad2b69051af237695c1b583518c102a0057bfcd33e078d3517aa
      size: 1538
    subdir: themes/freer-effects/yaftee/try-yaftee-conduit-bytestring
    version: 0.1.0.9
  original:
    commit: 39f9c719b79e8d415696bae60aac20b30e9f202e
    git: https://github.com/YoshikuniJujo/test_haskell
    subdir: themes/freer-effects/yaftee/try-yaftee-conduit-bytestring
- completed:
    commit: 39f9c719b79e8d415696bae60aac20b30e9f202e
    git: https://github.com/YoshikuniJujo/test_haskell
    name: try-yaftee-conduit-bytestring-ft
    pantry-tree:
      sha256: a996c69a34e3578eb203ef3aa56a34b4cbd0d2b55c4ea29d5a32b635e9effdf4
      size: 740
    subdir: themes/freer-effects/yaftee/try-yaftee-conduit-bytestring-ft
    version: 0.1.0.0
  original:
    commit: 39f9c719b79e8d415696bae60aac20b30e9f202e
    git: https://github.com/YoshikuniJujo/test_haskell
    subdir: themes/freer-effects/yaftee/try-yaftee-conduit-bytestring-ft
- completed:
    commit: 39f9c719b79e8d415696bae60aac20b30e9f202e
    git: https://github.com/YoshikuniJujo/test_haskell
    name: try-yaftee-basic-monads
    pantry-tree:
      sha256: 71246c671d2c9aa61559820177e2f2a76961501920dd1966b88d3d99e523559d
      size: 1308
    subdir: themes/freer-effects/yaftee/try-yaftee-basic-monads
    version: 0.1.0.7
  original:
    commit: 39f9c719b79e8d415696bae60aac20b30e9f202e
    git: https://github.com/YoshikuniJujo/test_haskell
    subdir: themes/freer-effects/yaftee/try-yaftee-basic-monads
- completed:
    commit: 39f9c719b79e8d415696bae60aac20b30e9f202e
    git: https://github.com/YoshikuniJujo/test_haskell
    name: try-higher-order-freer-monad
    pantry-tree:
      sha256: 57871a225a3d7983b643f131211a7ac9fe18fe990052ad91a8605721460010b3
      size: 604
    subdir: themes/freer-effects/yaftee/try-higher-order-freer-monad
    version: 0.1.0.0
  original:
    commit: 39f9c719b79e8d415696bae60aac20b30e9f202e
    git: https://github.com/YoshikuniJujo/test_haskell
    subdir: themes/freer-effects/yaftee/try-higher-order-freer-monad
- completed:
    commit: 39f9c719b79e8d415696bae60aac20b30e9f202e
    git: https://github.com/YoshikuniJujo/test_haskell
    name: try-higher-order-open-union
    pantry-tree:
      sha256: 239b57577f77480efedd1963d951c22dbdae4da9bb117745ba4cb06f948affb3
      size: 777
    subdir: themes/freer-effects/yaftee/try-higher-order-open-union
    version: 0.1.0.1
  original:
    commit: 39f9c719b79e8d415696bae60aac20b30e9f202e
    git: https://github.com/YoshikuniJujo/test_haskell
    subdir: themes/freer-effects/yaftee/try-higher-order-open-union
- completed:
    commit: 39f9c719b79e8d415696bae60aac20b30e9f202e
    git: https://github.com/YoshikuniJujo/test_haskell
    name: try-bitarray-bs
    pantry-tree:
      sha256: be6284eeedbd5121a39120a9df9d4911d67bc2f70559d555863cc57ed7c7ada4
      size: 733
    subdir: themes/freer-effects/yaftee/try-bitarray-bs
    version: 0.1.0.1
  original:
    commit: 39f9c719b79e8d415696bae60aac20b30e9f202e
    git: https://github.com/YoshikuniJujo/test_haskell
    subdir: themes/freer-effects/yaftee/try-bitarray-bs
- completed:
    commit: 39f9c719b79e8d415696bae60aac20b30e9f202e
    git: https://github.com/YoshikuniJujo/test_haskell
    name: try-gzip-yaftee-zlib-ft
    pantry-tree:
      sha256: 45c2423df51c4af9d55be0dd50dfbb347269a170b7161f4845bbc6adc5f26882
      size: 2520
    subdir: themes/freer-effects/yaftee/try_using/try-gzip-yaftee-zlib-ft
    version: 0.1.0.0
  original:
    commit: 39f9c719b79e8d415696bae60aac20b30e9f202e
    git: https://github.com/YoshikuniJujo/test_haskell
    subdir: themes/freer-effects/yaftee/try_using/try-gzip-yaftee-zlib-ft
- completed:
    commit: 39f9c719b79e8d415696bae60aac20b30e9f202e
    git: https://github.com/YoshikuniJujo/test_haskell
    name: try-yaftee-cairo-image-seq
    pantry-tree:
      sha256: 681a17ae9749c3eabbb11fdc83521ee6a847d54e851ffee5b6d3d195c6c18569
      size: 647
    subdir: themes/freer-effects/yaftee/try_using/try-yaftee-cairo-image-seq
    version: 0.1.0.0
  original:
    commit: 39f9c719b79e8d415696bae60aac20b30e9f202e
    git: https://github.com/YoshikuniJujo/test_haskell
    subdir: themes/freer-effects/yaftee/try_using/try-yaftee-cairo-image-seq
- completed:
    commit: 39f9c719b79e8d415696bae60aac20b30e9f202e
    git: https://github.com/YoshikuniJujo/test_haskell
    name: try-zlib-library
    pantry-tree:
      sha256: 34cd2bc8d939db40851bb19bbe70af746d76ac14454b7c250a73e700bb14cb2a
      size: 713
    subdir: themes/freer-effects/yaftee/try_using/try-zlib-library
    version: 0.1.0.0
  original:
    commit: 39f9c719b79e8d415696bae60aac20b30e9f202e
    git: https://github.com/YoshikuniJujo/test_haskell
    subdir: themes/freer-effects/yaftee/try_using/try-zlib-library
- completed:
    commit: 39f9c719b79e8d415696bae60aac20b30e9f202e
    git: https://github.com/YoshikuniJujo/test_haskell
    name: try-ftcqueue
    pantry-tree:
      sha256: 0696950b00b57082a55be1cbfb806ce14fe1f2e5cf7776cd0b085ab7b769929b
      size: 574
    subdir: themes/freer-effects/common/try-ftcqueue
    version: 0.1.0.0
  original:
    commit: 39f9c719b79e8d415696bae60aac20b30e9f202e
    git: https://github.com/YoshikuniJujo/test_haskell
    subdir: themes/freer-effects/common/try-ftcqueue
- completed:
    commit: 39f9c719b79e8d415696bae60aac20b30e9f202e
    git: https://github.com/YoshikuniJujo/test_haskell
    name: try-freer-base-classes
    pantry-tree:
      sha256: 837f6c1b1e56efa3935894e0c147dc0648f32ceb7df4542fd0b0d59872288f08
      size: 675
    subdir: themes/freer-effects/common/try-freer-base-classes
    version: 0.1.0.0
  original:
    commit: 39f9c719b79e8d415696bae60aac20b30e9f202e
    git: https://github.com/YoshikuniJujo/test_haskell
    subdir: themes/freer-effects/common/try-freer-base-classes
- completed:
    commit: 39f9c719b79e8d415696bae60aac20b30e9f202e
    git: https://github.com/YoshikuniJujo/test_haskell
    name: try-bytestring-ft
    pantry-tree:
      sha256: 09dc57de33a0da380fe810567466ec27f6d611ac960d318c714af78297c1f4d8
      size: 970
    subdir: packages/bytestring/try-bytestring-ft
    version: 0.1.0.1
  original:
    commit: 39f9c719b79e8d415696bae60aac20b30e9f202e
    git: https://github.com/YoshikuniJujo/test_haskell
    subdir: packages/bytestring/try-bytestring-ft
- completed:
    commit: 39f9c719b79e8d415696bae60aac20b30e9f202e
    git: https://github.com/YoshikuniJujo/test_haskell
    name: try-zlib-core
    pantry-tree:
      sha256: d2ddfce348dbd938ad53e3bbf8125536513e2e9f5518d7878dc8576cdb62355a
      size: 1629
    subdir: wrapper/zlib/try-zlib-core
    version: 0.1.0.0
  original:
    commit: 39f9c719b79e8d415696bae60aac20b30e9f202e
    git: https://github.com/YoshikuniJujo/test_haskell
    subdir: wrapper/zlib/try-zlib-core
snapshots:
- completed:
    sha256: d7298f063488cee81798b1fad30d9cf529aeb76f637f462546b8f9f8d93f724e
    size: 696614
    url: https://raw.githubusercontent.com/commercialhaskell/stackage-snapshots/master/nightly/2025/10/2.yaml
  original: nightly-2025-10-02
