# This file was autogenerated by Stack.
# You should not edit this file by hand.
# For more information, please see the documentation at:
#   https://docs.haskellstack.org/en/stable/lock_files

packages:
- completed:
    hackage: tools-yj-0.1.0.21@sha256:63b1c4646404bfb6c997ad11f67838c1b6798a82417f9ed50d62cfb6c3c56f03,2186
    pantry-tree:
      sha256: f87701f2a43e4391f67480dab937a4853805449413a385a882350c7c4d452eb1
      size: 1099
  original:
    hackage: tools-yj-0.1.0.21
snapshots:
- completed:
    sha256: 76c2c51158564402ff34d49d9216fbcd97d909e03dec45ee137916233937a11e
    size: 620698
    url: https://raw.githubusercontent.com/commercialhaskell/stackage-snapshots/master/nightly/2024/12/30.yaml
  original: nightly-2024-12-30
