# This file was autogenerated by Stack.
# You should not edit this file by hand.
# For more information, please see the documentation at:
#   https://docs.haskellstack.org/en/stable/lock_files

packages:
- completed:
    name: simple-cairo
    version: 0.1.0.0
    git: https://github.com/YoshikuniJujo/simple-cairo
    pantry-tree:
      size: 4744
      sha256: 84a95e9fd40d9b453429b11969a4f52a7d1947ff4960bc6ca8368e6cb0453a01
    commit: b52835bfc24ad719d2088b2592e314e6c5e3f19c
  original:
    git: https://github.com/YoshikuniJujo/simple-cairo
    commit: b52835bfc24ad719d2088b2592e314e6c5e3f19c
- completed:
    name: cairo-image
    version: 0.1.0.0
    git: https://github.com/YoshikuniJujo/cairo-image
    pantry-tree:
      size: 887
      sha256: 46d3b277fcd23a824bc7d035f7288a16db7a211cef6fa858e85c24f079d1cf8a
    commit: 905c6bf5edf2cee7be806ac5112f53d54012d5ce
  original:
    git: https://github.com/YoshikuniJujo/cairo-image
    commit: 905c6bf5edf2cee7be806ac5112f53d54012d5ce
- completed:
    name: JuicyCairo
    version: 0.1.0.0
    git: https://github.com/YoshikuniJujo/JuicyCairo
    pantry-tree:
      size: 621
      sha256: 53a5dc38c1d87f107f8c29ddc3c5117456813b02db51f8e7c71f825735686508
    commit: ff6c900967213c6c5df1c2b748cfb8e2ce5a1fe0
  original:
    git: https://github.com/YoshikuniJujo/JuicyCairo
    commit: ff6c900967213c6c5df1c2b748cfb8e2ce5a1fe0
snapshots:
- completed:
    size: 567037
    url: https://raw.githubusercontent.com/commercialhaskell/stackage-snapshots/master/lts/17/9.yaml
    sha256: d7d8d5106e53d1669964bd8bd2b0f88a5ad192d772f5376384b76738fd992311
  original:
    url: https://raw.githubusercontent.com/commercialhaskell/stackage-snapshots/master/lts/17/9.yaml
