# This file was autogenerated by Stack.
# You should not edit this file by hand.
# For more information, please see the documentation at:
#   https://docs.haskellstack.org/en/stable/lock_files

packages: []
snapshots:
- completed:
    sha256: 7be2fa6693c8e95037267408566b93db0e6f70cad4a3b12aa42798770f51601d
    size: 712800
    url: https://raw.githubusercontent.com/commercialhaskell/stackage-snapshots/master/nightly/2023/12/13.yaml
  original: nightly-2023-12-13
