# This file was autogenerated by Stack.
# You should not edit this file by hand.
# For more information, please see the documentation at:
#   https://docs.haskellstack.org/en/stable/lock_files

packages:
- completed:
    name: c-enum
    version: 0.1.1.2
    git: https://github.com/YoshikuniJujo/c-enum.git
    pantry-tree:
      size: 616
      sha256: a4c0a27580da8c65e86c783713e21074310626b2095a1d100158b6ecb423cb7e
    commit: 091c3697290208267e359d30130b4420ba474529
  original:
    git: https://github.com/YoshikuniJujo/c-enum.git
    commit: 091c3697290208267e359d30130b4420ba474529
snapshots:
- completed:
    size: 586103
    url: https://raw.githubusercontent.com/commercialhaskell/stackage-snapshots/master/lts/18/19.yaml
    sha256: 32716534fff554b7f90762130fdb985cabf29f157758934dd1c8f3892a646430
  original:
    url: https://raw.githubusercontent.com/commercialhaskell/stackage-snapshots/master/lts/18/19.yaml
