# This file was autogenerated by Stack.
# You should not edit this file by hand.
# For more information, please see the documentation at:
#   https://docs.haskellstack.org/en/stable/lock_files

packages:
- completed:
    name: simple-cairo
    version: 0.1.0.0
    git: https://github.com/YoshikuniJujo/simple-cairo
    pantry-tree:
      size: 5014
      sha256: 091b23940f31b464f16253edd7aca3b314401ff5a858533f5943262ec85e6d05
    commit: b77ce2f7e2d3f0c4b22651cf1705f23be91be72b
  original:
    git: https://github.com/YoshikuniJujo/simple-cairo
    commit: b77ce2f7e2d3f0c4b22651cf1705f23be91be72b
- completed:
    name: cairo-image
    version: 0.1.0.0
    git: https://github.com/YoshikuniJujo/cairo-image
    pantry-tree:
      size: 887
      sha256: 46d3b277fcd23a824bc7d035f7288a16db7a211cef6fa858e85c24f079d1cf8a
    commit: 905c6bf5edf2cee7be806ac5112f53d54012d5ce
  original:
    git: https://github.com/YoshikuniJujo/cairo-image
    commit: 905c6bf5edf2cee7be806ac5112f53d54012d5ce
- completed:
    name: JuicyCairo
    version: 0.1.0.0
    git: https://github.com/YoshikuniJujo/JuicyCairo
    pantry-tree:
      size: 622
      sha256: 7af8d7bb8915566ab63cb40ccde07361e8282f3784ac7b9a4c571dfb945deee6
    commit: 67aceebb48e90e72a2e60c095b91bc6e56b0ca19
  original:
    git: https://github.com/YoshikuniJujo/JuicyCairo
    commit: 67aceebb48e90e72a2e60c095b91bc6e56b0ca19
snapshots:
- completed:
    size: 587546
    url: https://raw.githubusercontent.com/commercialhaskell/stackage-snapshots/master/lts/18/10.yaml
    sha256: 88b4f81e162ba3adc230a9fcccc4d19ac116377656bab56c7382ca88598b257a
  original:
    url: https://raw.githubusercontent.com/commercialhaskell/stackage-snapshots/master/lts/18/10.yaml
