# This file was autogenerated by Stack.
# You should not edit this file by hand.
# For more information, please see the documentation at:
#   https://docs.haskellstack.org/en/stable/lock_files

packages:
- completed:
    commit: 1c754f71ce99c62eb0dd39a6dee4543548786cd7
    git: https://github.com/YoshikuniJujo/gpu-vulkan.git
    name: gpu-vulkan
    pantry-tree:
      sha256: becd4245f1272540558c67b94c9b0222ec6bde9ab71273ce5fb9d4f147a74dee
      size: 12661
    version: 0.1.0.168
  original:
    commit: 1c754f71ce99c62eb0dd39a6dee4543548786cd7
    git: https://github.com/YoshikuniJujo/gpu-vulkan.git
- completed:
    commit: a7dbf3a1637ef59bc0bbdcfcfe6f18744ef6b2a0
    git: https://github.com/YoshikuniJujo/gpu-vulkan-middle.git
    name: gpu-vulkan-middle
    pantry-tree:
      sha256: e0c265c08224cc122e8eb93ec584f40b9dee042866e2f8b93e2cbc486fe8d417
      size: 16139
    version: 0.1.0.74
  original:
    commit: a7dbf3a1637ef59bc0bbdcfcfe6f18744ef6b2a0
    git: https://github.com/YoshikuniJujo/gpu-vulkan-middle.git
- completed:
    commit: bf6219f56a7a99678f1bca7bbdb485737186abcf
    git: https://github.com/YoshikuniJujo/gpu-vulkan-core.git
    name: gpu-vulkan-core
    pantry-tree:
      sha256: 9364c7566f9b18a331c8c12c733a1068cd1fe8a8c24f72339f2f73fe884ebf0e
      size: 5637
    version: 0.1.0.21
  original:
    commit: bf6219f56a7a99678f1bca7bbdb485737186abcf
    git: https://github.com/YoshikuniJujo/gpu-vulkan-core.git
- completed:
    hackage: shaderc-0.1.0.7@sha256:559d1ae01a39e1232cfbdde4a5bbb35ce6b481c864cd642939d7ae5ba6064798,2241
    pantry-tree:
      sha256: 51c6bf8342313b5997f05004a55eb369a36594c72e99db0220b883112bed55aa
      size: 1402
  original:
    hackage: shaderc-0.1.0.7
- completed:
    hackage: language-spir-v-0.1.0.3@sha256:c07d92777e2b0e4ac9bd3ef0902e50c046d42edf1a1a98d17e78d039d60d1351,2079
    pantry-tree:
      sha256: 070eec1689892418ff45135d972b3464fc884e102bbbbbf43f99e934d77db5e8
      size: 650
  original:
    hackage: language-spir-v-0.1.0.3
snapshots:
- completed:
    sha256: 95ce1c0791aa69108455efc5763884d84e461bcf904c7593d4df1dfd09a6c9f2
    size: 650392
    url: https://raw.githubusercontent.com/commercialhaskell/stackage-snapshots/master/nightly/2025/2/3.yaml
  original: nightly-2025-02-03
