# This file was autogenerated by Stack.
# You should not edit this file by hand.
# For more information, please see the documentation at:
#   https://docs.haskellstack.org/en/stable/topics/lock_files

packages:
- completed:
    commit: 70edd153322c32129edcbd8219b0511a60dbe486
    git: https://github.com/tanakh/optparse-declarative
    name: optparse-declarative
    pantry-tree:
      sha256: e1d970e6c01efaa358c1c8fd54753eac3333e92a5838762d53f6c808939b094f
      size: 1555
    version: 0.4.3
  original:
    commit: 70edd153322c32129edcbd8219b0511a60dbe486
    git: https://github.com/tanakh/optparse-declarative
snapshots:
- completed:
    sha256: bb4573472231346b68dc23e6db1bf8f0355bb3e3f38a19ba00503f2d71441e95
    size: 735726
    url: https://raw.githubusercontent.com/commercialhaskell/stackage-snapshots/master/nightly/2026/4/1.yaml
  original: nightly-2026-04-01
