# This file was autogenerated by Stack.
# You should not edit this file by hand.
# For more information, please see the documentation at:
#   https://docs.haskellstack.org/en/stable/lock_files

packages:
- completed:
    name: simple-cairo
    version: 0.1.0.0
    git: https://github.com/YoshikuniJujo/simple-cairo
    pantry-tree:
      size: 1216
      sha256: f5ddd6b124a171fb47eb4fd081bb6dc05d9983bdffc586e50cabd3734e9ddf65
    commit: 3ba2cb8f168ad5c3ed74920539aa4bdf07058651
  original:
    git: https://github.com/YoshikuniJujo/simple-cairo
    commit: 3ba2cb8f168ad5c3ed74920539aa4bdf07058651
snapshots:
- completed:
    size: 532386
    url: https://raw.githubusercontent.com/commercialhaskell/stackage-snapshots/master/lts/16/17.yaml
    sha256: d3ee1ae797cf63189c95cf27f00700304946c5cb3c1e6a82001cd6584a221e1b
  original: lts-16.17
