# This file was autogenerated by Stack.
# You should not edit this file by hand.
# For more information, please see the documentation at:
#   https://docs.haskellstack.org/en/stable/lock_files

packages:
- completed:
    name: simple-cairo
    version: 0.1.0.0
    git: https://github.com/YoshikuniJujo/simple-cairo
    pantry-tree:
      size: 1792
      sha256: 6be52c0893a33b4db2911d42574b2e076af26ac7d32e03648388b7da0e3da330
    commit: a44af558cb59dd910ae53d694aebd5f232f9d5b0
  original:
    git: https://github.com/YoshikuniJujo/simple-cairo
    commit: a44af558cb59dd910ae53d694aebd5f232f9d5b0
- completed:
    name: JuicyCairo
    version: 0.1.0.0
    git: https://github.com/YoshikuniJujo/JuicyCairo
    pantry-tree:
      size: 574
      sha256: be686d2e99f39fa282b79f9058818babdf3a0ca060d571f532bf66d78ababc14
    commit: 6cf7bb0e956f79742c2f2caa02e5e3f451b36c2b
  original:
    git: https://github.com/YoshikuniJujo/JuicyCairo
    commit: 6cf7bb0e956f79742c2f2caa02e5e3f451b36c2b
- completed:
    name: cairo-image
    version: 0.1.0.0
    git: https://github.com/YoshikuniJujo/cairo-image.git
    pantry-tree:
      size: 815
      sha256: cd544d7abb0292495b6f1fffccf1422e119557a656292c456190123ec07e850f
    commit: f1be5264bdf8fa95b8195c34a2fee63e268c078c
  original:
    git: https://github.com/YoshikuniJujo/cairo-image.git
    commit: f1be5264bdf8fa95b8195c34a2fee63e268c078c
snapshots:
- completed:
    size: 568887
    url: https://raw.githubusercontent.com/commercialhaskell/stackage-snapshots/master/nightly/2021/2/25.yaml
    sha256: ece4fbc22b6e3dcc608f68447eccb00f9c114b8b1fbaf55ff607ecf7a56e8eeb
  original: nightly-2021-02-25
