# This file was autogenerated by Stack.
# You should not edit this file by hand.
# For more information, please see the documentation at:
#   https://docs.haskellstack.org/en/stable/topics/lock_files

packages:
- completed:
    commit: 35e80608435d16190df9bd39b78f9c1d757a0cb5
    git: https://github.com/YoshikuniJujo/test_haskell
    name: try-ftcqueue
    pantry-tree:
      sha256: 0635e23bae045124f4ca48666e6e7679cd025c5d9a0d6a5ee96aeba5bb16f4cb
      size: 574
    subdir: themes/freer-effects/common/try-ftcqueue
    version: 0.1.0.0
  original:
    commit: 35e80608435d16190df9bd39b78f9c1d757a0cb5
    git: https://github.com/YoshikuniJujo/test_haskell
    subdir: themes/freer-effects/common/try-ftcqueue
- completed:
    commit: 35e80608435d16190df9bd39b78f9c1d757a0cb5
    git: https://github.com/YoshikuniJujo/test_haskell
    name: try-freer-base-classes
    pantry-tree:
      sha256: 837f6c1b1e56efa3935894e0c147dc0648f32ceb7df4542fd0b0d59872288f08
      size: 675
    subdir: themes/freer-effects/common/try-freer-base-classes
    version: 0.1.0.0
  original:
    commit: 35e80608435d16190df9bd39b78f9c1d757a0cb5
    git: https://github.com/YoshikuniJujo/test_haskell
    subdir: themes/freer-effects/common/try-freer-base-classes
snapshots:
- completed:
    sha256: f592ccae88c5efa69a260bd28753475c1d076d0d3d301ecada7c38f0df363e54
    size: 685947
    url: https://raw.githubusercontent.com/commercialhaskell/stackage-snapshots/master/nightly/2025/5/1.yaml
  original: nightly-2025-05-01
