# This file was autogenerated by Stack.
# You should not edit this file by hand.
# For more information, please see the documentation at:
#   https://docs.haskellstack.org/en/stable/lock_files

packages:
- completed:
    commit: f4933bf3a52007533b580104574b575f4bffd0e3
    git: https://github.com/YoshikuniJujo/swizzle
    name: swizzle
    pantry-tree:
      sha256: 564f1533130aebd7ad0398d4d4c6b3d1ce42ba185d50ec8339db50840f2729ae
      size: 1533
    version: 0.1.0.0
  original:
    commit: f4933bf3a52007533b580104574b575f4bffd0e3
    git: https://github.com/YoshikuniJujo/swizzle
snapshots:
- completed:
    sha256: ecd239d0bc1d0fc6a03846a2d16a14eb387f4804560b2952e25b6c33553c7568
    size: 621381
    url: https://raw.githubusercontent.com/commercialhaskell/stackage-snapshots/master/nightly/2025/1/10.yaml
  original: nightly-2025-01-10
