# This file was autogenerated by Stack.
# You should not edit this file by hand.
# For more information, please see the documentation at:
#   https://docs.haskellstack.org/en/stable/lock_files

packages:
- completed:
    commit: 9a4d58a620e23379a4032e15d63f4e2acd9b7a8b
    git: https://github.com/YoshikuniJujo/test_haskell
    name: try-storable-peek-poke
    pantry-tree:
      sha256: ffad77863447d572674d88b4d9afd2dea4f7d7c11bc9596385ad69d3f408630d
      size: 597
    subdir: features/ffi/pointer/try-storable-peek-poke
    version: 0.1.0.0
  original:
    commit: 9a4d58a620e23379a4032e15d63f4e2acd9b7a8b
    git: https://github.com/YoshikuniJujo/test_haskell
    subdir: features/ffi/pointer/try-storable-peek-poke
snapshots:
- completed:
    sha256: 1d25e3e0e2edb856951e8903821e0199a1112ab48b76c83f814e4f7596961e89
    size: 598120
    url: https://raw.githubusercontent.com/commercialhaskell/stackage-snapshots/master/nightly/2023/2/14.yaml
  original: nightly-2023-02-14
