# This file was autogenerated by Stack.
# You should not edit this file by hand.
# For more information, please see the documentation at:
#   https://docs.haskellstack.org/en/stable/lock_files

packages:
- completed:
    commit: 32164f3a888f4b53cc90b73972ebca6b9fd724fb
    git: https://github.com/YoshikuniJujo/test_haskell
    name: storable-peek-poke
    pantry-tree:
      sha256: 48ca3d7f3caa0d3c3814cf7baf73c87c2470c6659d3a9ba136fc4b0872ad47cf
      size: 674
    subdir: features/ffi/pointer/storable-peek-poke
    version: 0.1.0.1
  original:
    commit: 32164f3a888f4b53cc90b73972ebca6b9fd724fb
    git: https://github.com/YoshikuniJujo/test_haskell
    subdir: features/ffi/pointer/storable-peek-poke
- completed:
    commit: 32164f3a888f4b53cc90b73972ebca6b9fd724fb
    git: https://github.com/YoshikuniJujo/test_haskell
    name: try-storable-hetero-list
    pantry-tree:
      sha256: 90683cb1e334f2bc4e879d69e26ce9a57f2e7afd613194c8182d6d9322695189
      size: 601
    subdir: features/ffi/pointer/try-storable-hetero-list
    version: 0.1.0.4
  original:
    commit: 32164f3a888f4b53cc90b73972ebca6b9fd724fb
    git: https://github.com/YoshikuniJujo/test_haskell
    subdir: features/ffi/pointer/try-storable-hetero-list
- completed:
    commit: 32164f3a888f4b53cc90b73972ebca6b9fd724fb
    git: https://github.com/YoshikuniJujo/test_haskell
    name: try-language-spir-v
    pantry-tree:
      sha256: 7e0c40fa976404654eb5bf5896467fa69087cc25b46205db94403b4e06a4bb09
      size: 933
    subdir: themes/gui/vulkan/try-language-spir-v
    version: 0.1.0.0
  original:
    commit: 32164f3a888f4b53cc90b73972ebca6b9fd724fb
    git: https://github.com/YoshikuniJujo/test_haskell
    subdir: themes/gui/vulkan/try-language-spir-v
- completed:
    commit: 32164f3a888f4b53cc90b73972ebca6b9fd724fb
    git: https://github.com/YoshikuniJujo/test_haskell
    name: gpu-vulkan-core
    pantry-tree:
      sha256: a0a4eb359e74c381304a372a321d0f381c53131e59e3c2d3ed50baa956dfde39
      size: 5179
    subdir: themes/gui/vulkan/gpu-vulkan-core
    version: 0.1.0.7
  original:
    commit: 32164f3a888f4b53cc90b73972ebca6b9fd724fb
    git: https://github.com/YoshikuniJujo/test_haskell
    subdir: themes/gui/vulkan/gpu-vulkan-core
- completed:
    hackage: mtl-misc-yj-0.1.0.1@sha256:6de7d1c523f9e1114f28eb4043c0e06d2cec1a03bd2bd346de335cf052259e21,1737
    pantry-tree:
      sha256: 02112af6131e7ac6800f0ef67cc5f6648e6e4dfe24c445d094d44ba28710967c
      size: 377
  original:
    hackage: mtl-misc-yj-0.1.0.1
- completed:
    hackage: text-misc-yj-0.1.0.0@sha256:0d8853471820c0bba526ee9de8cf2eb506657c20b82e34314e06f211d4521273,1782
    pantry-tree:
      sha256: 42697a9f6f4eca39528db95f9757d81199d4154daef9777126bcd17ffdbb0e00
      size: 378
  original:
    hackage: text-misc-yj-0.1.0.0
snapshots:
- completed:
    sha256: f6fdd2fa1a565089a46b0a265db61ae6b95c60d6aefb9b3ff20262eb14e04a8a
    size: 674598
    url: https://raw.githubusercontent.com/commercialhaskell/stackage-snapshots/master/nightly/2024/11/3.yaml
  original: nightly-2024-11-03
