# This file was autogenerated by Stack.
# You should not edit this file by hand.
# For more information, please see the documentation at:
#   https://docs.haskellstack.org/en/stable/lock_files

packages:
- completed:
    cabal-file:
      size: 1617
      sha256: 5a654a5ec16702cecfd0b1800216f5ec0e93560778f18227cb1d284b1c2cb538
    name: circuit-adornt
    version: 0.1.0.0
    git: https://github.com/YoshikuniJujo/circuit-adornt.git
    pantry-tree:
      size: 609
      sha256: 2cec73f46aee86e5c6254127e33d164d9e899e8539cdc134780afb8091daad1f
    commit: 04d9cf8d1d911306d683af99e685abd1e2742aac
  original:
    git: https://github.com/YoshikuniJujo/circuit-adornt.git
    commit: 04d9cf8d1d911306d683af99e685abd1e2742aac
- completed:
    cabal-file:
      size: 1627
      sha256: e4394fe463d7078e17a475e84852f6c85ffff5c54ebace816a18c63796bd0154
    name: circuit-adornt-simulate
    version: 0.1.0.0
    git: https://github.com/YoshikuniJujo/circuit-adornt-simulate.git
    pantry-tree:
      size: 697
      sha256: 394ae499d3a3dbb6558a6cda480fa02c7245cbc64541d814f952f0d8ca2621ad
    commit: a413254d1787baee0776855ff9fde0a9b089100c
  original:
    git: https://github.com/YoshikuniJujo/circuit-adornt-simulate.git
    commit: a413254d1787baee0776855ff9fde0a9b089100c
- completed:
    cabal-file:
      size: 1603
      sha256: 4f8cf8c2236c55e95b687090d5146ac9dcbe2770180914ba15f2c2a292e97226
    name: circuit-adornt-diagram
    version: 0.1.0.0
    git: https://github.com/YoshikuniJujo/circuit-adornt-diagram.git
    pantry-tree:
      size: 571
      sha256: b9cc87b0d095b603deb0cf2cd5147edbcb42239628022a2820c150dc96bb0e92
    commit: 571a3ffdabd753682da2be904b805eed567a1534
  original:
    git: https://github.com/YoshikuniJujo/circuit-adornt-diagram.git
    commit: 571a3ffdabd753682da2be904b805eed567a1534
- completed:
    cabal-file:
      size: 1874
      sha256: 703cdb13a79445e647f28f5265684bdff2eefbbd8dc4737c8ce2947c901e542b
    name: circuit-adornt-build
    version: 0.1.0.0
    git: https://github.com/YoshikuniJujo/circuit-adornt-build.git
    pantry-tree:
      size: 849
      sha256: 8adbde6a73fe7443ef08512e19d1ad5ad5a8128b79983fc97ca7e476e2a20a92
    commit: e111664abe79afac49b4790f6981842af5512db4
  original:
    git: https://github.com/YoshikuniJujo/circuit-adornt-build.git
    commit: e111664abe79afac49b4790f6981842af5512db4
- completed:
    cabal-file:
      size: 5291
      sha256: 15e7ab0263d2ec67141cde9b2ec7023529b0b6a7fb11574e54d40e669dae51d0
    name: circuit-diagram-dsl
    version: 0.1.0.0
    git: https://github.com/YoshikuniJujo/circuit-diagram-dsl.git
    pantry-tree:
      size: 1567
      sha256: 987ba40de7b7d06e7367276a0154889bf359cde096d6562cd150b471f729c605
    commit: 392b034eb11eeb750dd00809a726ccb926e39aae
  original:
    git: https://github.com/YoshikuniJujo/circuit-diagram-dsl.git
    commit: 392b034eb11eeb750dd00809a726ccb926e39aae
- completed:
    cabal-file:
      size: 2185
      sha256: 66f376c04eb5c6009fcd0592b9996c2d0be8b69125d3dc031e76086613e74498
    name: circuit-adornt-samples
    version: 0.1.0.0
    git: https://github.com/YoshikuniJujo/circuit-adornt-samples.git
    pantry-tree:
      size: 1694
      sha256: fa1b47def6ca9c3d068c6d85570e5a4d2b83075e36be0514b21f6818a415b818
    commit: 4bf01076367593aecb920feec1d3d7418f946625
  original:
    git: https://github.com/YoshikuniJujo/circuit-adornt-samples.git
    commit: 4bf01076367593aecb920feec1d3d7418f946625
- completed:
    cabal-file:
      size: 1567
      sha256: e51da479f671961858460882105919604c455cf8b8302a4e56229893b7491e1a
    name: circuit-adornt-parts
    version: 0.1.0.0
    git: https://github.com/YoshikuniJujo/circuit-adornt-parts.git
    pantry-tree:
      size: 861
      sha256: 525a664d1559c78bd68bb0085652f4c69826db4dc0c55aa751d29e173a007f79
    commit: 23e8d53b81ad3d8a2c3e93b8868ef28fa03b56d3
  original:
    git: https://github.com/YoshikuniJujo/circuit-adornt-parts.git
    commit: 23e8d53b81ad3d8a2c3e93b8868ef28fa03b56d3
snapshots:
- completed:
    size: 523448
    url: https://raw.githubusercontent.com/commercialhaskell/stackage-snapshots/master/lts/14/1.yaml
    sha256: 0045b9bae36c3bb2dd374c29b586389845af1557eea0423958d152fc500d4fbf
  original: lts-14.1
