# This file was autogenerated by Stack.
# You should not edit this file by hand.
# For more information, please see the documentation at:
#   https://docs.haskellstack.org/en/stable/topics/lock_files

packages:
- completed:
    commit: 7d99d08e0f45a321ece0c587384ae6b618bebf9c
    git: https://github.com/YoshikuniJujo/test_haskell
    name: try-yaftee
    pantry-tree:
      sha256: ac19af5db6697aa153b0fd73ca448f1d9dd76b83bbd690b89e949f8a0e01885a
      size: 585
    subdir: themes/freer-effects/yaftee/try-yaftee
    version: 0.1.0.0
  original:
    commit: 7d99d08e0f45a321ece0c587384ae6b618bebf9c
    git: https://github.com/YoshikuniJujo/test_haskell
    subdir: themes/freer-effects/yaftee/try-yaftee
- completed:
    commit: 7d99d08e0f45a321ece0c587384ae6b618bebf9c
    git: https://github.com/YoshikuniJujo/test_haskell
    name: try-yaftee-conduit
    pantry-tree:
      sha256: bc3c77a32d98b0d326547359ffd2a5ae031da27579a1eae19d848486a706fa92
      size: 827
    subdir: themes/freer-effects/yaftee/try-yaftee-conduit
    version: 0.1.0.0
  original:
    commit: 7d99d08e0f45a321ece0c587384ae6b618bebf9c
    git: https://github.com/YoshikuniJujo/test_haskell
    subdir: themes/freer-effects/yaftee/try-yaftee-conduit
- completed:
    commit: 7d99d08e0f45a321ece0c587384ae6b618bebf9c
    git: https://github.com/YoshikuniJujo/test_haskell
    name: try-yaftee-conduit-bytestring
    pantry-tree:
      sha256: 97b82751b21c2eb1d933cd904543fa99d8cee7d35e61fcf0a9a44bb3bf60dc71
      size: 1342
    subdir: themes/freer-effects/yaftee/try-yaftee-conduit-bytestring
    version: 0.1.0.9
  original:
    commit: 7d99d08e0f45a321ece0c587384ae6b618bebf9c
    git: https://github.com/YoshikuniJujo/test_haskell
    subdir: themes/freer-effects/yaftee/try-yaftee-conduit-bytestring
- completed:
    commit: 7d99d08e0f45a321ece0c587384ae6b618bebf9c
    git: https://github.com/YoshikuniJujo/test_haskell
    name: try-yaftee-basic-monads
    pantry-tree:
      sha256: 60e19507de725da4ff74544ca895e1a4e6e9dd179135b8f7580fd871ab81a8bb
      size: 1308
    subdir: themes/freer-effects/yaftee/try-yaftee-basic-monads
    version: 0.1.0.6
  original:
    commit: 7d99d08e0f45a321ece0c587384ae6b618bebf9c
    git: https://github.com/YoshikuniJujo/test_haskell
    subdir: themes/freer-effects/yaftee/try-yaftee-basic-monads
- completed:
    commit: 7d99d08e0f45a321ece0c587384ae6b618bebf9c
    git: https://github.com/YoshikuniJujo/test_haskell
    name: try-higher-order-freer-monad
    pantry-tree:
      sha256: 57871a225a3d7983b643f131211a7ac9fe18fe990052ad91a8605721460010b3
      size: 604
    subdir: themes/freer-effects/yaftee/try-higher-order-freer-monad
    version: 0.1.0.0
  original:
    commit: 7d99d08e0f45a321ece0c587384ae6b618bebf9c
    git: https://github.com/YoshikuniJujo/test_haskell
    subdir: themes/freer-effects/yaftee/try-higher-order-freer-monad
- completed:
    commit: 7d99d08e0f45a321ece0c587384ae6b618bebf9c
    git: https://github.com/YoshikuniJujo/test_haskell
    name: try-higher-order-open-union
    pantry-tree:
      sha256: 50877f0b4356df5a6e8ceb94e74450892b754d12e80b7f190721bce170410b56
      size: 777
    subdir: themes/freer-effects/yaftee/try-higher-order-open-union
    version: 0.1.0.0
  original:
    commit: 7d99d08e0f45a321ece0c587384ae6b618bebf9c
    git: https://github.com/YoshikuniJujo/test_haskell
    subdir: themes/freer-effects/yaftee/try-higher-order-open-union
- completed:
    commit: 7d99d08e0f45a321ece0c587384ae6b618bebf9c
    git: https://github.com/YoshikuniJujo/test_haskell
    name: try-bitarray-bs
    pantry-tree:
      sha256: be6284eeedbd5121a39120a9df9d4911d67bc2f70559d555863cc57ed7c7ada4
      size: 733
    subdir: themes/freer-effects/yaftee/try-bitarray-bs
    version: 0.1.0.1
  original:
    commit: 7d99d08e0f45a321ece0c587384ae6b618bebf9c
    git: https://github.com/YoshikuniJujo/test_haskell
    subdir: themes/freer-effects/yaftee/try-bitarray-bs
- completed:
    commit: 7d99d08e0f45a321ece0c587384ae6b618bebf9c
    git: https://github.com/YoshikuniJujo/test_haskell
    name: try-ftcqueue
    pantry-tree:
      sha256: 0635e23bae045124f4ca48666e6e7679cd025c5d9a0d6a5ee96aeba5bb16f4cb
      size: 574
    subdir: themes/freer-effects/common/try-ftcqueue
    version: 0.1.0.0
  original:
    commit: 7d99d08e0f45a321ece0c587384ae6b618bebf9c
    git: https://github.com/YoshikuniJujo/test_haskell
    subdir: themes/freer-effects/common/try-ftcqueue
- completed:
    commit: 7d99d08e0f45a321ece0c587384ae6b618bebf9c
    git: https://github.com/YoshikuniJujo/test_haskell
    name: try-freer-base-classes
    pantry-tree:
      sha256: 837f6c1b1e56efa3935894e0c147dc0648f32ceb7df4542fd0b0d59872288f08
      size: 675
    subdir: themes/freer-effects/common/try-freer-base-classes
    version: 0.1.0.0
  original:
    commit: 7d99d08e0f45a321ece0c587384ae6b618bebf9c
    git: https://github.com/YoshikuniJujo/test_haskell
    subdir: themes/freer-effects/common/try-freer-base-classes
- completed:
    hackage: tools-yj-0.1.0.32@sha256:45b580a127566893b3e01f755abf98066f0e12e045a956a73e25f1b8a3fc69ba,2343
    pantry-tree:
      sha256: af5d372b29f4a1d6aff39017b0653fa8609db4da98d4eb24d3d70f6e1f1c011b
      size: 1378
  original:
    hackage: tools-yj-0.1.0.32
snapshots:
- completed:
    sha256: e9b93acfb8aaf8ae4869050506553a963a8adba95748cd60356f9ffe64f03345
    size: 712232
    url: https://raw.githubusercontent.com/commercialhaskell/stackage-snapshots/master/nightly/2025/5/28.yaml
  original: nightly-2025-05-28
