# This file was autogenerated by Stack.
# You should not edit this file by hand.
# For more information, please see the documentation at:
#   https://docs.haskellstack.org/en/stable/lock_files

packages:
- completed:
    commit: 5ded4b21e5de6ed938260f7b751e6231269e4651
    git: https://github.com/YoshikuniJujo/test_haskell
    name: try-monads-tf-misc-yj
    pantry-tree:
      sha256: 2036db01167fbf3a3ba3a29ecf569b314b01c17dfe3fddee312a42e6c7a801e8
      size: 593
    subdir: themes/monad/try-monads-tf-misc-yj
    version: 0.1.0.1
  original:
    commit: 5ded4b21e5de6ed938260f7b751e6231269e4651
    git: https://github.com/YoshikuniJujo/test_haskell
    subdir: themes/monad/try-monads-tf-misc-yj
- completed:
    commit: 5ded4b21e5de6ed938260f7b751e6231269e4651
    git: https://github.com/YoshikuniJujo/test_haskell
    name: try-text-misc-yj
    pantry-tree:
      sha256: 22dd3ba805050a37c61265a44fd20c7cf594e9a42bdb489aff0824facbe30511
      size: 589
    subdir: themes/string/try-text-misc-yj
    version: 0.1.0.0
  original:
    commit: 5ded4b21e5de6ed938260f7b751e6231269e4651
    git: https://github.com/YoshikuniJujo/test_haskell
    subdir: themes/string/try-text-misc-yj
- completed:
    commit: 5ded4b21e5de6ed938260f7b751e6231269e4651
    git: https://github.com/YoshikuniJujo/test_haskell
    name: gpu-vulkan-middle
    pantry-tree:
      sha256: 030a34333974fe81713f976c933e1c2df63494b3a3ea4843603eea2375fe19e7
      size: 14906
    subdir: themes/gui/vulkan/gpu-vulkan-middle
    version: 0.1.0.54
  original:
    commit: 5ded4b21e5de6ed938260f7b751e6231269e4651
    git: https://github.com/YoshikuniJujo/test_haskell
    subdir: themes/gui/vulkan/gpu-vulkan-middle
- completed:
    commit: 5ded4b21e5de6ed938260f7b751e6231269e4651
    git: https://github.com/YoshikuniJujo/test_haskell
    name: gpu-vulkan-core
    pantry-tree:
      sha256: a0a4eb359e74c381304a372a321d0f381c53131e59e3c2d3ed50baa956dfde39
      size: 5179
    subdir: themes/gui/vulkan/gpu-vulkan-core
    version: 0.1.0.7
  original:
    commit: 5ded4b21e5de6ed938260f7b751e6231269e4651
    git: https://github.com/YoshikuniJujo/test_haskell
    subdir: themes/gui/vulkan/gpu-vulkan-core
- completed:
    commit: 5ded4b21e5de6ed938260f7b751e6231269e4651
    git: https://github.com/YoshikuniJujo/test_haskell
    name: try-vulkan-core-ext-debug-utils
    pantry-tree:
      sha256: a7fcfb1a738c70886255b19d03ea79a026994c349e0a7e1e48835fa5301d0915
      size: 751
    subdir: themes/gui/vulkan/try-vulkan-core-ext-debug-utils
    version: 0.1.0.0
  original:
    commit: 5ded4b21e5de6ed938260f7b751e6231269e4651
    git: https://github.com/YoshikuniJujo/test_haskell
    subdir: themes/gui/vulkan/try-vulkan-core-ext-debug-utils
- completed:
    commit: 5ded4b21e5de6ed938260f7b751e6231269e4651
    git: https://github.com/YoshikuniJujo/test_haskell
    name: try-language-spir-v
    pantry-tree:
      sha256: 5802e5028c2943c7bbdad7f643ab5e76f112cbfa07f6acf90f19711d9b3cbd16
      size: 933
    subdir: themes/gui/vulkan/try-language-spir-v
    version: 0.1.0.0
  original:
    commit: 5ded4b21e5de6ed938260f7b751e6231269e4651
    git: https://github.com/YoshikuniJujo/test_haskell
    subdir: themes/gui/vulkan/try-language-spir-v
- completed:
    commit: 5ded4b21e5de6ed938260f7b751e6231269e4651
    git: https://github.com/YoshikuniJujo/test_haskell
    name: try-shaderc
    pantry-tree:
      sha256: f4bad0460042fd93581a267690ce90dcfeee6e248708d06f24bacce24143fa44
      size: 1736
    subdir: themes/gui/vulkan/try-shaderc
    version: 0.1.0.5
  original:
    commit: 5ded4b21e5de6ed938260f7b751e6231269e4651
    git: https://github.com/YoshikuniJujo/test_haskell
    subdir: themes/gui/vulkan/try-shaderc
- completed:
    commit: 5ded4b21e5de6ed938260f7b751e6231269e4651
    git: https://github.com/YoshikuniJujo/test_haskell
    name: try-hetero-parameter-list
    pantry-tree:
      sha256: 039bfb68687ffecc262f6062752d135ce0afc8a555bb0a1b2a62ce62fa3366ba
      size: 671
    subdir: themes/hetero-list/try-hetero-parameter-list
    version: 0.1.0.17
  original:
    commit: 5ded4b21e5de6ed938260f7b751e6231269e4651
    git: https://github.com/YoshikuniJujo/test_haskell
    subdir: themes/hetero-list/try-hetero-parameter-list
- completed:
    commit: 5ded4b21e5de6ed938260f7b751e6231269e4651
    git: https://github.com/YoshikuniJujo/test_haskell
    name: try-storable-peek-poke
    pantry-tree:
      sha256: 3a416a40e213f6625ef04c4f632c9d6f9faea20262deca26e98342129cfe86a5
      size: 678
    subdir: features/ffi/pointer/try-storable-peek-poke
    version: 0.1.0.1
  original:
    commit: 5ded4b21e5de6ed938260f7b751e6231269e4651
    git: https://github.com/YoshikuniJujo/test_haskell
    subdir: features/ffi/pointer/try-storable-peek-poke
- completed:
    commit: 5ded4b21e5de6ed938260f7b751e6231269e4651
    git: https://github.com/YoshikuniJujo/test_haskell
    name: try-storable-hetero-list
    pantry-tree:
      sha256: 3e934ded210efaa78a7bb727bc53be594570b9ff00148a2fe4178437bc90f592
      size: 602
    subdir: features/ffi/pointer/try-storable-hetero-list
    version: 0.1.0.4
  original:
    commit: 5ded4b21e5de6ed938260f7b751e6231269e4651
    git: https://github.com/YoshikuniJujo/test_haskell
    subdir: features/ffi/pointer/try-storable-hetero-list
- completed:
    commit: 5ded4b21e5de6ed938260f7b751e6231269e4651
    git: https://github.com/YoshikuniJujo/test_haskell
    name: typelevel-tools
    pantry-tree:
      sha256: f5e810814d8c934022c856d218b45098c4ae3cfe3e94a4c76a907d07abb49903
      size: 1600
    subdir: themes/type_level/typelevel-tools
    version: 0.1.0.6
  original:
    commit: 5ded4b21e5de6ed938260f7b751e6231269e4651
    git: https://github.com/YoshikuniJujo/test_haskell
    subdir: themes/type_level/typelevel-tools
- completed:
    hackage: union-color-0.1.2.0@sha256:e98fd15e216d2729465fefb4a980a41fcf4b5ba022a40b2a8fbc5d6e7f6dadf8,1326
    pantry-tree:
      sha256: f675b5871b146343c41469c3702b4ffcdb40dab215f2e3bf80333fda44013850
      size: 429
  original:
    hackage: union-color-0.1.2.0
snapshots:
- completed:
    sha256: 0c65cc459d037697e6238a11dc0bbdc958a82ac9eb24907f486e33626117ae5e
    size: 672822
    url: https://raw.githubusercontent.com/commercialhaskell/stackage-snapshots/master/nightly/2024/10/30.yaml
  original: nightly-2024-10-30
