# This file was autogenerated by Stack.
# You should not edit this file by hand.
# For more information, please see the documentation at:
#   https://docs.haskellstack.org/en/stable/lock_files

packages:
- completed:
    commit: b0a5e23abcbac8ca0eecefd176f4c24cee097a37
    git: https://github.com/YoshikuniJujo/test_haskell
    name: gpu-vulkan-middle
    pantry-tree:
      sha256: 1c3e5ea25c0a4bd151b3bbd8502d37953b04ef5cef1661f1679962194e1d9904
      size: 14906
    subdir: themes/gui/vulkan/gpu-vulkan-middle
    version: 0.1.0.54
  original:
    commit: b0a5e23abcbac8ca0eecefd176f4c24cee097a37
    git: https://github.com/YoshikuniJujo/test_haskell
    subdir: themes/gui/vulkan/gpu-vulkan-middle
- completed:
    commit: b0a5e23abcbac8ca0eecefd176f4c24cee097a37
    git: https://github.com/YoshikuniJujo/test_haskell
    name: gpu-vulkan-core
    pantry-tree:
      sha256: a0a4eb359e74c381304a372a321d0f381c53131e59e3c2d3ed50baa956dfde39
      size: 5179
    subdir: themes/gui/vulkan/gpu-vulkan-core
    version: 0.1.0.7
  original:
    commit: b0a5e23abcbac8ca0eecefd176f4c24cee097a37
    git: https://github.com/YoshikuniJujo/test_haskell
    subdir: themes/gui/vulkan/gpu-vulkan-core
- completed:
    commit: b0a5e23abcbac8ca0eecefd176f4c24cee097a37
    git: https://github.com/YoshikuniJujo/test_haskell
    name: try-vulkan-core-ext-debug-utils
    pantry-tree:
      sha256: a7fcfb1a738c70886255b19d03ea79a026994c349e0a7e1e48835fa5301d0915
      size: 751
    subdir: themes/gui/vulkan/try-vulkan-core-ext-debug-utils
    version: 0.1.0.0
  original:
    commit: b0a5e23abcbac8ca0eecefd176f4c24cee097a37
    git: https://github.com/YoshikuniJujo/test_haskell
    subdir: themes/gui/vulkan/try-vulkan-core-ext-debug-utils
- completed:
    commit: b0a5e23abcbac8ca0eecefd176f4c24cee097a37
    git: https://github.com/YoshikuniJujo/test_haskell
    name: try-language-spir-v
    pantry-tree:
      sha256: 5802e5028c2943c7bbdad7f643ab5e76f112cbfa07f6acf90f19711d9b3cbd16
      size: 933
    subdir: themes/gui/vulkan/try-language-spir-v
    version: 0.1.0.0
  original:
    commit: b0a5e23abcbac8ca0eecefd176f4c24cee097a37
    git: https://github.com/YoshikuniJujo/test_haskell
    subdir: themes/gui/vulkan/try-language-spir-v
- completed:
    commit: b0a5e23abcbac8ca0eecefd176f4c24cee097a37
    git: https://github.com/YoshikuniJujo/test_haskell
    name: try-shaderc
    pantry-tree:
      sha256: f4bad0460042fd93581a267690ce90dcfeee6e248708d06f24bacce24143fa44
      size: 1736
    subdir: themes/gui/vulkan/try-shaderc
    version: 0.1.0.5
  original:
    commit: b0a5e23abcbac8ca0eecefd176f4c24cee097a37
    git: https://github.com/YoshikuniJujo/test_haskell
    subdir: themes/gui/vulkan/try-shaderc
- completed:
    commit: b0a5e23abcbac8ca0eecefd176f4c24cee097a37
    git: https://github.com/YoshikuniJujo/test_haskell
    name: try-hetero-parameter-list
    pantry-tree:
      sha256: 039bfb68687ffecc262f6062752d135ce0afc8a555bb0a1b2a62ce62fa3366ba
      size: 671
    subdir: themes/hetero-list/try-hetero-parameter-list
    version: 0.1.0.17
  original:
    commit: b0a5e23abcbac8ca0eecefd176f4c24cee097a37
    git: https://github.com/YoshikuniJujo/test_haskell
    subdir: themes/hetero-list/try-hetero-parameter-list
- completed:
    commit: b0a5e23abcbac8ca0eecefd176f4c24cee097a37
    git: https://github.com/YoshikuniJujo/test_haskell
    name: try-storable-peek-poke
    pantry-tree:
      sha256: e20a39bc4ffcaca9313132ebd83c223df065fb338a5735c604dbc65b45b39f9e
      size: 678
    subdir: features/ffi/pointer/try-storable-peek-poke
    version: 0.1.0.1
  original:
    commit: b0a5e23abcbac8ca0eecefd176f4c24cee097a37
    git: https://github.com/YoshikuniJujo/test_haskell
    subdir: features/ffi/pointer/try-storable-peek-poke
- completed:
    commit: b0a5e23abcbac8ca0eecefd176f4c24cee097a37
    git: https://github.com/YoshikuniJujo/test_haskell
    name: try-storable-hetero-list
    pantry-tree:
      sha256: 3e934ded210efaa78a7bb727bc53be594570b9ff00148a2fe4178437bc90f592
      size: 602
    subdir: features/ffi/pointer/try-storable-hetero-list
    version: 0.1.0.4
  original:
    commit: b0a5e23abcbac8ca0eecefd176f4c24cee097a37
    git: https://github.com/YoshikuniJujo/test_haskell
    subdir: features/ffi/pointer/try-storable-hetero-list
- completed:
    hackage: union-color-0.1.2.0@sha256:e98fd15e216d2729465fefb4a980a41fcf4b5ba022a40b2a8fbc5d6e7f6dadf8,1326
    pantry-tree:
      sha256: f675b5871b146343c41469c3702b4ffcdb40dab215f2e3bf80333fda44013850
      size: 429
  original:
    hackage: union-color-0.1.2.0
- completed:
    hackage: mtl-misc-yj-0.1.0.1@sha256:6de7d1c523f9e1114f28eb4043c0e06d2cec1a03bd2bd346de335cf052259e21,1737
    pantry-tree:
      sha256: 02112af6131e7ac6800f0ef67cc5f6648e6e4dfe24c445d094d44ba28710967c
      size: 377
  original:
    hackage: mtl-misc-yj-0.1.0.1
- completed:
    hackage: text-misc-yj-0.1.0.0@sha256:0d8853471820c0bba526ee9de8cf2eb506657c20b82e34314e06f211d4521273,1782
    pantry-tree:
      sha256: 42697a9f6f4eca39528db95f9757d81199d4154daef9777126bcd17ffdbb0e00
      size: 378
  original:
    hackage: text-misc-yj-0.1.0.0
- completed:
    hackage: typelevel-tools-yj-0.1.0.6@sha256:33f336a1cea83dda17d6e1be1b184d7696c988fe7ee056b3b7e0be33a416eefe,2187
    pantry-tree:
      sha256: faccce94148b87b2b39a1d5e8c24c41356e48fac6fceda56075967f66e9a182f
      size: 1395
  original:
    hackage: typelevel-tools-yj-0.1.0.6
snapshots:
- completed:
    sha256: 0c65cc459d037697e6238a11dc0bbdc958a82ac9eb24907f486e33626117ae5e
    size: 672822
    url: https://raw.githubusercontent.com/commercialhaskell/stackage-snapshots/master/nightly/2024/10/30.yaml
  original: nightly-2024-10-30
