# This file was autogenerated by Stack.
# You should not edit this file by hand.
# For more information, please see the documentation at:
#   https://docs.haskellstack.org/en/stable/topics/lock_files

packages: []
snapshots:
- completed:
    sha256: 02460994577048c21807f8c199e770b277720f3d03c1cc0dbcb7385dc94bd6b0
    size: 705602
    url: https://raw.githubusercontent.com/commercialhaskell/stackage-snapshots/master/nightly/2025/11/16.yaml
  original: nightly-2025-11-16
