# This file was autogenerated by Stack.
# You should not edit this file by hand.
# For more information, please see the documentation at:
#   https://docs.haskellstack.org/en/stable/lock_files

packages:
- completed:
    commit: 0b49abf3806d5632153ded54647854b950981bd9
    git: https://github.com/YoshikuniJujo/test_haskell
    name: try-swizzle-modify2
    pantry-tree:
      sha256: f38f9c389730452c48efdbef320034a4ea7d6f2d23b24e97201525d0a22b5eb7
      size: 1054
    subdir: themes/swizzle/try-swizzle-modify2
    version: 0.1.0.0
  original:
    commit: 0b49abf3806d5632153ded54647854b950981bd9
    git: https://github.com/YoshikuniJujo/test_haskell
    subdir: themes/swizzle/try-swizzle-modify2
snapshots:
- completed:
    sha256: 79d6e8002d1d6e747d83bcaaeb6e6e29c8d4fc819774999aee3bc8ddec8455e2
    size: 631519
    url: https://raw.githubusercontent.com/commercialhaskell/stackage-snapshots/master/nightly/2025/1/25.yaml
  original: nightly-2025-01-25
