# This file was autogenerated by Stack.
# You should not edit this file by hand.
# For more information, please see the documentation at:
#   https://docs.haskellstack.org/en/stable/lock_files

packages:
- completed:
    hackage: swizzle-modify-0.1.0.0@sha256:6ee7efe76e49637a90f777447c3e07051715b763f746f1003c03153cedf6c8e5,2075
    pantry-tree:
      sha256: 52ec018f285902288c5de629a7d92a25eadb9f3df5f2b23f6af75a009a8f443b
      size: 793
  original:
    hackage: swizzle-modify-0.1.0.0
snapshots:
- completed:
    sha256: 79d6e8002d1d6e747d83bcaaeb6e6e29c8d4fc819774999aee3bc8ddec8455e2
    size: 631519
    url: https://raw.githubusercontent.com/commercialhaskell/stackage-snapshots/master/nightly/2025/1/25.yaml
  original: nightly-2025-01-25
