# This file was autogenerated by Stack.
# You should not edit this file by hand.
# For more information, please see the documentation at:
#   https://docs.haskellstack.org/en/stable/lock_files

packages: []
snapshots:
- completed:
    sha256: 0c65cc459d037697e6238a11dc0bbdc958a82ac9eb24907f486e33626117ae5e
    size: 672822
    url: https://raw.githubusercontent.com/commercialhaskell/stackage-snapshots/master/nightly/2024/10/30.yaml
  original: nightly-2024-10-30
