# This file was autogenerated by Stack.
# You should not edit this file by hand.
# For more information, please see the documentation at:
#   https://docs.haskellstack.org/en/stable/topics/lock_files

packages: []
snapshots:
- completed:
    sha256: 72cdd5851794184138551f43f0897c28f1a5acdda303b266aa9e910461103b3c
    size: 726784
    url: https://raw.githubusercontent.com/commercialhaskell/stackage-snapshots/master/lts/24/28.yaml
  original:
    url: https://raw.githubusercontent.com/commercialhaskell/stackage-snapshots/master/lts/24/28.yaml
