# This file was autogenerated by Stack.
# You should not edit this file by hand.
# For more information, please see the documentation at:
#   https://docs.haskellstack.org/en/stable/topics/lock_files

packages:
- completed:
    commit: c1a57a2222fbee68214f3891e96ef056f0101311
    git: https://github.com/YoshikuniJujo/test_haskell
    name: try-simple-pipe-ng
    pantry-tree:
      sha256: 0d3530e07807b73313e1bd80796290f975ec84f04f5613d0aa77c86440b724c6
      size: 1216
    subdir: themes/conduit/try-simple-pipe-ng
    version: 0.1.0.0
  original:
    commit: c1a57a2222fbee68214f3891e96ef056f0101311
    git: https://github.com/YoshikuniJujo/test_haskell
    subdir: themes/conduit/try-simple-pipe-ng
snapshots:
- completed:
    sha256: 4c543aa065f9fb7cb493ff13ab066339fb23b5a89cf2e9bea52b3040e1909bd0
    size: 659854
    url: https://raw.githubusercontent.com/commercialhaskell/stackage-snapshots/master/nightly/2025/3/17.yaml
  original: nightly-2025-03-17
