# This file was autogenerated by Stack.
# You should not edit this file by hand.
# For more information, please see the documentation at:
#   https://docs.haskellstack.org/en/stable/topics/lock_files

packages:
- completed:
    commit: ee995089050aa12e50934dbff3cd9f2ef01e878a
    git: https://github.com/YoshikuniJujo/test_haskell
    name: try-simple-pipe-ng
    pantry-tree:
      sha256: b550450bd92c831b56abc08655fa7fb6719db24448cca7b85c8b01eee59500e8
      size: 1216
    subdir: themes/conduit/try-simple-pipe-ng
    version: 0.1.0.0
  original:
    commit: ee995089050aa12e50934dbff3cd9f2ef01e878a
    git: https://github.com/YoshikuniJujo/test_haskell
    subdir: themes/conduit/try-simple-pipe-ng
snapshots:
- completed:
    sha256: 4c543aa065f9fb7cb493ff13ab066339fb23b5a89cf2e9bea52b3040e1909bd0
    size: 659854
    url: https://raw.githubusercontent.com/commercialhaskell/stackage-snapshots/master/nightly/2025/3/17.yaml
  original: nightly-2025-03-17
