# This file was autogenerated by Stack.
# You should not edit this file by hand.
# For more information, please see the documentation at:
#   https://docs.haskellstack.org/en/stable/lock_files

packages:
- completed:
    commit: e126945f2751df8fed8c47d15a1d1eab3e599f46
    git: https://github.com/YoshikuniJujo/gpu-vulkan.git
    name: gpu-vulkan
    pantry-tree:
      sha256: 1547a44bb2297b1f0bf706635d44de96d5c1a7bd016da01bf7269920f77df148
      size: 12585
    version: 0.1.0.165
  original:
    commit: e126945f2751df8fed8c47d15a1d1eab3e599f46
    git: https://github.com/YoshikuniJujo/gpu-vulkan.git
- completed:
    commit: e03047b727f5e802cf4bd090fe8658a7f127b401
    git: https://github.com/YoshikuniJujo/gpu-vulkan-middle.git
    name: gpu-vulkan-middle
    pantry-tree:
      sha256: 1204fe9669a90f6b9d1326fb9e40353b01efc48a6464acae5a489911c6a7440b
      size: 15963
    version: 0.1.0.71
  original:
    commit: e03047b727f5e802cf4bd090fe8658a7f127b401
    git: https://github.com/YoshikuniJujo/gpu-vulkan-middle.git
- completed:
    hackage: gpu-vulkan-core-0.1.0.20@sha256:c23c2d9d2834c078f6dd1bed9d895bcd0f6655c98e6f70f5c3606dacc4571ec1,3475
    pantry-tree:
      sha256: 9172eb514a5470ebb1801fa6435f7f0d0756d8266ad4be8b3439327a5d683ce4
      size: 5152
  original:
    hackage: gpu-vulkan-core-0.1.0.20
- completed:
    hackage: shaderc-0.1.0.5@sha256:abd04455e790464abf492d2f679a50c11ba9d9fbde034279c7cb9615bd8e563a,2241
    pantry-tree:
      sha256: 21170a1c6843f2555cf2313c3d842ece6a330f007a7f7f78de709bc1578aa5e7
      size: 1402
  original:
    hackage: shaderc-0.1.0.5
- completed:
    hackage: language-spir-v-0.1.0.3@sha256:c07d92777e2b0e4ac9bd3ef0902e50c046d42edf1a1a98d17e78d039d60d1351,2079
    pantry-tree:
      sha256: 070eec1689892418ff45135d972b3464fc884e102bbbbbf43f99e934d77db5e8
      size: 650
  original:
    hackage: language-spir-v-0.1.0.3
snapshots:
- completed:
    sha256: c496a1a8368855df5978f4b63727c601f5d4ddbdafab66dbba448891745c26f2
    size: 620694
    url: https://raw.githubusercontent.com/commercialhaskell/stackage-snapshots/master/nightly/2024/12/27.yaml
  original: nightly-2024-12-27
