# This file was autogenerated by Stack.
# You should not edit this file by hand.
# For more information, please see the documentation at:
#   https://docs.haskellstack.org/en/stable/topics/lock_files

packages:
- completed:
    hackage: ftcqueue-0.1.0.1@sha256:2fdb84a50d3281b622112cd8a4573b5a087043d598e5e47377e1bbc504472d2a,1706
    pantry-tree:
      sha256: 1704d5ac9522c7f2800a663b3e837d1069720a7f1821595a3d668a46609631b9
      size: 363
  original:
    hackage: ftcqueue-0.1.0.1
- completed:
    commit: 87a62f29f603ba44af3522702251edd7ac2bc6f6
    git: https://github.com/YoshikuniJujo/test_haskell
    name: try-freer-base-classes
    pantry-tree:
      sha256: 837f6c1b1e56efa3935894e0c147dc0648f32ceb7df4542fd0b0d59872288f08
      size: 675
    subdir: themes/freer-effects/common/try-freer-base-classes
    version: 0.1.0.0
  original:
    commit: 87a62f29f603ba44af3522702251edd7ac2bc6f6
    git: https://github.com/YoshikuniJujo/test_haskell
    subdir: themes/freer-effects/common/try-freer-base-classes
snapshots:
- completed:
    sha256: aed20a74b586cf692559f427c3b81275ae15accd022f9ed8d237aa821ba767ba
    size: 705113
    url: https://raw.githubusercontent.com/commercialhaskell/stackage-snapshots/master/nightly/2025/11/4.yaml
  original: nightly-2025-11-04
