# This file was autogenerated by Stack.
# You should not edit this file by hand.
# For more information, please see the documentation at:
#   https://docs.haskellstack.org/en/stable/topics/lock_files

packages:
- completed:
    hackage: ftcqueue-0.1.0.1@sha256:2fdb84a50d3281b622112cd8a4573b5a087043d598e5e47377e1bbc504472d2a,1706
    pantry-tree:
      sha256: 1704d5ac9522c7f2800a663b3e837d1069720a7f1821595a3d668a46609631b9
      size: 363
  original:
    hackage: ftcqueue-0.1.0.1
- completed:
    hackage: freer-base-classes-0.1.0.0@sha256:38e4853293416518606ea78699a57025b3595a8fbec36e8a26cce49e18fa1daf,1895
    pantry-tree:
      sha256: ea291a883003d80cdc2bcc4e3589e495ae1559e96e8368fe94ea724078f01476
      size: 463
  original:
    hackage: freer-base-classes-0.1.0.0
snapshots:
- completed:
    sha256: aed20a74b586cf692559f427c3b81275ae15accd022f9ed8d237aa821ba767ba
    size: 705113
    url: https://raw.githubusercontent.com/commercialhaskell/stackage-snapshots/master/nightly/2025/11/4.yaml
  original: nightly-2025-11-04
