# This file was autogenerated by Stack.
# You should not edit this file by hand.
# For more information, please see the documentation at:
#   https://docs.haskellstack.org/en/stable/lock_files

packages: []
snapshots:
- completed:
    sha256: 527e70af32e28464622e0f4558e16813f71e3a3c367130f2a808fc19f041b4a4
    size: 715169
    url: https://raw.githubusercontent.com/commercialhaskell/stackage-snapshots/master/nightly/2023/12/23.yaml
  original: nightly-2023-12-23
