# This file was autogenerated by Stack.
# You should not edit this file by hand.
# For more information, please see the documentation at:
#   https://docs.haskellstack.org/en/stable/lock_files

packages:
- completed:
    name: size-alignment-list
    version: 0.1.0.0
    git: https://github.com/YoshikuniJujo/size-alignment-list.git
    pantry-tree:
      size: 964
      sha256: f13d9e78b316fc690e0e2d13bcdd865d20f713ed2a122ed9efc1aad14f6ec360
    commit: 70e24e7bfdda8c20191bbb04d3ef2c771367a09e
  original:
    git: https://github.com/YoshikuniJujo/size-alignment-list.git
    commit: 70e24e7bfdda8c20191bbb04d3ef2c771367a09e
snapshots:
- completed:
    size: 586120
    url: https://raw.githubusercontent.com/commercialhaskell/stackage-snapshots/master/lts/18/22.yaml
    sha256: f9970d6f25c63e3e4265aa8e9c69a047ba8919d1107e4996bdd7555b75aad0eb
  original:
    url: https://raw.githubusercontent.com/commercialhaskell/stackage-snapshots/master/lts/18/22.yaml
