# This file was autogenerated by Stack.
# You should not edit this file by hand.
# For more information, please see the documentation at:
#   https://docs.haskellstack.org/en/stable/lock_files

packages:
- completed:
    commit: 6a0e3d0dfdadeab67ef290a9ef7823d1e2dccb01
    git: https://github.com/YoshikuniJujo/test_haskell
    name: try-moffy
    pantry-tree:
      sha256: 91c761bbf4c181bcf6bc6e7c5494a8588db8d1dc1474445526ac4686050bb319
      size: 7356
    subdir: themes/mfrp/try-moffy
    version: 0.1.0.9
  original:
    commit: 6a0e3d0dfdadeab67ef290a9ef7823d1e2dccb01
    git: https://github.com/YoshikuniJujo/test_haskell
    subdir: themes/mfrp/try-moffy
- completed:
    commit: e1ec72d664498e0355aa788035d2a9102fa1e478
    git: https://github.com/YoshikuniJujo/exception-hierarchy
    name: exception-hierarchy
    pantry-tree:
      sha256: 5f47ca701c92cd2ff91fd7498ab41c0b5a0734abbc160ca38509fcfe7f4d9d89
      size: 454
    version: 0.1.0.9
  original:
    commit: e1ec72d664498e0355aa788035d2a9102fa1e478
    git: https://github.com/YoshikuniJujo/exception-hierarchy
- completed:
    commit: 6a520b14a84e144faff4efb823c58ccb346104db
    git: https://github.com/YoshikuniJujo/simple-cairo
    name: simple-cairo
    pantry-tree:
      sha256: 93616b711e69d10b4936a7f0ffbfac2642c6e528ca8ba82dbb2150909c50ed29
      size: 4958
    version: 0.1.0.5
  original:
    commit: 6a520b14a84e144faff4efb823c58ccb346104db
    git: https://github.com/YoshikuniJujo/simple-cairo
- completed:
    commit: 47bd8e4661df4f379d6a2900fc4bc33818021c8d
    git: https://github.com/YoshikuniJujo/cairo-image
    name: cairo-image
    pantry-tree:
      sha256: 5b489f2b4ca2de60feab3c83f9bcac15674e7566d4504804f92445e29711f412
      size: 887
    version: 0.1.0.0
  original:
    commit: 47bd8e4661df4f379d6a2900fc4bc33818021c8d
    git: https://github.com/YoshikuniJujo/cairo-image
- completed:
    hackage: union-color-0.1.2.1@sha256:0d8cd13f3fbe8135f34244f9847b415635d6066b06c92203fdb521a36cdaeae8,1326
    pantry-tree:
      sha256: 7df303497f2479607876d561c5b48000d05bc22eabed3c4d84426440e4d5717a
      size: 429
  original:
    hackage: union-color-0.1.2.1
- completed:
    commit: 23a243df2ca44306ca8cb8e93f286c524a77c332
    git: https://github.com/YoshikuniJujo/extra-data-yj
    name: extra-data-yj
    pantry-tree:
      sha256: 182f1aa48dd298035721ea4adef31772f808e72aa6f1a9f88c659c22c36f1261
      size: 635
    version: 0.1.0.0
  original:
    commit: 23a243df2ca44306ca8cb8e93f286c524a77c332
    git: https://github.com/YoshikuniJujo/extra-data-yj
- completed:
    commit: e725f7e5064c0543e024c0c29aaa91f21cc2a45f
    git: https://github.com/YoshikuniJujo/type-flip
    name: type-flip
    pantry-tree:
      sha256: 9831a4354e6f7f35799575325defda7b5c1c35045b76b36efb796da046fc411a
      size: 570
    version: 0.1.0.0
  original:
    commit: e725f7e5064c0543e024c0c29aaa91f21cc2a45f
    git: https://github.com/YoshikuniJujo/type-flip
- completed:
    commit: b5efabfd256a7bea9ed865b76fb83990476932f9
    git: https://github.com/YoshikuniJujo/simple-gdk3
    name: simple-gdk3
    pantry-tree:
      sha256: edebfef20cccfee49ca1baefaa9edd0d963dbe872f7efb129c4858b2589a8ee9
      size: 4020
    version: 0.1.0.0
  original:
    commit: b5efabfd256a7bea9ed865b76fb83990476932f9
    git: https://github.com/YoshikuniJujo/simple-gdk3
- completed:
    commit: e5e069590dbea7038540b66d9545df33b185e9bf
    git: https://github.com/YoshikuniJujo/x-keysym
    name: x-keysym
    pantry-tree:
      sha256: 7d7bf5e414a57950bc89937197aefe0d38cee0c7dcff41d2846a9b94f6b3d223
      size: 754
    version: 0.1.0.0
  original:
    commit: e5e069590dbea7038540b66d9545df33b185e9bf
    git: https://github.com/YoshikuniJujo/x-keysym
- completed:
    commit: bdf7631858e7037d7410b4e8fde305d741c6acaa
    git: https://github.com/YoshikuniJujo/glib-stopgap
    name: glib-stopgap
    pantry-tree:
      sha256: c5f5ebe1aa61232c3fc8b6f2fc30e13d4f9195e289de7754d15edc1d8826ab1e
      size: 1273
    version: 0.1.0.0
  original:
    commit: bdf7631858e7037d7410b4e8fde305d741c6acaa
    git: https://github.com/YoshikuniJujo/glib-stopgap
- completed:
    commit: 67d8121c976e018f0ee33ff08c801cd88e3a11b7
    git: https://github.com/YoshikuniJujo/simple-field.git
    name: simple-field
    pantry-tree:
      sha256: 369eaccc216dd5ca74eea119d28f74ca66182a6d9f2f50f4088b67d62d49170f
      size: 788
    version: 0.1.0.0
  original:
    commit: 67d8121c976e018f0ee33ff08c801cd88e3a11b7
    git: https://github.com/YoshikuniJujo/simple-field.git
snapshots:
- completed:
    sha256: 5921ddc75f5dd3f197fbc32e1e5676895a8e7b971d4f82ef6b556657801dd18a
    size: 640054
    url: https://raw.githubusercontent.com/commercialhaskell/stackage-snapshots/master/lts/21/20.yaml
  original:
    url: https://raw.githubusercontent.com/commercialhaskell/stackage-snapshots/master/lts/21/20.yaml
