# This file was autogenerated by Stack.
# You should not edit this file by hand.
# For more information, please see the documentation at:
#   https://docs.haskellstack.org/en/stable/lock_files

packages:
- completed:
    hackage: wavefront-0.7.1.4@sha256:0a1e4bc3de7a450c8da2c3b962ebc0b54acdeb9664e73cdd4649861740d96024,1999
    pantry-tree:
      size: 1026
      sha256: f76d53b34229a2b7ec084d8e0e7b86f86c2ae77a51d31954c8ffa62a055d57dc
  original:
    hackage: wavefront-0.7.1.4
snapshots:
- completed:
    size: 534126
    url: https://raw.githubusercontent.com/commercialhaskell/stackage-snapshots/master/lts/16/31.yaml
    sha256: 637fb77049b25560622a224845b7acfe81a09fdb6a96a3c75997a10b651667f6
  original: lts-16.31
