# This file was autogenerated by Stack.
# You should not edit this file by hand.
# For more information, please see the documentation at:
#   https://docs.haskellstack.org/en/stable/topics/lock_files

packages: []
snapshots:
- completed:
    sha256: 4d196b02eb766d92e462f1da7b72c0ded25dbec910ac74746bf179cfcceb3811
    size: 733116
    url: https://raw.githubusercontent.com/commercialhaskell/stackage-snapshots/master/nightly/2026/3/16.yaml
  original: nightly-2026-03-16
