# This file was autogenerated by Stack.
# You should not edit this file by hand.
# For more information, please see the documentation at:
#   https://docs.haskellstack.org/en/stable/lock_files

packages: []
snapshots:
- completed:
    size: 442429
    url: https://raw.githubusercontent.com/commercialhaskell/stackage-snapshots/master/nightly/2020/1/2.yaml
    sha256: 051a9871b7c8c02ca72e712b9aa05ff34025c987fc6e2fa7a388b4507186e688
  original: nightly-2020-01-02
