# This file was autogenerated by Stack.
# You should not edit this file by hand.
# For more information, please see the documentation at:
#   https://docs.haskellstack.org/en/stable/topics/lock_files

packages:
- completed:
    commit: 2f75e5306de0c12395262439bad332b6315f91de
    git: https://github.com/YoshikuniJujo/test_haskell
    name: freer-monad
    pantry-tree:
      sha256: a09d7eee97fbda49f7b80c53f9069f4711b675b800cbf93e6ade6ef7008d1869
      size: 641
    subdir: themes/freer-effects/yafe/freer-monad
    version: 0.1.0.0
  original:
    commit: 2f75e5306de0c12395262439bad332b6315f91de
    git: https://github.com/YoshikuniJujo/test_haskell
    subdir: themes/freer-effects/yafe/freer-monad
- completed:
    commit: 2f75e5306de0c12395262439bad332b6315f91de
    git: https://github.com/YoshikuniJujo/test_haskell
    name: try-control-open-union
    pantry-tree:
      sha256: f41519c9ce86bc20626bf595cf2ad14b47c0d0aa1c266016183d73fcb649e820
      size: 590
    subdir: themes/freer-effects/yafe/try-control-open-union
    version: 0.1.0.0
  original:
    commit: 2f75e5306de0c12395262439bad332b6315f91de
    git: https://github.com/YoshikuniJujo/test_haskell
    subdir: themes/freer-effects/yafe/try-control-open-union
- completed:
    commit: 2f75e5306de0c12395262439bad332b6315f91de
    git: https://github.com/YoshikuniJujo/test_haskell
    name: try-control-non-detable
    pantry-tree:
      sha256: 61c4a2146282c7a4a6a09ae99cfdc52bbc8df2cc35cc3e9977bf379c4a878d03
      size: 590
    subdir: themes/freer-effects/yafe/try-control-non-detable
    version: 0.1.0.0
  original:
    commit: 2f75e5306de0c12395262439bad332b6315f91de
    git: https://github.com/YoshikuniJujo/test_haskell
    subdir: themes/freer-effects/yafe/try-control-non-detable
snapshots:
- completed:
    sha256: 47a4c110af9a5c55e3135bbf7cec3a6e5451ba3bfa50a06f0443012a2642fbc0
    size: 674536
    url: https://raw.githubusercontent.com/commercialhaskell/stackage-snapshots/master/nightly/2025/4/3.yaml
  original: nightly-2025-04-03
