# This file was autogenerated by Stack.
# You should not edit this file by hand.
# For more information, please see the documentation at:
#   https://docs.haskellstack.org/en/stable/topics/lock_files

packages:
- completed:
    commit: b0be6f272f3c76e161c44855c2c23ff98dd5208c
    git: https://github.com/YoshikuniJujo/moffy-samples-events
    name: moffy-samples-events
    pantry-tree:
      sha256: 9b6897a4fba1b24415ebf14014058d3b2e600c4eb7305bc6409d55c7d135b13e
      size: 2113
    version: 0.1.0.0
  original:
    commit: b0be6f272f3c76e161c44855c2c23ff98dd5208c
    git: https://github.com/YoshikuniJujo/moffy-samples-events
snapshots:
- completed:
    sha256: 41cc354b2fc81c6b039b4e581ff9dbae07fda94b0361ca08f3df5637da799856
    size: 721525
    url: https://raw.githubusercontent.com/commercialhaskell/stackage-snapshots/master/nightly/2026/2/10.yaml
  original: nightly-2026-02-10
