# This file was autogenerated by Stack.
# You should not edit this file by hand.
# For more information, please see the documentation at:
#   https://docs.haskellstack.org/en/stable/topics/lock_files

packages:
- completed:
    hackage: tools-yj-0.1.0.45@sha256:e342ee6fde63d5a3dc05405c7cca61e36eea2315cba1706cbd2bc8c65995db88,2545
    pantry-tree:
      sha256: 2ab6e9e8288431766b0b2bddddbda28290dbb94535fe135e0cb3b72cde74945f
      size: 1835
  original:
    hackage: tools-yj-0.1.0.45
snapshots:
- completed:
    sha256: c64763db58797cc3fd81d27870b4b44a6dccbd9d625e600d6cccaf55040ca7ca
    size: 687542
    url: https://raw.githubusercontent.com/commercialhaskell/stackage-snapshots/master/nightly/2025/8/18.yaml
  original: nightly-2025-08-18
