# This file was autogenerated by Stack.
# You should not edit this file by hand.
# For more information, please see the documentation at:
#   https://docs.haskellstack.org/en/stable/topics/lock_files

packages:
- completed:
    commit: c0a376b93805649d6a507b5572e889b549ebf0b1
    git: https://github.com/YoshikuniJujo/test_haskell
    name: try-yaftee
    pantry-tree:
      sha256: ac19af5db6697aa153b0fd73ca448f1d9dd76b83bbd690b89e949f8a0e01885a
      size: 585
    subdir: themes/freer-effects/yaftee/try-yaftee
    version: 0.1.0.0
  original:
    commit: c0a376b93805649d6a507b5572e889b549ebf0b1
    git: https://github.com/YoshikuniJujo/test_haskell
    subdir: themes/freer-effects/yaftee/try-yaftee
- completed:
    commit: c0a376b93805649d6a507b5572e889b549ebf0b1
    git: https://github.com/YoshikuniJujo/test_haskell
    name: try-yaftee-conduit
    pantry-tree:
      sha256: bc3c77a32d98b0d326547359ffd2a5ae031da27579a1eae19d848486a706fa92
      size: 827
    subdir: themes/freer-effects/yaftee/try-yaftee-conduit
    version: 0.1.0.0
  original:
    commit: c0a376b93805649d6a507b5572e889b549ebf0b1
    git: https://github.com/YoshikuniJujo/test_haskell
    subdir: themes/freer-effects/yaftee/try-yaftee-conduit
- completed:
    commit: c0a376b93805649d6a507b5572e889b549ebf0b1
    git: https://github.com/YoshikuniJujo/test_haskell
    name: try-yaftee-conduit-bytestring
    pantry-tree:
      sha256: 857962752b9f180c3133779e270f549059c7e426aafd1a228c5c328d67a588ca
      size: 1154
    subdir: themes/freer-effects/yaftee/try-yaftee-conduit-bytestring
    version: 0.1.0.5
  original:
    commit: c0a376b93805649d6a507b5572e889b549ebf0b1
    git: https://github.com/YoshikuniJujo/test_haskell
    subdir: themes/freer-effects/yaftee/try-yaftee-conduit-bytestring
- completed:
    commit: c0a376b93805649d6a507b5572e889b549ebf0b1
    git: https://github.com/YoshikuniJujo/test_haskell
    name: try-yaftee-basic-monads
    pantry-tree:
      sha256: 60e19507de725da4ff74544ca895e1a4e6e9dd179135b8f7580fd871ab81a8bb
      size: 1308
    subdir: themes/freer-effects/yaftee/try-yaftee-basic-monads
    version: 0.1.0.6
  original:
    commit: c0a376b93805649d6a507b5572e889b549ebf0b1
    git: https://github.com/YoshikuniJujo/test_haskell
    subdir: themes/freer-effects/yaftee/try-yaftee-basic-monads
- completed:
    commit: c0a376b93805649d6a507b5572e889b549ebf0b1
    git: https://github.com/YoshikuniJujo/test_haskell
    name: try-higher-order-freer-monad
    pantry-tree:
      sha256: 57871a225a3d7983b643f131211a7ac9fe18fe990052ad91a8605721460010b3
      size: 604
    subdir: themes/freer-effects/yaftee/try-higher-order-freer-monad
    version: 0.1.0.0
  original:
    commit: c0a376b93805649d6a507b5572e889b549ebf0b1
    git: https://github.com/YoshikuniJujo/test_haskell
    subdir: themes/freer-effects/yaftee/try-higher-order-freer-monad
- completed:
    commit: c0a376b93805649d6a507b5572e889b549ebf0b1
    git: https://github.com/YoshikuniJujo/test_haskell
    name: try-higher-order-open-union
    pantry-tree:
      sha256: 50877f0b4356df5a6e8ceb94e74450892b754d12e80b7f190721bce170410b56
      size: 777
    subdir: themes/freer-effects/yaftee/try-higher-order-open-union
    version: 0.1.0.0
  original:
    commit: c0a376b93805649d6a507b5572e889b549ebf0b1
    git: https://github.com/YoshikuniJujo/test_haskell
    subdir: themes/freer-effects/yaftee/try-higher-order-open-union
- completed:
    commit: c0a376b93805649d6a507b5572e889b549ebf0b1
    git: https://github.com/YoshikuniJujo/test_haskell
    name: try-bitarray-bs
    pantry-tree:
      sha256: be6284eeedbd5121a39120a9df9d4911d67bc2f70559d555863cc57ed7c7ada4
      size: 733
    subdir: themes/freer-effects/yaftee/try-bitarray-bs
    version: 0.1.0.1
  original:
    commit: c0a376b93805649d6a507b5572e889b549ebf0b1
    git: https://github.com/YoshikuniJujo/test_haskell
    subdir: themes/freer-effects/yaftee/try-bitarray-bs
- completed:
    commit: c0a376b93805649d6a507b5572e889b549ebf0b1
    git: https://github.com/YoshikuniJujo/test_haskell
    name: try-gzip-yaftee
    pantry-tree:
      sha256: 532b37e27e5de04c094e53ac0409bf18b406d3e680f3eae8b8a2405ffa60b8fd
      size: 2982
    subdir: themes/freer-effects/yaftee/try_using/try-gzip-yaftee
    version: 0.1.0.0
  original:
    commit: c0a376b93805649d6a507b5572e889b549ebf0b1
    git: https://github.com/YoshikuniJujo/test_haskell
    subdir: themes/freer-effects/yaftee/try_using/try-gzip-yaftee
- completed:
    commit: c0a376b93805649d6a507b5572e889b549ebf0b1
    git: https://github.com/YoshikuniJujo/test_haskell
    name: try-yaftee-cairo-image
    pantry-tree:
      sha256: a5005783707bac87aa0f3b37a256a46ac6b8ca79e1db8f335254d3933f0de0be
      size: 709
    subdir: themes/freer-effects/yaftee/try_using/try-yaftee-cairo-image
    version: 0.1.0.0
  original:
    commit: c0a376b93805649d6a507b5572e889b549ebf0b1
    git: https://github.com/YoshikuniJujo/test_haskell
    subdir: themes/freer-effects/yaftee/try_using/try-yaftee-cairo-image
- completed:
    commit: c0a376b93805649d6a507b5572e889b549ebf0b1
    git: https://github.com/YoshikuniJujo/test_haskell
    name: try-ftcqueue
    pantry-tree:
      sha256: 0635e23bae045124f4ca48666e6e7679cd025c5d9a0d6a5ee96aeba5bb16f4cb
      size: 574
    subdir: themes/freer-effects/common/try-ftcqueue
    version: 0.1.0.0
  original:
    commit: c0a376b93805649d6a507b5572e889b549ebf0b1
    git: https://github.com/YoshikuniJujo/test_haskell
    subdir: themes/freer-effects/common/try-ftcqueue
- completed:
    commit: c0a376b93805649d6a507b5572e889b549ebf0b1
    git: https://github.com/YoshikuniJujo/test_haskell
    name: try-freer-base-classes
    pantry-tree:
      sha256: 837f6c1b1e56efa3935894e0c147dc0648f32ceb7df4542fd0b0d59872288f08
      size: 675
    subdir: themes/freer-effects/common/try-freer-base-classes
    version: 0.1.0.0
  original:
    commit: c0a376b93805649d6a507b5572e889b549ebf0b1
    git: https://github.com/YoshikuniJujo/test_haskell
    subdir: themes/freer-effects/common/try-freer-base-classes
- completed:
    hackage: tools-yj-0.1.0.30@sha256:292479247ea1b1295654f7afc36b80970b44851518510bb5990f4671a9d39db9,2343
    pantry-tree:
      sha256: 7bdb385b26ce75be288842f783a2eda92059e0a87d61129fd6d0ab86c7114933
      size: 1377
  original:
    hackage: tools-yj-0.1.0.30
snapshots:
- completed:
    sha256: 458d8bcc3436f368bcbafe7dc239b54576fdad0501a118f3930b131e1506d5c4
    size: 712235
    url: https://raw.githubusercontent.com/commercialhaskell/stackage-snapshots/master/nightly/2025/5/24.yaml
  original: nightly-2025-05-24
