# This file was autogenerated by Stack.
# You should not edit this file by hand.
# For more information, please see the documentation at:
#   https://docs.haskellstack.org/en/stable/lock_files

packages: []
snapshots:
- completed:
    sha256: 77d87bfafc69c55ea4b20e1017ef63add05cd0fbd6c1465a0d5a94fa4d6f7ae0
    size: 639351
    url: https://raw.githubusercontent.com/commercialhaskell/stackage-snapshots/master/nightly/2023/6/18.yaml
  original: nightly-2023-06-18
