# This file was autogenerated by Stack.
# You should not edit this file by hand.
# For more information, please see the documentation at:
#   https://docs.haskellstack.org/en/stable/topics/lock_files

packages:
- completed:
    commit: 87a62f29f603ba44af3522702251edd7ac2bc6f6
    git: https://github.com/YoshikuniJujo/test_haskell
    name: try-ftcqueue
    pantry-tree:
      sha256: c99bac9ec56ff594e5fbebbbd7e6b59900975be45b6de16079d8866140e1d063
      size: 574
    subdir: themes/freer-effects/common/try-ftcqueue
    version: 0.1.0.1
  original:
    commit: 87a62f29f603ba44af3522702251edd7ac2bc6f6
    git: https://github.com/YoshikuniJujo/test_haskell
    subdir: themes/freer-effects/common/try-ftcqueue
snapshots:
- completed:
    sha256: 4cb7085bcc4e7d0b58a523df16a25201800a076f643445ec4f8bb78a94be652f
    size: 726109
    url: https://raw.githubusercontent.com/commercialhaskell/stackage-snapshots/master/lts/24/18.yaml
  original:
    url: https://raw.githubusercontent.com/commercialhaskell/stackage-snapshots/master/lts/24/18.yaml
